PODS:
  - OHHTTPStubs (8.0.0):
    - OHHTTPStubs/Default (= 8.0.0)
  - OHHTTPStubs/Core (8.0.0)
  - OHHTTPStubs/Default (8.0.0):
    - OHHTTPStubs/Core
    - OHHTTPStubs/JSON
    - OHHTTPStubs/NSURLSession
    - OHHTTPStubs/OHPathHelpers
  - OHHTTPStubs/JSON (8.0.0):
    - OHHTTPStubs/Core
  - OHHTTPStubs/NSURLSession (8.0.0):
    - OHHTTPStubs/Core
  - OHHTTPStubs/OHPathHelpers (8.0.0)

DEPENDENCIES:
  - OHHTTPStubs

SPEC REPOS:
  trunk:
    - OHHTTPStubs

SPEC CHECKSUMS:
  OHHTTPStubs: 9cbce6364bec557cc3439aa6bb7514670d780881

PODFILE CHECKSUM: 6b3f4eff161393bdc4640bb5071973133254fe8d

COCOAPODS: 1.8.3
