// !$*UTF8*$!
{
	archiveVersion = 1;
	classes = {
	};
	objectVersion = 52;
	objects = {

/* Begin PBXBuildFile section */
		17BFA6AE285720EA00B31E9A /* FTMobileAgent.xcframework in Frameworks */ = {isa = PBXBuildFile; fileRef = 17BFA6AD285720EA00B31E9A /* FTMobileAgent.xcframework */; };
		7C02F4EE2689ACE700A0FE90 /* AppDelegate.m in Sources */ = {isa = PBXBuildFile; fileRef = 7C02F4ED2689ACE700A0FE90 /* AppDelegate.m */; };
		7C02F4F12689ACE700A0FE90 /* SceneDelegate.m in Sources */ = {isa = PBXBuildFile; fileRef = 7C02F4F02689ACE700A0FE90 /* SceneDelegate.m */; };
		7C02F4F42689ACE700A0FE90 /* ViewController.m in Sources */ = {isa = PBXBuildFile; fileRef = 7C02F4F32689ACE700A0FE90 /* ViewController.m */; };
		7C02F4F72689ACE700A0FE90 /* Main.storyboard in Resources */ = {isa = PBXBuildFile; fileRef = 7C02F4F52689ACE700A0FE90 /* Main.storyboard */; };
		7C02F4F92689ACEA00A0FE90 /* Assets.xcassets in Resources */ = {isa = PBXBuildFile; fileRef = 7C02F4F82689ACEA00A0FE90 /* Assets.xcassets */; };
		7C02F4FC2689ACEA00A0FE90 /* LaunchScreen.storyboard in Resources */ = {isa = PBXBuildFile; fileRef = 7C02F4FA2689ACEA00A0FE90 /* LaunchScreen.storyboard */; };
		7C02F4FF2689ACEA00A0FE90 /* main.m in Sources */ = {isa = PBXBuildFile; fileRef = 7C02F4FE2689ACEA00A0FE90 /* main.m */; };
		7C02F50A2689AD5000A0FE90 /* PrintHookTest.swift in Sources */ = {isa = PBXBuildFile; fileRef = 7C02F5092689AD5000A0FE90 /* PrintHookTest.swift */; };
		7C02F5102689ADFE00A0FE90 /* Crasher.mm in Sources */ = {isa = PBXBuildFile; fileRef = 7C02F50C2689ADFE00A0FE90 /* Crasher.mm */; };
		7C02F5112689ADFE00A0FE90 /* CrashVC.m in Sources */ = {isa = PBXBuildFile; fileRef = 7C02F50D2689ADFE00A0FE90 /* CrashVC.m */; };
		7C02F5152689AE1300A0FE90 /* DemoViewController.mm in Sources */ = {isa = PBXBuildFile; fileRef = 7C02F5142689AE1200A0FE90 /* DemoViewController.mm */; };
		7C02F5192689AE2000A0FE90 /* RootTabbarVC.m in Sources */ = {isa = PBXBuildFile; fileRef = 7C02F5172689AE2000A0FE90 /* RootTabbarVC.m */; };
		7C02F5272689AE3000A0FE90 /* TestJsbridgeData.m in Sources */ = {isa = PBXBuildFile; fileRef = 7C02F51C2689AE2F00A0FE90 /* TestJsbridgeData.m */; };
		7C02F5282689AE3000A0FE90 /* TestANRVC.m in Sources */ = {isa = PBXBuildFile; fileRef = 7C02F51D2689AE2F00A0FE90 /* TestANRVC.m */; };
		7C02F5292689AE3000A0FE90 /* UITestVC.m in Sources */ = {isa = PBXBuildFile; fileRef = 7C02F51E2689AE2F00A0FE90 /* UITestVC.m */; };
		7C02F52A2689AE3000A0FE90 /* TestWKWebViewVC.m in Sources */ = {isa = PBXBuildFile; fileRef = 7C02F51F2689AE2F00A0FE90 /* TestWKWebViewVC.m */; };
		7C02F52B2689AE3000A0FE90 /* TableViewCellItem.m in Sources */ = {isa = PBXBuildFile; fileRef = 7C02F5222689AE2F00A0FE90 /* TableViewCellItem.m */; };
		7C02F52C2689AE3000A0FE90 /* SecondViewController.m in Sources */ = {isa = PBXBuildFile; fileRef = 7C02F5262689AE3000A0FE90 /* SecondViewController.m */; };
		7C6400B9275DF57200B2708B /* ManualRumAndTraceDataAdd.m in Sources */ = {isa = PBXBuildFile; fileRef = 7C6400B8275DF57200B2708B /* ManualRumAndTraceDataAdd.m */; };
		7CCD69882711964600E57A6F /* SecondViewController.m in Sources */ = {isa = PBXBuildFile; fileRef = 7C02F5262689AE3000A0FE90 /* SecondViewController.m */; };
		7CCD69892711964600E57A6F /* TestWKWebViewVC.m in Sources */ = {isa = PBXBuildFile; fileRef = 7C02F51F2689AE2F00A0FE90 /* TestWKWebViewVC.m */; };
		7CCD698A2711964600E57A6F /* ViewController.m in Sources */ = {isa = PBXBuildFile; fileRef = 7C02F4F32689ACE700A0FE90 /* ViewController.m */; };
		7CCD698B2711964600E57A6F /* DemoViewController.mm in Sources */ = {isa = PBXBuildFile; fileRef = 7C02F5142689AE1200A0FE90 /* DemoViewController.mm */; };
		7CCD698C2711964600E57A6F /* AppDelegate.m in Sources */ = {isa = PBXBuildFile; fileRef = 7C02F4ED2689ACE700A0FE90 /* AppDelegate.m */; };
		7CCD698D2711964600E57A6F /* Crasher.mm in Sources */ = {isa = PBXBuildFile; fileRef = 7C02F50C2689ADFE00A0FE90 /* Crasher.mm */; };
		7CCD698E2711964600E57A6F /* UITestVC.m in Sources */ = {isa = PBXBuildFile; fileRef = 7C02F51E2689AE2F00A0FE90 /* UITestVC.m */; };
		7CCD698F2711964600E57A6F /* TableViewCellItem.m in Sources */ = {isa = PBXBuildFile; fileRef = 7C02F5222689AE2F00A0FE90 /* TableViewCellItem.m */; };
		7CCD69902711964600E57A6F /* main.m in Sources */ = {isa = PBXBuildFile; fileRef = 7C02F4FE2689ACEA00A0FE90 /* main.m */; };
		7CCD69912711964600E57A6F /* TestJsbridgeData.m in Sources */ = {isa = PBXBuildFile; fileRef = 7C02F51C2689AE2F00A0FE90 /* TestJsbridgeData.m */; };
		7CCD69922711964600E57A6F /* CrashVC.m in Sources */ = {isa = PBXBuildFile; fileRef = 7C02F50D2689ADFE00A0FE90 /* CrashVC.m */; };
		7CCD69932711964600E57A6F /* TestANRVC.m in Sources */ = {isa = PBXBuildFile; fileRef = 7C02F51D2689AE2F00A0FE90 /* TestANRVC.m */; };
		7CCD69942711964600E57A6F /* RootTabbarVC.m in Sources */ = {isa = PBXBuildFile; fileRef = 7C02F5172689AE2000A0FE90 /* RootTabbarVC.m */; };
		7CCD69952711964600E57A6F /* PrintHookTest.swift in Sources */ = {isa = PBXBuildFile; fileRef = 7C02F5092689AD5000A0FE90 /* PrintHookTest.swift */; };
		7CCD69962711964600E57A6F /* SceneDelegate.m in Sources */ = {isa = PBXBuildFile; fileRef = 7C02F4F02689ACE700A0FE90 /* SceneDelegate.m */; };
		7CCD699A2711964600E57A6F /* LaunchScreen.storyboard in Resources */ = {isa = PBXBuildFile; fileRef = 7C02F4FA2689ACEA00A0FE90 /* LaunchScreen.storyboard */; };
		7CCD699B2711964600E57A6F /* Assets.xcassets in Resources */ = {isa = PBXBuildFile; fileRef = 7C02F4F82689ACEA00A0FE90 /* Assets.xcassets */; };
		7CCD699C2711964600E57A6F /* Main.storyboard in Resources */ = {isa = PBXBuildFile; fileRef = 7C02F4F52689ACE700A0FE90 /* Main.storyboard */; };
/* End PBXBuildFile section */

/* Begin PBXFileReference section */
		17BFA6AD285720EA00B31E9A /* FTMobileAgent.xcframework */ = {isa = PBXFileReference; lastKnownFileType = wrapper.xcframework; name = FTMobileAgent.xcframework; path = Carthage/Build/FTMobileAgent.xcframework; sourceTree = "<group>"; };
		7C02F4E92689ACE700A0FE90 /* dataflux-sdk-ios-demo.app */ = {isa = PBXFileReference; explicitFileType = wrapper.application; includeInIndex = 0; path = "dataflux-sdk-ios-demo.app"; sourceTree = BUILT_PRODUCTS_DIR; };
		7C02F4EC2689ACE700A0FE90 /* AppDelegate.h */ = {isa = PBXFileReference; lastKnownFileType = sourcecode.c.h; path = AppDelegate.h; sourceTree = "<group>"; };
		7C02F4ED2689ACE700A0FE90 /* AppDelegate.m */ = {isa = PBXFileReference; lastKnownFileType = sourcecode.c.objc; path = AppDelegate.m; sourceTree = "<group>"; };
		7C02F4EF2689ACE700A0FE90 /* SceneDelegate.h */ = {isa = PBXFileReference; lastKnownFileType = sourcecode.c.h; path = SceneDelegate.h; sourceTree = "<group>"; };
		7C02F4F02689ACE700A0FE90 /* SceneDelegate.m */ = {isa = PBXFileReference; lastKnownFileType = sourcecode.c.objc; path = SceneDelegate.m; sourceTree = "<group>"; };
		7C02F4F22689ACE700A0FE90 /* ViewController.h */ = {isa = PBXFileReference; lastKnownFileType = sourcecode.c.h; path = ViewController.h; sourceTree = "<group>"; };
		7C02F4F32689ACE700A0FE90 /* ViewController.m */ = {isa = PBXFileReference; lastKnownFileType = sourcecode.c.objc; path = ViewController.m; sourceTree = "<group>"; };
		7C02F4F62689ACE700A0FE90 /* Base */ = {isa = PBXFileReference; lastKnownFileType = file.storyboard; name = Base; path = Base.lproj/Main.storyboard; sourceTree = "<group>"; };
		7C02F4F82689ACEA00A0FE90 /* Assets.xcassets */ = {isa = PBXFileReference; lastKnownFileType = folder.assetcatalog; path = Assets.xcassets; sourceTree = "<group>"; };
		7C02F4FB2689ACEA00A0FE90 /* Base */ = {isa = PBXFileReference; lastKnownFileType = file.storyboard; name = Base; path = Base.lproj/LaunchScreen.storyboard; sourceTree = "<group>"; };
		7C02F4FD2689ACEA00A0FE90 /* Info.plist */ = {isa = PBXFileReference; lastKnownFileType = text.plist.xml; path = Info.plist; sourceTree = "<group>"; };
		7C02F4FE2689ACEA00A0FE90 /* main.m */ = {isa = PBXFileReference; lastKnownFileType = sourcecode.c.objc; path = main.m; sourceTree = "<group>"; };
		7C02F5082689AD5000A0FE90 /* dataflux-sdk-ios-demo-Bridging-Header.h */ = {isa = PBXFileReference; lastKnownFileType = sourcecode.c.h; path = "dataflux-sdk-ios-demo-Bridging-Header.h"; sourceTree = "<group>"; };
		7C02F5092689AD5000A0FE90 /* PrintHookTest.swift */ = {isa = PBXFileReference; lastKnownFileType = sourcecode.swift; path = PrintHookTest.swift; sourceTree = "<group>"; };
		7C02F50C2689ADFE00A0FE90 /* Crasher.mm */ = {isa = PBXFileReference; fileEncoding = 4; lastKnownFileType = sourcecode.cpp.objcpp; path = Crasher.mm; sourceTree = "<group>"; };
		7C02F50D2689ADFE00A0FE90 /* CrashVC.m */ = {isa = PBXFileReference; fileEncoding = 4; lastKnownFileType = sourcecode.c.objc; path = CrashVC.m; sourceTree = "<group>"; };
		7C02F50E2689ADFE00A0FE90 /* CrashVC.h */ = {isa = PBXFileReference; fileEncoding = 4; lastKnownFileType = sourcecode.c.h; path = CrashVC.h; sourceTree = "<group>"; };
		7C02F50F2689ADFE00A0FE90 /* Crasher.h */ = {isa = PBXFileReference; fileEncoding = 4; lastKnownFileType = sourcecode.c.h; path = Crasher.h; sourceTree = "<group>"; };
		7C02F5132689AE1200A0FE90 /* DemoViewController.h */ = {isa = PBXFileReference; fileEncoding = 4; lastKnownFileType = sourcecode.c.h; path = DemoViewController.h; sourceTree = "<group>"; };
		7C02F5142689AE1200A0FE90 /* DemoViewController.mm */ = {isa = PBXFileReference; fileEncoding = 4; lastKnownFileType = sourcecode.cpp.objcpp; path = DemoViewController.mm; sourceTree = "<group>"; };
		7C02F5172689AE2000A0FE90 /* RootTabbarVC.m */ = {isa = PBXFileReference; fileEncoding = 4; lastKnownFileType = sourcecode.c.objc; path = RootTabbarVC.m; sourceTree = "<group>"; };
		7C02F5182689AE2000A0FE90 /* RootTabbarVC.h */ = {isa = PBXFileReference; fileEncoding = 4; lastKnownFileType = sourcecode.c.h; path = RootTabbarVC.h; sourceTree = "<group>"; };
		7C02F51B2689AE2F00A0FE90 /* SecondViewController.h */ = {isa = PBXFileReference; fileEncoding = 4; lastKnownFileType = sourcecode.c.h; path = SecondViewController.h; sourceTree = "<group>"; };
		7C02F51C2689AE2F00A0FE90 /* TestJsbridgeData.m */ = {isa = PBXFileReference; fileEncoding = 4; lastKnownFileType = sourcecode.c.objc; path = TestJsbridgeData.m; sourceTree = "<group>"; };
		7C02F51D2689AE2F00A0FE90 /* TestANRVC.m */ = {isa = PBXFileReference; fileEncoding = 4; lastKnownFileType = sourcecode.c.objc; path = TestANRVC.m; sourceTree = "<group>"; };
		7C02F51E2689AE2F00A0FE90 /* UITestVC.m */ = {isa = PBXFileReference; fileEncoding = 4; lastKnownFileType = sourcecode.c.objc; path = UITestVC.m; sourceTree = "<group>"; };
		7C02F51F2689AE2F00A0FE90 /* TestWKWebViewVC.m */ = {isa = PBXFileReference; fileEncoding = 4; lastKnownFileType = sourcecode.c.objc; path = TestWKWebViewVC.m; sourceTree = "<group>"; };
		7C02F5202689AE2F00A0FE90 /* TestWKWebViewVC.h */ = {isa = PBXFileReference; fileEncoding = 4; lastKnownFileType = sourcecode.c.h; path = TestWKWebViewVC.h; sourceTree = "<group>"; };
		7C02F5212689AE2F00A0FE90 /* TestJsbridgeData.h */ = {isa = PBXFileReference; fileEncoding = 4; lastKnownFileType = sourcecode.c.h; path = TestJsbridgeData.h; sourceTree = "<group>"; };
		7C02F5222689AE2F00A0FE90 /* TableViewCellItem.m */ = {isa = PBXFileReference; fileEncoding = 4; lastKnownFileType = sourcecode.c.objc; path = TableViewCellItem.m; sourceTree = "<group>"; };
		7C02F5232689AE2F00A0FE90 /* TableViewCellItem.h */ = {isa = PBXFileReference; fileEncoding = 4; lastKnownFileType = sourcecode.c.h; path = TableViewCellItem.h; sourceTree = "<group>"; };
		7C02F5242689AE2F00A0FE90 /* TestANRVC.h */ = {isa = PBXFileReference; fileEncoding = 4; lastKnownFileType = sourcecode.c.h; path = TestANRVC.h; sourceTree = "<group>"; };
		7C02F5252689AE2F00A0FE90 /* UITestVC.h */ = {isa = PBXFileReference; fileEncoding = 4; lastKnownFileType = sourcecode.c.h; path = UITestVC.h; sourceTree = "<group>"; };
		7C02F5262689AE3000A0FE90 /* SecondViewController.m */ = {isa = PBXFileReference; fileEncoding = 4; lastKnownFileType = sourcecode.c.objc; path = SecondViewController.m; sourceTree = "<group>"; };
		7C6400B7275DF57200B2708B /* ManualRumAndTraceDataAdd.h */ = {isa = PBXFileReference; fileEncoding = 4; lastKnownFileType = sourcecode.c.h; path = ManualRumAndTraceDataAdd.h; sourceTree = "<group>"; };
		7C6400B8275DF57200B2708B /* ManualRumAndTraceDataAdd.m */ = {isa = PBXFileReference; fileEncoding = 4; lastKnownFileType = sourcecode.c.objc; path = ManualRumAndTraceDataAdd.m; sourceTree = "<group>"; };
		7CCD69A12711964600E57A6F /* dataflux-sdk-ios-demoPreMade.app */ = {isa = PBXFileReference; explicitFileType = wrapper.application; includeInIndex = 0; path = "dataflux-sdk-ios-demoPreMade.app"; sourceTree = BUILT_PRODUCTS_DIR; };
/* End PBXFileReference section */

/* Begin PBXFrameworksBuildPhase section */
		7C02F4E62689ACE700A0FE90 /* Frameworks */ = {
			isa = PBXFrameworksBuildPhase;
			buildActionMask = 2147483647;
			files = (
				17BFA6AE285720EA00B31E9A /* FTMobileAgent.xcframework in Frameworks */,
			);
			runOnlyForDeploymentPostprocessing = 0;
		};
		7CCD69972711964600E57A6F /* Frameworks */ = {
			isa = PBXFrameworksBuildPhase;
			buildActionMask = 2147483647;
			files = (
			);
			runOnlyForDeploymentPostprocessing = 0;
		};
/* End PBXFrameworksBuildPhase section */

/* Begin PBXGroup section */
		37FEFF8AF1D28719DD32BF07 /* Frameworks */ = {
			isa = PBXGroup;
			children = (
			);
			name = Frameworks;
			sourceTree = "<group>";
		};
		7C02F4E02689ACE700A0FE90 = {
			isa = PBXGroup;
			children = (
				17BFA6AD285720EA00B31E9A /* FTMobileAgent.xcframework */,
				7C02F4EB2689ACE700A0FE90 /* dataflux-sdk-ios-demo */,
				7C02F4EA2689ACE700A0FE90 /* Products */,
				37FEFF8AF1D28719DD32BF07 /* Frameworks */,
			);
			sourceTree = "<group>";
		};
		7C02F4EA2689ACE700A0FE90 /* Products */ = {
			isa = PBXGroup;
			children = (
				7C02F4E92689ACE700A0FE90 /* dataflux-sdk-ios-demo.app */,
				7CCD69A12711964600E57A6F /* dataflux-sdk-ios-demoPreMade.app */,
			);
			name = Products;
			sourceTree = "<group>";
		};
		7C02F4EB2689ACE700A0FE90 /* dataflux-sdk-ios-demo */ = {
			isa = PBXGroup;
			children = (
				7C02F4EC2689ACE700A0FE90 /* AppDelegate.h */,
				7C02F4ED2689ACE700A0FE90 /* AppDelegate.m */,
				7C02F4EF2689ACE700A0FE90 /* SceneDelegate.h */,
				7C02F4F02689ACE700A0FE90 /* SceneDelegate.m */,
				7C02F4F22689ACE700A0FE90 /* ViewController.h */,
				7C02F4F32689ACE700A0FE90 /* ViewController.m */,
				7C02F5182689AE2000A0FE90 /* RootTabbarVC.h */,
				7C02F5172689AE2000A0FE90 /* RootTabbarVC.m */,
				7C02F50F2689ADFE00A0FE90 /* Crasher.h */,
				7C02F50C2689ADFE00A0FE90 /* Crasher.mm */,
				7C02F50E2689ADFE00A0FE90 /* CrashVC.h */,
				7C02F50D2689ADFE00A0FE90 /* CrashVC.m */,
				7C02F5132689AE1200A0FE90 /* DemoViewController.h */,
				7C02F5142689AE1200A0FE90 /* DemoViewController.mm */,
				7C02F51B2689AE2F00A0FE90 /* SecondViewController.h */,
				7C02F5262689AE3000A0FE90 /* SecondViewController.m */,
				7C6400B7275DF57200B2708B /* ManualRumAndTraceDataAdd.h */,
				7C6400B8275DF57200B2708B /* ManualRumAndTraceDataAdd.m */,
				7C02F5232689AE2F00A0FE90 /* TableViewCellItem.h */,
				7C02F5222689AE2F00A0FE90 /* TableViewCellItem.m */,
				7C02F5242689AE2F00A0FE90 /* TestANRVC.h */,
				7C02F51D2689AE2F00A0FE90 /* TestANRVC.m */,
				7C02F5212689AE2F00A0FE90 /* TestJsbridgeData.h */,
				7C02F51C2689AE2F00A0FE90 /* TestJsbridgeData.m */,
				7C02F5202689AE2F00A0FE90 /* TestWKWebViewVC.h */,
				7C02F51F2689AE2F00A0FE90 /* TestWKWebViewVC.m */,
				7C02F5252689AE2F00A0FE90 /* UITestVC.h */,
				7C02F51E2689AE2F00A0FE90 /* UITestVC.m */,
				7C02F4F52689ACE700A0FE90 /* Main.storyboard */,
				7C02F4F82689ACEA00A0FE90 /* Assets.xcassets */,
				7C02F4FA2689ACEA00A0FE90 /* LaunchScreen.storyboard */,
				7C02F4FD2689ACEA00A0FE90 /* Info.plist */,
				7C02F4FE2689ACEA00A0FE90 /* main.m */,
				7C02F5092689AD5000A0FE90 /* PrintHookTest.swift */,
				7C02F5082689AD5000A0FE90 /* dataflux-sdk-ios-demo-Bridging-Header.h */,
			);
			path = "dataflux-sdk-ios-demo";
			sourceTree = "<group>";
		};
/* End PBXGroup section */

/* Begin PBXNativeTarget section */
		7C02F4E82689ACE700A0FE90 /* dataflux-sdk-ios-demo */ = {
			isa = PBXNativeTarget;
			buildConfigurationList = 7C02F5022689ACEA00A0FE90 /* Build configuration list for PBXNativeTarget "dataflux-sdk-ios-demo" */;
			buildPhases = (
				7C02F4E52689ACE700A0FE90 /* Sources */,
				7C02F4E62689ACE700A0FE90 /* Frameworks */,
				7C02F4E72689ACE700A0FE90 /* Resources */,
			);
			buildRules = (
			);
			dependencies = (
			);
			name = "dataflux-sdk-ios-demo";
			productName = "dataflux-sdk-ios-demo";
			productReference = 7C02F4E92689ACE700A0FE90 /* dataflux-sdk-ios-demo.app */;
			productType = "com.apple.product-type.application";
		};
		7CCD69852711964600E57A6F /* dataflux-sdk-ios-demoPreMade */ = {
			isa = PBXNativeTarget;
			buildConfigurationList = 7CCD699E2711964600E57A6F /* Build configuration list for PBXNativeTarget "dataflux-sdk-ios-demoPreMade" */;
			buildPhases = (
				9E7816F3E770A5933A900BC7 /* [CP] Check Pods Manifest.lock */,
				7CCD69872711964600E57A6F /* Sources */,
				7CCD69972711964600E57A6F /* Frameworks */,
				7CCD69992711964600E57A6F /* Resources */,
			);
			buildRules = (
			);
			dependencies = (
			);
			name = "dataflux-sdk-ios-demoPreMade";
			productName = "dataflux-sdk-ios-demo";
			productReference = 7CCD69A12711964600E57A6F /* dataflux-sdk-ios-demoPreMade.app */;
			productType = "com.apple.product-type.application";
		};
/* End PBXNativeTarget section */

/* Begin PBXProject section */
		7C02F4E12689ACE700A0FE90 /* Project object */ = {
			isa = PBXProject;
			attributes = {
				LastUpgradeCheck = 1240;
				TargetAttributes = {
					7C02F4E82689ACE700A0FE90 = {
						CreatedOnToolsVersion = 12.4;
						LastSwiftMigration = 1240;
					};
				};
			};
			buildConfigurationList = 7C02F4E42689ACE700A0FE90 /* Build configuration list for PBXProject "dataflux-sdk-ios-demo" */;
			compatibilityVersion = "Xcode 9.3";
			developmentRegion = en;
			hasScannedForEncodings = 0;
			knownRegions = (
				en,
				Base,
			);
			mainGroup = 7C02F4E02689ACE700A0FE90;
			productRefGroup = 7C02F4EA2689ACE700A0FE90 /* Products */;
			projectDirPath = "";
			projectRoot = "";
			targets = (
				7C02F4E82689ACE700A0FE90 /* dataflux-sdk-ios-demo */,
				7CCD69852711964600E57A6F /* dataflux-sdk-ios-demoPreMade */,
			);
		};
/* End PBXProject section */

/* Begin PBXResourcesBuildPhase section */
		7C02F4E72689ACE700A0FE90 /* Resources */ = {
			isa = PBXResourcesBuildPhase;
			buildActionMask = 2147483647;
			files = (
				7C02F4FC2689ACEA00A0FE90 /* LaunchScreen.storyboard in Resources */,
				7C02F4F92689ACEA00A0FE90 /* Assets.xcassets in Resources */,
				7C02F4F72689ACE700A0FE90 /* Main.storyboard in Resources */,
			);
			runOnlyForDeploymentPostprocessing = 0;
		};
		7CCD69992711964600E57A6F /* Resources */ = {
			isa = PBXResourcesBuildPhase;
			buildActionMask = 2147483647;
			files = (
				7CCD699A2711964600E57A6F /* LaunchScreen.storyboard in Resources */,
				7CCD699B2711964600E57A6F /* Assets.xcassets in Resources */,
				7CCD699C2711964600E57A6F /* Main.storyboard in Resources */,
			);
			runOnlyForDeploymentPostprocessing = 0;
		};
/* End PBXResourcesBuildPhase section */

/* Begin PBXShellScriptBuildPhase section */
		9E7816F3E770A5933A900BC7 /* [CP] Check Pods Manifest.lock */ = {
			isa = PBXShellScriptBuildPhase;
			buildActionMask = 2147483647;
			files = (
			);
			inputFileListPaths = (
			);
			inputPaths = (
				"${PODS_PODFILE_DIR_PATH}/Podfile.lock",
				"${PODS_ROOT}/Manifest.lock",
			);
			name = "[CP] Check Pods Manifest.lock";
			outputFileListPaths = (
			);
			outputPaths = (
				"$(DERIVED_FILE_DIR)/Pods-dataflux-sdk-ios-demoPreMade-checkManifestLockResult.txt",
			);
			runOnlyForDeploymentPostprocessing = 0;
			shellPath = /bin/sh;
			shellScript = "diff \"${PODS_PODFILE_DIR_PATH}/Podfile.lock\" \"${PODS_ROOT}/Manifest.lock\" > /dev/null\nif [ $? != 0 ] ; then\n    # print error to STDERR\n    echo \"error: The sandbox is not in sync with the Podfile.lock. Run 'pod install' or update your CocoaPods installation.\" >&2\n    exit 1\nfi\n# This output is used by Xcode 'outputs' to avoid re-running this script phase.\necho \"SUCCESS\" > \"${SCRIPT_OUTPUT_FILE_0}\"\n";
			showEnvVarsInLog = 0;
		};
/* End PBXShellScriptBuildPhase section */

/* Begin PBXSourcesBuildPhase section */
		7C02F4E52689ACE700A0FE90 /* Sources */ = {
			isa = PBXSourcesBuildPhase;
			buildActionMask = 2147483647;
			files = (
				7C02F52C2689AE3000A0FE90 /* SecondViewController.m in Sources */,
				7C02F52A2689AE3000A0FE90 /* TestWKWebViewVC.m in Sources */,
				7C02F4F42689ACE700A0FE90 /* ViewController.m in Sources */,
				7C02F5152689AE1300A0FE90 /* DemoViewController.mm in Sources */,
				7C02F4EE2689ACE700A0FE90 /* AppDelegate.m in Sources */,
				7C02F5102689ADFE00A0FE90 /* Crasher.mm in Sources */,
				7C02F5292689AE3000A0FE90 /* UITestVC.m in Sources */,
				7C02F52B2689AE3000A0FE90 /* TableViewCellItem.m in Sources */,
				7C02F4FF2689ACEA00A0FE90 /* main.m in Sources */,
				7C02F5272689AE3000A0FE90 /* TestJsbridgeData.m in Sources */,
				7C02F5112689ADFE00A0FE90 /* CrashVC.m in Sources */,
				7C02F5282689AE3000A0FE90 /* TestANRVC.m in Sources */,
				7C6400B9275DF57200B2708B /* ManualRumAndTraceDataAdd.m in Sources */,
				7C02F5192689AE2000A0FE90 /* RootTabbarVC.m in Sources */,
				7C02F50A2689AD5000A0FE90 /* PrintHookTest.swift in Sources */,
				7C02F4F12689ACE700A0FE90 /* SceneDelegate.m in Sources */,
			);
			runOnlyForDeploymentPostprocessing = 0;
		};
		7CCD69872711964600E57A6F /* Sources */ = {
			isa = PBXSourcesBuildPhase;
			buildActionMask = 2147483647;
			files = (
				7CCD69882711964600E57A6F /* SecondViewController.m in Sources */,
				7CCD69892711964600E57A6F /* TestWKWebViewVC.m in Sources */,
				7CCD698A2711964600E57A6F /* ViewController.m in Sources */,
				7CCD698B2711964600E57A6F /* DemoViewController.mm in Sources */,
				7CCD698C2711964600E57A6F /* AppDelegate.m in Sources */,
				7CCD698D2711964600E57A6F /* Crasher.mm in Sources */,
				7CCD698E2711964600E57A6F /* UITestVC.m in Sources */,
				7CCD698F2711964600E57A6F /* TableViewCellItem.m in Sources */,
				7CCD69902711964600E57A6F /* main.m in Sources */,
				7CCD69912711964600E57A6F /* TestJsbridgeData.m in Sources */,
				7CCD69922711964600E57A6F /* CrashVC.m in Sources */,
				7CCD69932711964600E57A6F /* TestANRVC.m in Sources */,
				7CCD69942711964600E57A6F /* RootTabbarVC.m in Sources */,
				7CCD69952711964600E57A6F /* PrintHookTest.swift in Sources */,
				7CCD69962711964600E57A6F /* SceneDelegate.m in Sources */,
			);
			runOnlyForDeploymentPostprocessing = 0;
		};
/* End PBXSourcesBuildPhase section */

/* Begin PBXVariantGroup section */
		7C02F4F52689ACE700A0FE90 /* Main.storyboard */ = {
			isa = PBXVariantGroup;
			children = (
				7C02F4F62689ACE700A0FE90 /* Base */,
			);
			name = Main.storyboard;
			sourceTree = "<group>";
		};
		7C02F4FA2689ACEA00A0FE90 /* LaunchScreen.storyboard */ = {
			isa = PBXVariantGroup;
			children = (
				7C02F4FB2689ACEA00A0FE90 /* Base */,
			);
			name = LaunchScreen.storyboard;
			sourceTree = "<group>";
		};
/* End PBXVariantGroup section */

/* Begin XCBuildConfiguration section */
		7C02F5002689ACEA00A0FE90 /* Debug */ = {
			isa = XCBuildConfiguration;
			buildSettings = {
				ALWAYS_SEARCH_USER_PATHS = NO;
				CLANG_ANALYZER_NONNULL = YES;
				CLANG_ANALYZER_NUMBER_OBJECT_CONVERSION = YES_AGGRESSIVE;
				CLANG_CXX_LANGUAGE_STANDARD = "gnu++14";
				CLANG_CXX_LIBRARY = "libc++";
				CLANG_ENABLE_MODULES = YES;
				CLANG_ENABLE_OBJC_ARC = YES;
				CLANG_ENABLE_OBJC_WEAK = YES;
				CLANG_WARN_BLOCK_CAPTURE_AUTORELEASING = YES;
				CLANG_WARN_BOOL_CONVERSION = YES;
				CLANG_WARN_COMMA = YES;
				CLANG_WARN_CONSTANT_CONVERSION = YES;
				CLANG_WARN_DEPRECATED_OBJC_IMPLEMENTATIONS = YES;
				CLANG_WARN_DIRECT_OBJC_ISA_USAGE = YES_ERROR;
				CLANG_WARN_DOCUMENTATION_COMMENTS = YES;
				CLANG_WARN_EMPTY_BODY = YES;
				CLANG_WARN_ENUM_CONVERSION = YES;
				CLANG_WARN_INFINITE_RECURSION = YES;
				CLANG_WARN_INT_CONVERSION = YES;
				CLANG_WARN_NON_LITERAL_NULL_CONVERSION = YES;
				CLANG_WARN_OBJC_IMPLICIT_RETAIN_SELF = YES;
				CLANG_WARN_OBJC_LITERAL_CONVERSION = YES;
				CLANG_WARN_OBJC_ROOT_CLASS = YES_ERROR;
				CLANG_WARN_QUOTED_INCLUDE_IN_FRAMEWORK_HEADER = YES;
				CLANG_WARN_RANGE_LOOP_ANALYSIS = YES;
				CLANG_WARN_STRICT_PROTOTYPES = YES;
				CLANG_WARN_SUSPICIOUS_MOVE = YES;
				CLANG_WARN_UNGUARDED_AVAILABILITY = YES_AGGRESSIVE;
				CLANG_WARN_UNREACHABLE_CODE = YES;
				CLANG_WARN__DUPLICATE_METHOD_MATCH = YES;
				COPY_PHASE_STRIP = NO;
				DEBUG_INFORMATION_FORMAT = dwarf;
				ENABLE_STRICT_OBJC_MSGSEND = YES;
				ENABLE_TESTABILITY = YES;
				GCC_C_LANGUAGE_STANDARD = gnu11;
				GCC_DYNAMIC_NO_PIC = NO;
				GCC_NO_COMMON_BLOCKS = YES;
				GCC_OPTIMIZATION_LEVEL = 0;
				GCC_PREPROCESSOR_DEFINITIONS = (
					"DEBUG=1",
					"$(inherited)",
				);
				GCC_WARN_64_TO_32_BIT_CONVERSION = YES;
				GCC_WARN_ABOUT_RETURN_TYPE = YES_ERROR;
				GCC_WARN_UNDECLARED_SELECTOR = YES;
				GCC_WARN_UNINITIALIZED_AUTOS = YES_AGGRESSIVE;
				GCC_WARN_UNUSED_FUNCTION = YES;
				GCC_WARN_UNUSED_VARIABLE = YES;
				IPHONEOS_DEPLOYMENT_TARGET = 14.4;
				MTL_ENABLE_DEBUG_INFO = INCLUDE_SOURCE;
				MTL_FAST_MATH = YES;
				ONLY_ACTIVE_ARCH = YES;
				SDKROOT = iphoneos;
			};
			name = Debug;
		};
		7C02F5012689ACEA00A0FE90 /* Release */ = {
			isa = XCBuildConfiguration;
			buildSettings = {
				ALWAYS_SEARCH_USER_PATHS = NO;
				CLANG_ANALYZER_NONNULL = YES;
				CLANG_ANALYZER_NUMBER_OBJECT_CONVERSION = YES_AGGRESSIVE;
				CLANG_CXX_LANGUAGE_STANDARD = "gnu++14";
				CLANG_CXX_LIBRARY = "libc++";
				CLANG_ENABLE_MODULES = YES;
				CLANG_ENABLE_OBJC_ARC = YES;
				CLANG_ENABLE_OBJC_WEAK = YES;
				CLANG_WARN_BLOCK_CAPTURE_AUTORELEASING = YES;
				CLANG_WARN_BOOL_CONVERSION = YES;
				CLANG_WARN_COMMA = YES;
				CLANG_WARN_CONSTANT_CONVERSION = YES;
				CLANG_WARN_DEPRECATED_OBJC_IMPLEMENTATIONS = YES;
				CLANG_WARN_DIRECT_OBJC_ISA_USAGE = YES_ERROR;
				CLANG_WARN_DOCUMENTATION_COMMENTS = YES;
				CLANG_WARN_EMPTY_BODY = YES;
				CLANG_WARN_ENUM_CONVERSION = YES;
				CLANG_WARN_INFINITE_RECURSION = YES;
				CLANG_WARN_INT_CONVERSION = YES;
				CLANG_WARN_NON_LITERAL_NULL_CONVERSION = YES;
				CLANG_WARN_OBJC_IMPLICIT_RETAIN_SELF = YES;
				CLANG_WARN_OBJC_LITERAL_CONVERSION = YES;
				CLANG_WARN_OBJC_ROOT_CLASS = YES_ERROR;
				CLANG_WARN_QUOTED_INCLUDE_IN_FRAMEWORK_HEADER = YES;
				CLANG_WARN_RANGE_LOOP_ANALYSIS = YES;
				CLANG_WARN_STRICT_PROTOTYPES = YES;
				CLANG_WARN_SUSPICIOUS_MOVE = YES;
				CLANG_WARN_UNGUARDED_AVAILABILITY = YES_AGGRESSIVE;
				CLANG_WARN_UNREACHABLE_CODE = YES;
				CLANG_WARN__DUPLICATE_METHOD_MATCH = YES;
				COPY_PHASE_STRIP = NO;
				DEBUG_INFORMATION_FORMAT = "dwarf-with-dsym";
				ENABLE_NS_ASSERTIONS = NO;
				ENABLE_STRICT_OBJC_MSGSEND = YES;
				GCC_C_LANGUAGE_STANDARD = gnu11;
				GCC_NO_COMMON_BLOCKS = YES;
				GCC_WARN_64_TO_32_BIT_CONVERSION = YES;
				GCC_WARN_ABOUT_RETURN_TYPE = YES_ERROR;
				GCC_WARN_UNDECLARED_SELECTOR = YES;
				GCC_WARN_UNINITIALIZED_AUTOS = YES_AGGRESSIVE;
				GCC_WARN_UNUSED_FUNCTION = YES;
				GCC_WARN_UNUSED_VARIABLE = YES;
				IPHONEOS_DEPLOYMENT_TARGET = 14.4;
				MTL_ENABLE_DEBUG_INFO = NO;
				MTL_FAST_MATH = YES;
				SDKROOT = iphoneos;
				VALIDATE_PRODUCT = YES;
			};
			name = Release;
		};
		7C02F5032689ACEA00A0FE90 /* Debug */ = {
			isa = XCBuildConfiguration;
			buildSettings = {
				ASSETCATALOG_COMPILER_APPICON_NAME = AppIcon;
				ASSETCATALOG_COMPILER_GLOBAL_ACCENT_COLOR_NAME = AccentColor;
				CLANG_ENABLE_MODULES = YES;
				CODE_SIGN_STYLE = Automatic;
				DEVELOPMENT_TEAM = BW62V33GLH;
				INFOPLIST_FILE = "dataflux-sdk-ios-demo/Info.plist";
				LD_RUNPATH_SEARCH_PATHS = (
					"$(inherited)",
					"@executable_path/Frameworks",
				);
				OTHER_LDFLAGS = "-ObjC";
				PRODUCT_BUNDLE_IDENTIFIER = "hll.dataflux-sdk-ios-demo";
				PRODUCT_NAME = "$(TARGET_NAME)";
				SWIFT_OBJC_BRIDGING_HEADER = "dataflux-sdk-ios-demo/dataflux-sdk-ios-demo-Bridging-Header.h";
				SWIFT_OPTIMIZATION_LEVEL = "-Onone";
				SWIFT_VERSION = 5.0;
				TARGETED_DEVICE_FAMILY = "1,2";
			};
			name = Debug;
		};
		7C02F5042689ACEA00A0FE90 /* Release */ = {
			isa = XCBuildConfiguration;
			buildSettings = {
				ASSETCATALOG_COMPILER_APPICON_NAME = AppIcon;
				ASSETCATALOG_COMPILER_GLOBAL_ACCENT_COLOR_NAME = AccentColor;
				CLANG_ENABLE_MODULES = YES;
				CODE_SIGN_STYLE = Automatic;
				DEVELOPMENT_TEAM = BW62V33GLH;
				INFOPLIST_FILE = "dataflux-sdk-ios-demo/Info.plist";
				LD_RUNPATH_SEARCH_PATHS = (
					"$(inherited)",
					"@executable_path/Frameworks",
				);
				OTHER_LDFLAGS = "-ObjC";
				PRODUCT_BUNDLE_IDENTIFIER = "hll.dataflux-sdk-ios-demo";
				PRODUCT_NAME = "$(TARGET_NAME)";
				SWIFT_OBJC_BRIDGING_HEADER = "dataflux-sdk-ios-demo/dataflux-sdk-ios-demo-Bridging-Header.h";
				SWIFT_VERSION = 5.0;
				TARGETED_DEVICE_FAMILY = "1,2";
			};
			name = Release;
		};
		7CCD699F2711964600E57A6F /* Debug */ = {
			isa = XCBuildConfiguration;
			buildSettings = {
				ASSETCATALOG_COMPILER_APPICON_NAME = AppIcon;
				ASSETCATALOG_COMPILER_GLOBAL_ACCENT_COLOR_NAME = AccentColor;
				CLANG_ENABLE_MODULES = YES;
				CODE_SIGN_STYLE = Automatic;
				GCC_PREPROCESSOR_DEFINITIONS = (
					"$(inherited)",
					"COCOAPODS=1",
					"PREPROD=1",
				);
				INFOPLIST_FILE = "dataflux-sdk-ios-demo/Info.plist";
				LD_RUNPATH_SEARCH_PATHS = (
					"$(inherited)",
					"@executable_path/Frameworks",
				);
				PRODUCT_BUNDLE_IDENTIFIER = "hll.dataflux-sdk-ios-demo";
				PRODUCT_NAME = "$(TARGET_NAME)";
				SWIFT_OBJC_BRIDGING_HEADER = "dataflux-sdk-ios-demo/dataflux-sdk-ios-demo-Bridging-Header.h";
				SWIFT_OBJC_INTERFACE_HEADER_NAME = "dataflux_sdk_ios_demo-Swift.h";
				SWIFT_OPTIMIZATION_LEVEL = "-Onone";
				SWIFT_VERSION = 5.0;
				TARGETED_DEVICE_FAMILY = "1,2";
			};
			name = Debug;
		};
		7CCD69A02711964600E57A6F /* Release */ = {
			isa = XCBuildConfiguration;
			buildSettings = {
				ASSETCATALOG_COMPILER_APPICON_NAME = AppIcon;
				ASSETCATALOG_COMPILER_GLOBAL_ACCENT_COLOR_NAME = AccentColor;
				CLANG_ENABLE_MODULES = YES;
				CODE_SIGN_STYLE = Automatic;
				INFOPLIST_FILE = "dataflux-sdk-ios-demo/Info.plist";
				LD_RUNPATH_SEARCH_PATHS = (
					"$(inherited)",
					"@executable_path/Frameworks",
				);
				PRODUCT_BUNDLE_IDENTIFIER = "hll.dataflux-sdk-ios-demo";
				PRODUCT_NAME = "$(TARGET_NAME)";
				SWIFT_OBJC_BRIDGING_HEADER = "dataflux-sdk-ios-demo/dataflux-sdk-ios-demo-Bridging-Header.h";
				SWIFT_OBJC_INTERFACE_HEADER_NAME = "dataflux_sdk_ios_demo-Swift.h";
				SWIFT_VERSION = 5.0;
				TARGETED_DEVICE_FAMILY = "1,2";
			};
			name = Release;
		};
/* End XCBuildConfiguration section */

/* Begin XCConfigurationList section */
		7C02F4E42689ACE700A0FE90 /* Build configuration list for PBXProject "dataflux-sdk-ios-demo" */ = {
			isa = XCConfigurationList;
			buildConfigurations = (
				7C02F5002689ACEA00A0FE90 /* Debug */,
				7C02F5012689ACEA00A0FE90 /* Release */,
			);
			defaultConfigurationIsVisible = 0;
			defaultConfigurationName = Release;
		};
		7C02F5022689ACEA00A0FE90 /* Build configuration list for PBXNativeTarget "dataflux-sdk-ios-demo" */ = {
			isa = XCConfigurationList;
			buildConfigurations = (
				7C02F5032689ACEA00A0FE90 /* Debug */,
				7C02F5042689ACEA00A0FE90 /* Release */,
			);
			defaultConfigurationIsVisible = 0;
			defaultConfigurationName = Release;
		};
		7CCD699E2711964600E57A6F /* Build configuration list for PBXNativeTarget "dataflux-sdk-ios-demoPreMade" */ = {
			isa = XCConfigurationList;
			buildConfigurations = (
				7CCD699F2711964600E57A6F /* Debug */,
				7CCD69A02711964600E57A6F /* Release */,
			);
			defaultConfigurationIsVisible = 0;
			defaultConfigurationName = Release;
		};
/* End XCConfigurationList section */
	};
	rootObject = 7C02F4E12689ACE700A0FE90 /* Project object */;
}
