// !$*UTF8*$!
{
	archiveVersion = 1;
	classes = {
	};
	objectVersion = 51;
	objects = {

/* Begin PBXBuildFile section */
		0235FA138588229E504FACE1 /* Pods_App.framework in Frameworks */ = {isa = PBXBuildFile; fileRef = EA27A847C08A0CBC01BFB58B /* Pods_App.framework */; };
		172C3571280E7D5F002D139E /* FTSwizzleTest.m in Sources */ = {isa = PBXBuildFile; fileRef = 172C3570280E7D5F002D139E /* FTSwizzleTest.m */; };
		172C3595280FAC16002D139E /* FTSwizzlerTest.m in Sources */ = {isa = PBXBuildFile; fileRef = 172C3594280FAC16002D139E /* FTSwizzlerTest.m */; };
		172DD33528F7FC27007AE5E9 /* WidgetKit.framework in Frameworks */ = {isa = PBXBuildFile; fileRef = 172DD33428F7FC27007AE5E9 /* WidgetKit.framework */; };
		172DD33728F7FC27007AE5E9 /* SwiftUI.framework in Frameworks */ = {isa = PBXBuildFile; fileRef = 172DD33628F7FC27007AE5E9 /* SwiftUI.framework */; };
		172DD33A28F7FC27007AE5E9 /* WidgetDemo.swift in Sources */ = {isa = PBXBuildFile; fileRef = 172DD33928F7FC27007AE5E9 /* WidgetDemo.swift */; };
		172DD33C28F7FC28007AE5E9 /* Assets.xcassets in Resources */ = {isa = PBXBuildFile; fileRef = 172DD33B28F7FC28007AE5E9 /* Assets.xcassets */; };
		172DD34028F7FC28007AE5E9 /* WidgetDemoExtension.appex in Embed App Extensions */ = {isa = PBXBuildFile; fileRef = 172DD33328F7FC27007AE5E9 /* WidgetDemoExtension.appex */; settings = {ATTRIBUTES = (RemoveHeadersOnCopy, ); }; };
		172DD34928F7FC56007AE5E9 /* WidgetNetwork.swift in Sources */ = {isa = PBXBuildFile; fileRef = 172DD34728F7FC50007AE5E9 /* WidgetNetwork.swift */; };
		172DD35128F7FEDF007AE5E9 /* NetworkTraceVC.m in Sources */ = {isa = PBXBuildFile; fileRef = 172DD34D28F7FEDF007AE5E9 /* NetworkTraceVC.m */; };
		174058BB28D813190092E096 /* FTLoggerTest.m in Sources */ = {isa = PBXBuildFile; fileRef = 174058BA28D813190092E096 /* FTLoggerTest.m */; };
		174058BD28D813A20092E096 /* FTLongTaskTest.m in Sources */ = {isa = PBXBuildFile; fileRef = 174058BC28D813A20092E096 /* FTLongTaskTest.m */; };
		174058C028D815810092E096 /* FTJavaScriptBridgeTest.m in Sources */ = {isa = PBXBuildFile; fileRef = 174058BF28D815810092E096 /* FTJavaScriptBridgeTest.m */; };
		174058C828D826540092E096 /* FTAppLaunchDurationTest.m in Sources */ = {isa = PBXBuildFile; fileRef = 174058C728D826540092E096 /* FTAppLaunchDurationTest.m */; };
		174486DB2A0CF9F30049DA89 /* CHANGELOG in Resources */ = {isa = PBXBuildFile; fileRef = 174486DA2A0CF9F30049DA89 /* CHANGELOG */; };
		17510DD829C99F2E00C8F1E4 /* FTMobileExtension.framework in Frameworks */ = {isa = PBXBuildFile; fileRef = 17510DD729C99F2E00C8F1E4 /* FTMobileExtension.framework */; };
		17593AE22906917700A15CD9 /* FTResourceDelegateTest.m in Sources */ = {isa = PBXBuildFile; fileRef = 17593AE12906917700A15CD9 /* FTResourceDelegateTest.m */; };
		1763BD6829DFEAF6009EE026 /* FTMobileSDK.framework in Frameworks */ = {isa = PBXBuildFile; fileRef = 1763BD6729DFEAF6009EE026 /* FTMobileSDK.framework */; };
		1763BD6929DFEAF6009EE026 /* FTMobileSDK.framework in Embed Frameworks */ = {isa = PBXBuildFile; fileRef = 1763BD6729DFEAF6009EE026 /* FTMobileSDK.framework */; settings = {ATTRIBUTES = (CodeSignOnCopy, RemoveHeadersOnCopy, ); }; };
		1764E40229AC9B0500E70DBB /* AppDelegate.swift in Sources */ = {isa = PBXBuildFile; fileRef = 1764E40129AC9B0500E70DBB /* AppDelegate.swift */; };
		1764E40429AC9B0500E70DBB /* SceneDelegate.swift in Sources */ = {isa = PBXBuildFile; fileRef = 1764E40329AC9B0500E70DBB /* SceneDelegate.swift */; };
		1764E40629AC9B0500E70DBB /* ViewController.swift in Sources */ = {isa = PBXBuildFile; fileRef = 1764E40529AC9B0500E70DBB /* ViewController.swift */; };
		1764E40929AC9B0500E70DBB /* Main.storyboard in Resources */ = {isa = PBXBuildFile; fileRef = 1764E40729AC9B0500E70DBB /* Main.storyboard */; };
		1764E40B29AC9B0600E70DBB /* Assets.xcassets in Resources */ = {isa = PBXBuildFile; fileRef = 1764E40A29AC9B0600E70DBB /* Assets.xcassets */; };
		1764E40E29AC9B0600E70DBB /* LaunchScreen.storyboard in Resources */ = {isa = PBXBuildFile; fileRef = 1764E40C29AC9B0600E70DBB /* LaunchScreen.storyboard */; };
		1764E41929ACB5BB00E70DBB /* LogViewController.swift in Sources */ = {isa = PBXBuildFile; fileRef = 1764E41829ACB5BB00E70DBB /* LogViewController.swift */; };
		1764E41B29ACB68C00E70DBB /* TraceViewController.swift in Sources */ = {isa = PBXBuildFile; fileRef = 1764E41A29ACB68C00E70DBB /* TraceViewController.swift */; };
		1764E41D29ACB70200E70DBB /* RUMViewController.swift in Sources */ = {isa = PBXBuildFile; fileRef = 1764E41C29ACB70200E70DBB /* RUMViewController.swift */; };
		177892BA29A60F2E0007B47F /* PerformanceBaseTest.m in Sources */ = {isa = PBXBuildFile; fileRef = 177892B929A60F2E0007B47F /* PerformanceBaseTest.m */; };
		177892BD29A60FA10007B47F /* PerformanceRumTest.m in Sources */ = {isa = PBXBuildFile; fileRef = 177892BC29A60FA10007B47F /* PerformanceRumTest.m */; };
		177892BF29A60FD00007B47F /* PerformanceLoggingTest.m in Sources */ = {isa = PBXBuildFile; fileRef = 177892BE29A60FD00007B47F /* PerformanceLoggingTest.m */; };
		177892C129A60FE90007B47F /* PerformanceTracingTest.m in Sources */ = {isa = PBXBuildFile; fileRef = 177892C029A60FE90007B47F /* PerformanceTracingTest.m */; };
		178649292A1CA79100521187 /* FTMobileSDK.framework in Frameworks */ = {isa = PBXBuildFile; fileRef = 178649282A1CA79100521187 /* FTMobileSDK.framework */; };
		1786492A2A1CA79100521187 /* FTMobileSDK.framework in Embed Frameworks */ = {isa = PBXBuildFile; fileRef = 178649282A1CA79100521187 /* FTMobileSDK.framework */; settings = {ATTRIBUTES = (CodeSignOnCopy, RemoveHeadersOnCopy, ); }; };
		1788B11629BAF43B007FDFF1 /* HttpEngineTestUtil.m in Sources */ = {isa = PBXBuildFile; fileRef = 1788B11429BAF43B007FDFF1 /* HttpEngineTestUtil.m */; };
		1788B11829BAFE94007FDFF1 /* HttpEngine.m in Sources */ = {isa = PBXBuildFile; fileRef = 1788B11729BAFE94007FDFF1 /* HttpEngine.m */; };
		1788B20F29C86D32007FDFF1 /* FTMobileExtension.framework in Frameworks */ = {isa = PBXBuildFile; fileRef = 1788B20E29C86D32007FDFF1 /* FTMobileExtension.framework */; };
		17B17151281042B7004002C9 /* FTThreadDispatchTest.m in Sources */ = {isa = PBXBuildFile; fileRef = 17B17150281042B7004002C9 /* FTThreadDispatchTest.m */; };
		17B1715528115AE0004002C9 /* FTAppLifeCycleTest.m in Sources */ = {isa = PBXBuildFile; fileRef = 17B1715428115ADF004002C9 /* FTAppLifeCycleTest.m */; };
		17B1715A28154A6E004002C9 /* FTRequestTest.m in Sources */ = {isa = PBXBuildFile; fileRef = 17B1715928154A6E004002C9 /* FTRequestTest.m */; };
		17C7631F28267154009582B6 /* FTLineProtocol.m in Sources */ = {isa = PBXBuildFile; fileRef = 17C7631E28267154009582B6 /* FTLineProtocol.m */; };
		17D339EE2807AB0C0083C2B3 /* FTModelHelper.m in Sources */ = {isa = PBXBuildFile; fileRef = 17D339ED2807AB0C0083C2B3 /* FTModelHelper.m */; };
		17DA844D288808B2001A0B30 /* FTRUMMonitorTest.m in Sources */ = {isa = PBXBuildFile; fileRef = 17DA844C288808B2001A0B30 /* FTRUMMonitorTest.m */; };
		17E0792E291E60830014A420 /* FTExtensionSDKTest.m in Sources */ = {isa = PBXBuildFile; fileRef = 17E0792D291E60830014A420 /* FTExtensionSDKTest.m */; };
		4A037EFA24F791CB007B2104 /* FTTraceTest.m in Sources */ = {isa = PBXBuildFile; fileRef = 4A037EF924F791CB007B2104 /* FTTraceTest.m */; };
		4A11695B239113B600C0BC4E /* AppDelegate.m in Sources */ = {isa = PBXBuildFile; fileRef = 4A11695A239113B600C0BC4E /* AppDelegate.m */; };
		4A11695E239113B600C0BC4E /* SceneDelegate.m in Sources */ = {isa = PBXBuildFile; fileRef = 4A11695D239113B600C0BC4E /* SceneDelegate.m */; };
		4A116964239113B600C0BC4E /* Main.storyboard in Resources */ = {isa = PBXBuildFile; fileRef = 4A116962239113B600C0BC4E /* Main.storyboard */; };
		4A116966239113B900C0BC4E /* Assets.xcassets in Resources */ = {isa = PBXBuildFile; fileRef = 4A116965239113B900C0BC4E /* Assets.xcassets */; };
		4A116969239113B900C0BC4E /* LaunchScreen.storyboard in Resources */ = {isa = PBXBuildFile; fileRef = 4A116967239113B900C0BC4E /* LaunchScreen.storyboard */; };
		4A11696C239113B900C0BC4E /* main.m in Sources */ = {isa = PBXBuildFile; fileRef = 4A11696B239113B900C0BC4E /* main.m */; };
		4A1169842391145B00C0BC4E /* DemoViewController.mm in Sources */ = {isa = PBXBuildFile; fileRef = 4A1169832391145B00C0BC4E /* DemoViewController.mm */; };
		4A159F3823D3F3BD00804D70 /* RootTabbarVC.m in Sources */ = {isa = PBXBuildFile; fileRef = 4A159F3723D3F3BD00804D70 /* RootTabbarVC.m */; };
		4A1D78A224F52ACC006125D0 /* FTDatabaseTest.m in Sources */ = {isa = PBXBuildFile; fileRef = 4A1D78A024F52ACB006125D0 /* FTDatabaseTest.m */; };
		4A1D78A424F63FBF006125D0 /* FTMobileAgentTests.m in Sources */ = {isa = PBXBuildFile; fileRef = 4A85313823AB85FC00B40B5D /* FTMobileAgentTests.m */; };
		4A22526F23B5AC7600B0ED41 /* FTMobileSDKUITests.m in Sources */ = {isa = PBXBuildFile; fileRef = 4A22526E23B5AC7600B0ED41 /* FTMobileSDKUITests.m */; };
		4A270E9524FF97FE0079F455 /* FTUtilsTest.m in Sources */ = {isa = PBXBuildFile; fileRef = 4A270E9424FF97FE0079F455 /* FTUtilsTest.m */; };
		4A299B942514953300400931 /* FTPropertyTest.m in Sources */ = {isa = PBXBuildFile; fileRef = 4A299B932514953300400931 /* FTPropertyTest.m */; };
		4A3931552531C26300BC2134 /* TestANRVC.m in Sources */ = {isa = PBXBuildFile; fileRef = 4A3931542531C26300BC2134 /* TestANRVC.m */; };
		4A3C7D4D23E6C995006DC9C7 /* Foundation.framework in Frameworks */ = {isa = PBXBuildFile; fileRef = 4A3C7D4C23E6C995006DC9C7 /* Foundation.framework */; };
		4A49E93E253979C5009C44AD /* TestWKWebViewVC.m in Sources */ = {isa = PBXBuildFile; fileRef = 4A49E9332536E5E9009C44AD /* TestWKWebViewVC.m */; };
		4A85314623AC6B2700B40B5D /* UITestVC.m in Sources */ = {isa = PBXBuildFile; fileRef = 4A85314523AC6B2700B40B5D /* UITestVC.m */; };
		4A85318C23B23A4000B40B5D /* FTNetworkTests.m in Sources */ = {isa = PBXBuildFile; fileRef = 4A85318B23B23A4000B40B5D /* FTNetworkTests.m */; };
		4A8531A323B3322500B40B5D /* FTAutoTrackTest.m in Sources */ = {isa = PBXBuildFile; fileRef = 4A8531A223B3322500B40B5D /* FTAutoTrackTest.m */; };
		4AECBCDE24497DBF0023DEF7 /* CoreBluetooth.framework in Frameworks */ = {isa = PBXBuildFile; fileRef = 4AECBCD924497DBF0023DEF7 /* CoreBluetooth.framework */; };
		4E953B54CC64EBC979926072 /* Pods_FTMobileSDKUnitTests.framework in Frameworks */ = {isa = PBXBuildFile; fileRef = 7A0BBFB561FCDDD212ED9F72 /* Pods_FTMobileSDKUnitTests.framework */; };
		7C28B872266098B800CECBA6 /* TestJsbridgeData.m in Sources */ = {isa = PBXBuildFile; fileRef = 7C28B871266098B800CECBA6 /* TestJsbridgeData.m */; };
		7C28B878266098E700CECBA6 /* sample.html in Resources */ = {isa = PBXBuildFile; fileRef = 7C28B877266098E700CECBA6 /* sample.html */; };
		7C3C289627683983009DB8E2 /* FTRUMTest.m in Sources */ = {isa = PBXBuildFile; fileRef = 7C3C289527683983009DB8E2 /* FTRUMTest.m */; };
		7C57E8BE26D3A40F002DA85B /* FTTrackDataManager+Test.m in Sources */ = {isa = PBXBuildFile; fileRef = 7C57E8BD26D3A40F002DA85B /* FTTrackDataManager+Test.m */; };
		7C64008B275A1E8300B2708B /* ManualRumAndTraceDataAdd.m in Sources */ = {isa = PBXBuildFile; fileRef = 7C64008A275A1E8300B2708B /* ManualRumAndTraceDataAdd.m */; };
		7C6E8EC125DE4D4E00D12C12 /* CrashVC.m in Sources */ = {isa = PBXBuildFile; fileRef = 7C6E8EC025DE4D4E00D12C12 /* CrashVC.m */; };
		7C6E8F1425DF684600D12C12 /* TableViewCellItem.m in Sources */ = {isa = PBXBuildFile; fileRef = 7C6E8F1325DF684600D12C12 /* TableViewCellItem.m */; };
		7C6E925425E35E9800D12C12 /* Crasher.mm in Sources */ = {isa = PBXBuildFile; fileRef = 7C6E925225E35E9700D12C12 /* Crasher.mm */; };
		7C8CE50B25F8DD2A0043B213 /* PrintHookTest.swift in Sources */ = {isa = PBXBuildFile; fileRef = 7C8CE50A25F8DD2A0043B213 /* PrintHookTest.swift */; };
		7CA16CC226B8DF1D0079840D /* TestWKParentVC.m in Sources */ = {isa = PBXBuildFile; fileRef = 7CA16CC126B8DF1D0079840D /* TestWKParentVC.m */; };
		7CA16CD426B8ECD10079840D /* TestWkWebViewHandler.m in Sources */ = {isa = PBXBuildFile; fileRef = 7CA16CD326B8ECD10079840D /* TestWkWebViewHandler.m */; };
		7CA16CE326B9110F0079840D /* TestWKProxy.m in Sources */ = {isa = PBXBuildFile; fileRef = 7CA16CE226B9110F0079840D /* TestWKProxy.m */; };
/* End PBXBuildFile section */

/* Begin PBXContainerItemProxy section */
		172DD33E28F7FC28007AE5E9 /* PBXContainerItemProxy */ = {
			isa = PBXContainerItemProxy;
			containerPortal = 4A11694E239113B600C0BC4E /* Project object */;
			proxyType = 1;
			remoteGlobalIDString = 172DD33228F7FC27007AE5E9;
			remoteInfo = WidgetDemoExtension;
		};
		4A22527123B5AC7600B0ED41 /* PBXContainerItemProxy */ = {
			isa = PBXContainerItemProxy;
			containerPortal = 4A11694E239113B600C0BC4E /* Project object */;
			proxyType = 1;
			remoteGlobalIDString = 4A116955239113B600C0BC4E;
			remoteInfo = "ft-sdk-iosTest";
		};
		4A85313B23AB85FC00B40B5D /* PBXContainerItemProxy */ = {
			isa = PBXContainerItemProxy;
			containerPortal = 4A11694E239113B600C0BC4E /* Project object */;
			proxyType = 1;
			remoteGlobalIDString = 4A116955239113B600C0BC4E;
			remoteInfo = "ft-sdk-iosTest";
		};
/* End PBXContainerItemProxy section */

/* Begin PBXCopyFilesBuildPhase section */
		1763BD6A29DFEAF6009EE026 /* Embed Frameworks */ = {
			isa = PBXCopyFilesBuildPhase;
			buildActionMask = 2147483647;
			dstPath = "";
			dstSubfolderSpec = 10;
			files = (
				1763BD6929DFEAF6009EE026 /* FTMobileSDK.framework in Embed Frameworks */,
			);
			name = "Embed Frameworks";
			runOnlyForDeploymentPostprocessing = 0;
		};
		1786492B2A1CA79100521187 /* Embed Frameworks */ = {
			isa = PBXCopyFilesBuildPhase;
			buildActionMask = 2147483647;
			dstPath = "";
			dstSubfolderSpec = 10;
			files = (
				1786492A2A1CA79100521187 /* FTMobileSDK.framework in Embed Frameworks */,
			);
			name = "Embed Frameworks";
			runOnlyForDeploymentPostprocessing = 0;
		};
		4A78B9D82563C43E0021E0BC /* Embed App Extensions */ = {
			isa = PBXCopyFilesBuildPhase;
			buildActionMask = 12;
			dstPath = "";
			dstSubfolderSpec = 13;
			files = (
				172DD34028F7FC28007AE5E9 /* WidgetDemoExtension.appex in Embed App Extensions */,
			);
			name = "Embed App Extensions";
			runOnlyForDeploymentPostprocessing = 0;
		};
		4AB783AF23C2D660001FC994 /* CopyFiles */ = {
			isa = PBXCopyFilesBuildPhase;
			buildActionMask = 2147483647;
			dstPath = "";
			dstSubfolderSpec = 7;
			files = (
			);
			runOnlyForDeploymentPostprocessing = 0;
		};
/* End PBXCopyFilesBuildPhase section */

/* Begin PBXFileReference section */
		0D444CEFA4C283901BD2CC1E /* Pods-App.pre.xcconfig */ = {isa = PBXFileReference; includeInIndex = 1; lastKnownFileType = text.xcconfig; name = "Pods-App.pre.xcconfig"; path = "Target Support Files/Pods-App/Pods-App.pre.xcconfig"; sourceTree = "<group>"; };
		172C3570280E7D5F002D139E /* FTSwizzleTest.m */ = {isa = PBXFileReference; lastKnownFileType = sourcecode.c.objc; path = FTSwizzleTest.m; sourceTree = "<group>"; };
		172C3594280FAC16002D139E /* FTSwizzlerTest.m */ = {isa = PBXFileReference; lastKnownFileType = sourcecode.c.objc; path = FTSwizzlerTest.m; sourceTree = "<group>"; };
		172DD33328F7FC27007AE5E9 /* WidgetDemoExtension.appex */ = {isa = PBXFileReference; explicitFileType = "wrapper.app-extension"; includeInIndex = 0; path = WidgetDemoExtension.appex; sourceTree = BUILT_PRODUCTS_DIR; };
		172DD33428F7FC27007AE5E9 /* WidgetKit.framework */ = {isa = PBXFileReference; lastKnownFileType = wrapper.framework; name = WidgetKit.framework; path = System/Library/Frameworks/WidgetKit.framework; sourceTree = SDKROOT; };
		172DD33628F7FC27007AE5E9 /* SwiftUI.framework */ = {isa = PBXFileReference; lastKnownFileType = wrapper.framework; name = SwiftUI.framework; path = System/Library/Frameworks/SwiftUI.framework; sourceTree = SDKROOT; };
		172DD33928F7FC27007AE5E9 /* WidgetDemo.swift */ = {isa = PBXFileReference; lastKnownFileType = sourcecode.swift; path = WidgetDemo.swift; sourceTree = "<group>"; };
		172DD33B28F7FC28007AE5E9 /* Assets.xcassets */ = {isa = PBXFileReference; lastKnownFileType = folder.assetcatalog; path = Assets.xcassets; sourceTree = "<group>"; };
		172DD33D28F7FC28007AE5E9 /* Info.plist */ = {isa = PBXFileReference; lastKnownFileType = text.plist.xml; path = Info.plist; sourceTree = "<group>"; };
		172DD34728F7FC50007AE5E9 /* WidgetNetwork.swift */ = {isa = PBXFileReference; fileEncoding = 4; lastKnownFileType = sourcecode.swift; path = WidgetNetwork.swift; sourceTree = "<group>"; };
		172DD34A28F7FCB8007AE5E9 /* WidgetDemoExtension.entitlements */ = {isa = PBXFileReference; lastKnownFileType = text.plist.entitlements; path = WidgetDemoExtension.entitlements; sourceTree = "<group>"; };
		172DD34D28F7FEDF007AE5E9 /* NetworkTraceVC.m */ = {isa = PBXFileReference; fileEncoding = 4; lastKnownFileType = sourcecode.c.objc; path = NetworkTraceVC.m; sourceTree = "<group>"; };
		172DD35028F7FEDF007AE5E9 /* NetworkTraceVC.h */ = {isa = PBXFileReference; fileEncoding = 4; lastKnownFileType = sourcecode.c.h; path = NetworkTraceVC.h; sourceTree = "<group>"; };
		172DD35328F7FF0D007AE5E9 /* HttpEngine.h */ = {isa = PBXFileReference; fileEncoding = 4; lastKnownFileType = sourcecode.c.h; path = HttpEngine.h; sourceTree = "<group>"; };
		174058BA28D813190092E096 /* FTLoggerTest.m */ = {isa = PBXFileReference; fileEncoding = 4; lastKnownFileType = sourcecode.c.objc; path = FTLoggerTest.m; sourceTree = "<group>"; };
		174058BC28D813A20092E096 /* FTLongTaskTest.m */ = {isa = PBXFileReference; fileEncoding = 4; lastKnownFileType = sourcecode.c.objc; path = FTLongTaskTest.m; sourceTree = "<group>"; };
		174058BF28D815810092E096 /* FTJavaScriptBridgeTest.m */ = {isa = PBXFileReference; lastKnownFileType = sourcecode.c.objc; path = FTJavaScriptBridgeTest.m; sourceTree = "<group>"; };
		174058C728D826540092E096 /* FTAppLaunchDurationTest.m */ = {isa = PBXFileReference; fileEncoding = 4; lastKnownFileType = sourcecode.c.objc; path = FTAppLaunchDurationTest.m; sourceTree = "<group>"; };
		174486DA2A0CF9F30049DA89 /* CHANGELOG */ = {isa = PBXFileReference; fileEncoding = 4; lastKnownFileType = text; name = CHANGELOG; path = ../../CHANGELOG; sourceTree = "<group>"; };
		17510DD429C99F0900C8F1E4 /* FTMobileExtension.framework */ = {isa = PBXFileReference; explicitFileType = wrapper.framework; path = FTMobileExtension.framework; sourceTree = BUILT_PRODUCTS_DIR; };
		17510DD729C99F2E00C8F1E4 /* FTMobileExtension.framework */ = {isa = PBXFileReference; explicitFileType = wrapper.framework; path = FTMobileExtension.framework; sourceTree = BUILT_PRODUCTS_DIR; };
		17593AE12906917700A15CD9 /* FTResourceDelegateTest.m */ = {isa = PBXFileReference; lastKnownFileType = sourcecode.c.objc; path = FTResourceDelegateTest.m; sourceTree = "<group>"; };
		1763BD6729DFEAF6009EE026 /* FTMobileSDK.framework */ = {isa = PBXFileReference; explicitFileType = wrapper.framework; path = FTMobileSDK.framework; sourceTree = BUILT_PRODUCTS_DIR; };
		1764E3FF29AC9B0400E70DBB /* SwiftApp.app */ = {isa = PBXFileReference; explicitFileType = wrapper.application; includeInIndex = 0; path = SwiftApp.app; sourceTree = BUILT_PRODUCTS_DIR; };
		1764E40129AC9B0500E70DBB /* AppDelegate.swift */ = {isa = PBXFileReference; lastKnownFileType = sourcecode.swift; path = AppDelegate.swift; sourceTree = "<group>"; };
		1764E40329AC9B0500E70DBB /* SceneDelegate.swift */ = {isa = PBXFileReference; lastKnownFileType = sourcecode.swift; path = SceneDelegate.swift; sourceTree = "<group>"; };
		1764E40529AC9B0500E70DBB /* ViewController.swift */ = {isa = PBXFileReference; lastKnownFileType = sourcecode.swift; path = ViewController.swift; sourceTree = "<group>"; };
		1764E40829AC9B0500E70DBB /* Base */ = {isa = PBXFileReference; lastKnownFileType = file.storyboard; name = Base; path = Base.lproj/Main.storyboard; sourceTree = "<group>"; };
		1764E40A29AC9B0600E70DBB /* Assets.xcassets */ = {isa = PBXFileReference; lastKnownFileType = folder.assetcatalog; path = Assets.xcassets; sourceTree = "<group>"; };
		1764E40D29AC9B0600E70DBB /* Base */ = {isa = PBXFileReference; lastKnownFileType = file.storyboard; name = Base; path = Base.lproj/LaunchScreen.storyboard; sourceTree = "<group>"; };
		1764E40F29AC9B0600E70DBB /* Info.plist */ = {isa = PBXFileReference; lastKnownFileType = text.plist.xml; path = Info.plist; sourceTree = "<group>"; };
		1764E41829ACB5BB00E70DBB /* LogViewController.swift */ = {isa = PBXFileReference; lastKnownFileType = sourcecode.swift; path = LogViewController.swift; sourceTree = "<group>"; };
		1764E41A29ACB68C00E70DBB /* TraceViewController.swift */ = {isa = PBXFileReference; lastKnownFileType = sourcecode.swift; path = TraceViewController.swift; sourceTree = "<group>"; };
		1764E41C29ACB70200E70DBB /* RUMViewController.swift */ = {isa = PBXFileReference; lastKnownFileType = sourcecode.swift; path = RUMViewController.swift; sourceTree = "<group>"; };
		177892B929A60F2E0007B47F /* PerformanceBaseTest.m */ = {isa = PBXFileReference; lastKnownFileType = sourcecode.c.objc; path = PerformanceBaseTest.m; sourceTree = "<group>"; };
		177892BC29A60FA10007B47F /* PerformanceRumTest.m */ = {isa = PBXFileReference; lastKnownFileType = sourcecode.c.objc; path = PerformanceRumTest.m; sourceTree = "<group>"; };
		177892BE29A60FD00007B47F /* PerformanceLoggingTest.m */ = {isa = PBXFileReference; lastKnownFileType = sourcecode.c.objc; path = PerformanceLoggingTest.m; sourceTree = "<group>"; };
		177892C029A60FE90007B47F /* PerformanceTracingTest.m */ = {isa = PBXFileReference; lastKnownFileType = sourcecode.c.objc; path = PerformanceTracingTest.m; sourceTree = "<group>"; };
		178649282A1CA79100521187 /* FTMobileSDK.framework */ = {isa = PBXFileReference; explicitFileType = wrapper.framework; path = FTMobileSDK.framework; sourceTree = BUILT_PRODUCTS_DIR; };
		1788B11429BAF43B007FDFF1 /* HttpEngineTestUtil.m */ = {isa = PBXFileReference; fileEncoding = 4; lastKnownFileType = sourcecode.c.objc; name = HttpEngineTestUtil.m; path = App/HttpEngineTestUtil.m; sourceTree = SOURCE_ROOT; };
		1788B11529BAF43B007FDFF1 /* HttpEngineTestUtil.h */ = {isa = PBXFileReference; fileEncoding = 4; lastKnownFileType = sourcecode.c.h; name = HttpEngineTestUtil.h; path = App/HttpEngineTestUtil.h; sourceTree = SOURCE_ROOT; };
		1788B11729BAFE94007FDFF1 /* HttpEngine.m */ = {isa = PBXFileReference; fileEncoding = 4; lastKnownFileType = sourcecode.c.objc; path = HttpEngine.m; sourceTree = "<group>"; };
		1788B20A29C86D24007FDFF1 /* FTMobileSDK.framework */ = {isa = PBXFileReference; explicitFileType = wrapper.framework; path = FTMobileSDK.framework; sourceTree = BUILT_PRODUCTS_DIR; };
		1788B20E29C86D32007FDFF1 /* FTMobileExtension.framework */ = {isa = PBXFileReference; explicitFileType = wrapper.framework; path = FTMobileExtension.framework; sourceTree = BUILT_PRODUCTS_DIR; };
		1788B21029C86FA5007FDFF1 /* FTMobileSDK.framework */ = {isa = PBXFileReference; explicitFileType = wrapper.framework; path = FTMobileSDK.framework; sourceTree = BUILT_PRODUCTS_DIR; };
		1799DF8129CAE4430043D7B5 /* FTMobileAgent macOS.framework */ = {isa = PBXFileReference; explicitFileType = wrapper.framework; path = "FTMobileAgent macOS.framework"; sourceTree = BUILT_PRODUCTS_DIR; };
		179FCFF529C9887600DBB66F /* FTMobileSDK.framework */ = {isa = PBXFileReference; explicitFileType = wrapper.framework; path = FTMobileSDK.framework; sourceTree = BUILT_PRODUCTS_DIR; };
		179FCFF729C989B900DBB66F /* FTMobileSDK.framework */ = {isa = PBXFileReference; explicitFileType = wrapper.framework; path = FTMobileSDK.framework; sourceTree = BUILT_PRODUCTS_DIR; };
		179FCFF929C9982200DBB66F /* FTMobileAgent.framework */ = {isa = PBXFileReference; explicitFileType = wrapper.framework; path = FTMobileAgent.framework; sourceTree = BUILT_PRODUCTS_DIR; };
		179FCFFD29C999A100DBB66F /* FTMobileAgent.framework */ = {isa = PBXFileReference; explicitFileType = wrapper.framework; path = FTMobileAgent.framework; sourceTree = BUILT_PRODUCTS_DIR; };
		17B17150281042B7004002C9 /* FTThreadDispatchTest.m */ = {isa = PBXFileReference; lastKnownFileType = sourcecode.c.objc; path = FTThreadDispatchTest.m; sourceTree = "<group>"; };
		17B1715428115ADF004002C9 /* FTAppLifeCycleTest.m */ = {isa = PBXFileReference; lastKnownFileType = sourcecode.c.objc; path = FTAppLifeCycleTest.m; sourceTree = "<group>"; };
		17B1715928154A6E004002C9 /* FTRequestTest.m */ = {isa = PBXFileReference; lastKnownFileType = sourcecode.c.objc; path = FTRequestTest.m; sourceTree = "<group>"; };
		17C7631E28267154009582B6 /* FTLineProtocol.m */ = {isa = PBXFileReference; lastKnownFileType = sourcecode.c.objc; path = FTLineProtocol.m; sourceTree = "<group>"; };
		17D339EC2807AB0C0083C2B3 /* FTModelHelper.h */ = {isa = PBXFileReference; lastKnownFileType = sourcecode.c.h; path = FTModelHelper.h; sourceTree = "<group>"; };
		17D339ED2807AB0C0083C2B3 /* FTModelHelper.m */ = {isa = PBXFileReference; lastKnownFileType = sourcecode.c.objc; path = FTModelHelper.m; sourceTree = "<group>"; };
		17DA844C288808B2001A0B30 /* FTRUMMonitorTest.m */ = {isa = PBXFileReference; lastKnownFileType = sourcecode.c.objc; path = FTRUMMonitorTest.m; sourceTree = "<group>"; };
		17E0792D291E60830014A420 /* FTExtensionSDKTest.m */ = {isa = PBXFileReference; fileEncoding = 4; lastKnownFileType = sourcecode.c.objc; path = FTExtensionSDKTest.m; sourceTree = "<group>"; };
		17E1927929C9883A0067B23D /* FTMobileSDK.framework */ = {isa = PBXFileReference; explicitFileType = wrapper.framework; path = FTMobileSDK.framework; sourceTree = BUILT_PRODUCTS_DIR; };
		4A037EF924F791CB007B2104 /* FTTraceTest.m */ = {isa = PBXFileReference; lastKnownFileType = sourcecode.c.objc; path = FTTraceTest.m; sourceTree = "<group>"; };
		4A116956239113B600C0BC4E /* App.app */ = {isa = PBXFileReference; explicitFileType = wrapper.application; includeInIndex = 0; path = App.app; sourceTree = BUILT_PRODUCTS_DIR; };
		4A116959239113B600C0BC4E /* AppDelegate.h */ = {isa = PBXFileReference; lastKnownFileType = sourcecode.c.h; path = AppDelegate.h; sourceTree = "<group>"; };
		4A11695A239113B600C0BC4E /* AppDelegate.m */ = {isa = PBXFileReference; lastKnownFileType = sourcecode.c.objc; path = AppDelegate.m; sourceTree = "<group>"; };
		4A11695C239113B600C0BC4E /* SceneDelegate.h */ = {isa = PBXFileReference; lastKnownFileType = sourcecode.c.h; path = SceneDelegate.h; sourceTree = "<group>"; };
		4A11695D239113B600C0BC4E /* SceneDelegate.m */ = {isa = PBXFileReference; lastKnownFileType = sourcecode.c.objc; path = SceneDelegate.m; sourceTree = "<group>"; };
		4A116963239113B600C0BC4E /* Base */ = {isa = PBXFileReference; lastKnownFileType = file.storyboard; name = Base; path = Base.lproj/Main.storyboard; sourceTree = "<group>"; };
		4A116965239113B900C0BC4E /* Assets.xcassets */ = {isa = PBXFileReference; lastKnownFileType = folder.assetcatalog; path = Assets.xcassets; sourceTree = "<group>"; };
		4A116968239113B900C0BC4E /* Base */ = {isa = PBXFileReference; lastKnownFileType = file.storyboard; name = Base; path = Base.lproj/LaunchScreen.storyboard; sourceTree = "<group>"; };
		4A11696A239113B900C0BC4E /* Info.plist */ = {isa = PBXFileReference; lastKnownFileType = text.plist.xml; path = Info.plist; sourceTree = "<group>"; };
		4A11696B239113B900C0BC4E /* main.m */ = {isa = PBXFileReference; lastKnownFileType = sourcecode.c.objc; path = main.m; sourceTree = "<group>"; };
		4A1169822391145B00C0BC4E /* DemoViewController.h */ = {isa = PBXFileReference; fileEncoding = 4; lastKnownFileType = sourcecode.c.h; path = DemoViewController.h; sourceTree = "<group>"; };
		4A1169832391145B00C0BC4E /* DemoViewController.mm */ = {isa = PBXFileReference; fileEncoding = 4; lastKnownFileType = sourcecode.cpp.objcpp; path = DemoViewController.mm; sourceTree = "<group>"; };
		4A159F3623D3F3BD00804D70 /* RootTabbarVC.h */ = {isa = PBXFileReference; lastKnownFileType = sourcecode.c.h; path = RootTabbarVC.h; sourceTree = "<group>"; };
		4A159F3723D3F3BD00804D70 /* RootTabbarVC.m */ = {isa = PBXFileReference; lastKnownFileType = sourcecode.c.objc; path = RootTabbarVC.m; sourceTree = "<group>"; };
		4A1D78A024F52ACB006125D0 /* FTDatabaseTest.m */ = {isa = PBXFileReference; fileEncoding = 4; lastKnownFileType = sourcecode.c.objc; path = FTDatabaseTest.m; sourceTree = "<group>"; };
		4A1D78A124F52ACC006125D0 /* FTTrackerEventDBTool+Test.h */ = {isa = PBXFileReference; fileEncoding = 4; lastKnownFileType = sourcecode.c.h; path = "FTTrackerEventDBTool+Test.h"; sourceTree = "<group>"; };
		4A22526C23B5AC7600B0ED41 /* FTMobileSDKUITests.xctest */ = {isa = PBXFileReference; explicitFileType = wrapper.cfbundle; includeInIndex = 0; path = FTMobileSDKUITests.xctest; sourceTree = BUILT_PRODUCTS_DIR; };
		4A22526E23B5AC7600B0ED41 /* FTMobileSDKUITests.m */ = {isa = PBXFileReference; lastKnownFileType = sourcecode.c.objc; path = FTMobileSDKUITests.m; sourceTree = "<group>"; };
		4A22527023B5AC7600B0ED41 /* Info.plist */ = {isa = PBXFileReference; lastKnownFileType = text.plist.xml; path = Info.plist; sourceTree = "<group>"; };
		4A270E9424FF97FE0079F455 /* FTUtilsTest.m */ = {isa = PBXFileReference; lastKnownFileType = sourcecode.c.objc; path = FTUtilsTest.m; sourceTree = "<group>"; };
		4A299B932514953300400931 /* FTPropertyTest.m */ = {isa = PBXFileReference; lastKnownFileType = sourcecode.c.objc; path = FTPropertyTest.m; sourceTree = "<group>"; };
		4A3931532531C26300BC2134 /* TestANRVC.h */ = {isa = PBXFileReference; lastKnownFileType = sourcecode.c.h; path = TestANRVC.h; sourceTree = "<group>"; };
		4A3931542531C26300BC2134 /* TestANRVC.m */ = {isa = PBXFileReference; lastKnownFileType = sourcecode.c.objc; path = TestANRVC.m; sourceTree = "<group>"; };
		4A3C7D4C23E6C995006DC9C7 /* Foundation.framework */ = {isa = PBXFileReference; lastKnownFileType = wrapper.framework; name = Foundation.framework; path = System/Library/Frameworks/Foundation.framework; sourceTree = SDKROOT; };
		4A49E9322536E5E9009C44AD /* TestWKWebViewVC.h */ = {isa = PBXFileReference; fileEncoding = 4; lastKnownFileType = sourcecode.c.h; path = TestWKWebViewVC.h; sourceTree = "<group>"; };
		4A49E9332536E5E9009C44AD /* TestWKWebViewVC.m */ = {isa = PBXFileReference; fileEncoding = 4; lastKnownFileType = sourcecode.c.objc; path = TestWKWebViewVC.m; sourceTree = "<group>"; };
		4A78B9C82563C43E0021E0BC /* NotificationCenter.framework */ = {isa = PBXFileReference; lastKnownFileType = wrapper.framework; name = NotificationCenter.framework; path = System/Library/Frameworks/NotificationCenter.framework; sourceTree = SDKROOT; };
		4A85313623AB85FC00B40B5D /* FTMobileSDKUnitTests.xctest */ = {isa = PBXFileReference; explicitFileType = wrapper.cfbundle; includeInIndex = 0; path = FTMobileSDKUnitTests.xctest; sourceTree = BUILT_PRODUCTS_DIR; };
		4A85313823AB85FC00B40B5D /* FTMobileAgentTests.m */ = {isa = PBXFileReference; lastKnownFileType = sourcecode.c.objc; path = FTMobileAgentTests.m; sourceTree = "<group>"; };
		4A85313A23AB85FC00B40B5D /* Info.plist */ = {isa = PBXFileReference; lastKnownFileType = text.plist.xml; path = Info.plist; sourceTree = "<group>"; };
		4A85314423AC6B2700B40B5D /* UITestVC.h */ = {isa = PBXFileReference; lastKnownFileType = sourcecode.c.h; path = UITestVC.h; sourceTree = "<group>"; };
		4A85314523AC6B2700B40B5D /* UITestVC.m */ = {isa = PBXFileReference; lastKnownFileType = sourcecode.c.objc; path = UITestVC.m; sourceTree = "<group>"; };
		4A85318B23B23A4000B40B5D /* FTNetworkTests.m */ = {isa = PBXFileReference; lastKnownFileType = sourcecode.c.objc; path = FTNetworkTests.m; sourceTree = "<group>"; };
		4A8531A223B3322500B40B5D /* FTAutoTrackTest.m */ = {isa = PBXFileReference; lastKnownFileType = sourcecode.c.objc; path = FTAutoTrackTest.m; sourceTree = "<group>"; };
		4AECBCD924497DBF0023DEF7 /* CoreBluetooth.framework */ = {isa = PBXFileReference; lastKnownFileType = wrapper.framework; name = CoreBluetooth.framework; path = System/Library/Frameworks/CoreBluetooth.framework; sourceTree = SDKROOT; };
		5594034D607A53198E87D470 /* Pods-App.release.xcconfig */ = {isa = PBXFileReference; includeInIndex = 1; lastKnownFileType = text.xcconfig; name = "Pods-App.release.xcconfig"; path = "Target Support Files/Pods-App/Pods-App.release.xcconfig"; sourceTree = "<group>"; };
		624ACC96BC35031EEC518A8F /* Pods-FTMobileSDKUnitTests.pre.xcconfig */ = {isa = PBXFileReference; includeInIndex = 1; lastKnownFileType = text.xcconfig; name = "Pods-FTMobileSDKUnitTests.pre.xcconfig"; path = "Target Support Files/Pods-FTMobileSDKUnitTests/Pods-FTMobileSDKUnitTests.pre.xcconfig"; sourceTree = "<group>"; };
		75183B7772B5B81DFCAE161F /* Pods-FTMobileSDKUnitTests.debug.xcconfig */ = {isa = PBXFileReference; includeInIndex = 1; lastKnownFileType = text.xcconfig; name = "Pods-FTMobileSDKUnitTests.debug.xcconfig"; path = "Target Support Files/Pods-FTMobileSDKUnitTests/Pods-FTMobileSDKUnitTests.debug.xcconfig"; sourceTree = "<group>"; };
		7A0BBFB561FCDDD212ED9F72 /* Pods_FTMobileSDKUnitTests.framework */ = {isa = PBXFileReference; explicitFileType = wrapper.framework; includeInIndex = 0; path = Pods_FTMobileSDKUnitTests.framework; sourceTree = BUILT_PRODUCTS_DIR; };
		7C02F60C268C498200A0FE90 /* App.entitlements */ = {isa = PBXFileReference; lastKnownFileType = text.plist.entitlements; path = App.entitlements; sourceTree = "<group>"; };
		7C28B870266098B800CECBA6 /* TestJsbridgeData.h */ = {isa = PBXFileReference; fileEncoding = 4; lastKnownFileType = sourcecode.c.h; path = TestJsbridgeData.h; sourceTree = "<group>"; };
		7C28B871266098B800CECBA6 /* TestJsbridgeData.m */ = {isa = PBXFileReference; fileEncoding = 4; lastKnownFileType = sourcecode.c.objc; path = TestJsbridgeData.m; sourceTree = "<group>"; };
		7C28B877266098E700CECBA6 /* sample.html */ = {isa = PBXFileReference; fileEncoding = 4; lastKnownFileType = text.html; path = sample.html; sourceTree = "<group>"; };
		7C2DD68F25F9BFF600BFF757 /* SampleApp-Bridging-Header.h */ = {isa = PBXFileReference; lastKnownFileType = sourcecode.c.h; path = "SampleApp-Bridging-Header.h"; sourceTree = "<group>"; };
		7C3C289527683983009DB8E2 /* FTRUMTest.m */ = {isa = PBXFileReference; lastKnownFileType = sourcecode.c.objc; path = FTRUMTest.m; sourceTree = "<group>"; };
		7C57E8BC26D3A40F002DA85B /* FTTrackDataManager+Test.h */ = {isa = PBXFileReference; lastKnownFileType = sourcecode.c.h; path = "FTTrackDataManager+Test.h"; sourceTree = "<group>"; };
		7C57E8BD26D3A40F002DA85B /* FTTrackDataManager+Test.m */ = {isa = PBXFileReference; lastKnownFileType = sourcecode.c.objc; path = "FTTrackDataManager+Test.m"; sourceTree = "<group>"; };
		7C640089275A1E8300B2708B /* ManualRumAndTraceDataAdd.h */ = {isa = PBXFileReference; lastKnownFileType = sourcecode.c.h; path = ManualRumAndTraceDataAdd.h; sourceTree = "<group>"; };
		7C64008A275A1E8300B2708B /* ManualRumAndTraceDataAdd.m */ = {isa = PBXFileReference; lastKnownFileType = sourcecode.c.objc; path = ManualRumAndTraceDataAdd.m; sourceTree = "<group>"; };
		7C6E8EBF25DE4D4E00D12C12 /* CrashVC.h */ = {isa = PBXFileReference; lastKnownFileType = sourcecode.c.h; path = CrashVC.h; sourceTree = "<group>"; };
		7C6E8EC025DE4D4E00D12C12 /* CrashVC.m */ = {isa = PBXFileReference; lastKnownFileType = sourcecode.c.objc; path = CrashVC.m; sourceTree = "<group>"; };
		7C6E8F1225DF684600D12C12 /* TableViewCellItem.h */ = {isa = PBXFileReference; lastKnownFileType = sourcecode.c.h; path = TableViewCellItem.h; sourceTree = "<group>"; };
		7C6E8F1325DF684600D12C12 /* TableViewCellItem.m */ = {isa = PBXFileReference; lastKnownFileType = sourcecode.c.objc; path = TableViewCellItem.m; sourceTree = "<group>"; };
		7C6E925225E35E9700D12C12 /* Crasher.mm */ = {isa = PBXFileReference; fileEncoding = 4; lastKnownFileType = sourcecode.cpp.objcpp; path = Crasher.mm; sourceTree = "<group>"; };
		7C6E925325E35E9800D12C12 /* Crasher.h */ = {isa = PBXFileReference; fileEncoding = 4; lastKnownFileType = sourcecode.c.h; path = Crasher.h; sourceTree = "<group>"; };
		7C8CE50A25F8DD2A0043B213 /* PrintHookTest.swift */ = {isa = PBXFileReference; lastKnownFileType = sourcecode.swift; path = PrintHookTest.swift; sourceTree = "<group>"; };
		7CA16CC026B8DF1D0079840D /* TestWKParentVC.h */ = {isa = PBXFileReference; lastKnownFileType = sourcecode.c.h; path = TestWKParentVC.h; sourceTree = "<group>"; };
		7CA16CC126B8DF1D0079840D /* TestWKParentVC.m */ = {isa = PBXFileReference; lastKnownFileType = sourcecode.c.objc; path = TestWKParentVC.m; sourceTree = "<group>"; };
		7CA16CD226B8ECD10079840D /* TestWkWebViewHandler.h */ = {isa = PBXFileReference; lastKnownFileType = sourcecode.c.h; path = TestWkWebViewHandler.h; sourceTree = "<group>"; };
		7CA16CD326B8ECD10079840D /* TestWkWebViewHandler.m */ = {isa = PBXFileReference; lastKnownFileType = sourcecode.c.objc; path = TestWkWebViewHandler.m; sourceTree = "<group>"; };
		7CA16CE126B9110E0079840D /* TestWKProxy.h */ = {isa = PBXFileReference; lastKnownFileType = sourcecode.c.h; path = TestWKProxy.h; sourceTree = "<group>"; };
		7CA16CE226B9110F0079840D /* TestWKProxy.m */ = {isa = PBXFileReference; lastKnownFileType = sourcecode.c.objc; path = TestWKProxy.m; sourceTree = "<group>"; };
		83AC16E369EA3208951D0A25 /* Pods-App.debug.xcconfig */ = {isa = PBXFileReference; includeInIndex = 1; lastKnownFileType = text.xcconfig; name = "Pods-App.debug.xcconfig"; path = "Target Support Files/Pods-App/Pods-App.debug.xcconfig"; sourceTree = "<group>"; };
		CC1B0A2F389AA3B88F436B9F /* Pods_SwiftApp.framework */ = {isa = PBXFileReference; explicitFileType = wrapper.framework; includeInIndex = 0; path = Pods_SwiftApp.framework; sourceTree = BUILT_PRODUCTS_DIR; };
		EA27A847C08A0CBC01BFB58B /* Pods_App.framework */ = {isa = PBXFileReference; explicitFileType = wrapper.framework; includeInIndex = 0; path = Pods_App.framework; sourceTree = BUILT_PRODUCTS_DIR; };
		EE4C59F8080E745DFE6C2E40 /* Pods-FTMobileSDKUnitTests.release.xcconfig */ = {isa = PBXFileReference; includeInIndex = 1; lastKnownFileType = text.xcconfig; name = "Pods-FTMobileSDKUnitTests.release.xcconfig"; path = "Target Support Files/Pods-FTMobileSDKUnitTests/Pods-FTMobileSDKUnitTests.release.xcconfig"; sourceTree = "<group>"; };
/* End PBXFileReference section */

/* Begin PBXFrameworksBuildPhase section */
		172DD33028F7FC27007AE5E9 /* Frameworks */ = {
			isa = PBXFrameworksBuildPhase;
			buildActionMask = 2147483647;
			files = (
				1788B20F29C86D32007FDFF1 /* FTMobileExtension.framework in Frameworks */,
				172DD33728F7FC27007AE5E9 /* SwiftUI.framework in Frameworks */,
				172DD33528F7FC27007AE5E9 /* WidgetKit.framework in Frameworks */,
			);
			runOnlyForDeploymentPostprocessing = 0;
		};
		1764E3FC29AC9B0400E70DBB /* Frameworks */ = {
			isa = PBXFrameworksBuildPhase;
			buildActionMask = 2147483647;
			files = (
				178649292A1CA79100521187 /* FTMobileSDK.framework in Frameworks */,
			);
			runOnlyForDeploymentPostprocessing = 0;
		};
		4A116953239113B600C0BC4E /* Frameworks */ = {
			isa = PBXFrameworksBuildPhase;
			buildActionMask = 2147483647;
			files = (
				4AECBCDE24497DBF0023DEF7 /* CoreBluetooth.framework in Frameworks */,
				1763BD6829DFEAF6009EE026 /* FTMobileSDK.framework in Frameworks */,
				4A3C7D4D23E6C995006DC9C7 /* Foundation.framework in Frameworks */,
				0235FA138588229E504FACE1 /* Pods_App.framework in Frameworks */,
			);
			runOnlyForDeploymentPostprocessing = 0;
		};
		4A22526923B5AC7600B0ED41 /* Frameworks */ = {
			isa = PBXFrameworksBuildPhase;
			buildActionMask = 2147483647;
			files = (
			);
			runOnlyForDeploymentPostprocessing = 0;
		};
		4A85313323AB85FC00B40B5D /* Frameworks */ = {
			isa = PBXFrameworksBuildPhase;
			buildActionMask = 2147483647;
			files = (
				17510DD829C99F2E00C8F1E4 /* FTMobileExtension.framework in Frameworks */,
				4E953B54CC64EBC979926072 /* Pods_FTMobileSDKUnitTests.framework in Frameworks */,
			);
			runOnlyForDeploymentPostprocessing = 0;
		};
/* End PBXFrameworksBuildPhase section */

/* Begin PBXGroup section */
		172C356D280D8885002D139E /* UtilsTest */ = {
			isa = PBXGroup;
			children = (
				174058C728D826540092E096 /* FTAppLaunchDurationTest.m */,
				4A299B932514953300400931 /* FTPropertyTest.m */,
				4A270E9424FF97FE0079F455 /* FTUtilsTest.m */,
				172C3570280E7D5F002D139E /* FTSwizzleTest.m */,
				172C3594280FAC16002D139E /* FTSwizzlerTest.m */,
				17B17150281042B7004002C9 /* FTThreadDispatchTest.m */,
				17B1715428115ADF004002C9 /* FTAppLifeCycleTest.m */,
				4A1D78A024F52ACB006125D0 /* FTDatabaseTest.m */,
			);
			path = UtilsTest;
			sourceTree = "<group>";
		};
		172DD33828F7FC27007AE5E9 /* WidgetDemo */ = {
			isa = PBXGroup;
			children = (
				172DD34A28F7FCB8007AE5E9 /* WidgetDemoExtension.entitlements */,
				172DD34728F7FC50007AE5E9 /* WidgetNetwork.swift */,
				172DD33928F7FC27007AE5E9 /* WidgetDemo.swift */,
				172DD33B28F7FC28007AE5E9 /* Assets.xcassets */,
				172DD33D28F7FC28007AE5E9 /* Info.plist */,
			);
			path = WidgetDemo;
			sourceTree = "<group>";
		};
		174058BE28D814D70092E096 /* WKWebView */ = {
			isa = PBXGroup;
			children = (
				174058BF28D815810092E096 /* FTJavaScriptBridgeTest.m */,
			);
			path = WKWebView;
			sourceTree = "<group>";
		};
		17593ADE29068DC200A15CD9 /* Resource */ = {
			isa = PBXGroup;
			children = (
				1788B11529BAF43B007FDFF1 /* HttpEngineTestUtil.h */,
				1788B11429BAF43B007FDFF1 /* HttpEngineTestUtil.m */,
				4A037EF924F791CB007B2104 /* FTTraceTest.m */,
				17593AE12906917700A15CD9 /* FTResourceDelegateTest.m */,
			);
			path = Resource;
			sourceTree = "<group>";
		};
		1764E40029AC9B0500E70DBB /* SwiftApp */ = {
			isa = PBXGroup;
			children = (
				1764E40129AC9B0500E70DBB /* AppDelegate.swift */,
				1764E40329AC9B0500E70DBB /* SceneDelegate.swift */,
				1764E40529AC9B0500E70DBB /* ViewController.swift */,
				1764E40729AC9B0500E70DBB /* Main.storyboard */,
				1764E40A29AC9B0600E70DBB /* Assets.xcassets */,
				1764E40C29AC9B0600E70DBB /* LaunchScreen.storyboard */,
				1764E40F29AC9B0600E70DBB /* Info.plist */,
				1764E41829ACB5BB00E70DBB /* LogViewController.swift */,
				1764E41A29ACB68C00E70DBB /* TraceViewController.swift */,
				1764E41C29ACB70200E70DBB /* RUMViewController.swift */,
			);
			path = SwiftApp;
			sourceTree = "<group>";
		};
		177892B829A60CD20007B47F /* PerformanceTest */ = {
			isa = PBXGroup;
			children = (
				177892B929A60F2E0007B47F /* PerformanceBaseTest.m */,
				177892BC29A60FA10007B47F /* PerformanceRumTest.m */,
				177892BE29A60FD00007B47F /* PerformanceLoggingTest.m */,
				177892C029A60FE90007B47F /* PerformanceTracingTest.m */,
			);
			path = PerformanceTest;
			sourceTree = "<group>";
		};
		17B1715828153F9D004002C9 /* Network */ = {
			isa = PBXGroup;
			children = (
				4A85318B23B23A4000B40B5D /* FTNetworkTests.m */,
				17B1715928154A6E004002C9 /* FTRequestTest.m */,
			);
			path = Network;
			sourceTree = "<group>";
		};
		17C7631B28266631009582B6 /* LineProtocol */ = {
			isa = PBXGroup;
			children = (
				17C7631E28267154009582B6 /* FTLineProtocol.m */,
			);
			path = LineProtocol;
			sourceTree = "<group>";
		};
		17E0792C291E60830014A420 /* ExtensionSDK */ = {
			isa = PBXGroup;
			children = (
				17E0792D291E60830014A420 /* FTExtensionSDKTest.m */,
			);
			path = ExtensionSDK;
			sourceTree = "<group>";
		};
		4A11694D239113B600C0BC4E = {
			isa = PBXGroup;
			children = (
				4A116958239113B600C0BC4E /* App */,
				172DD33828F7FC27007AE5E9 /* WidgetDemo */,
				1764E40029AC9B0500E70DBB /* SwiftApp */,
				4A85313723AB85FC00B40B5D /* FTMobileSDKUnitTests */,
				4A22526D23B5AC7600B0ED41 /* FTMobileSDKUITests */,
				4A116957239113B600C0BC4E /* Products */,
				4A5BCD9A239A77340056C12E /* Frameworks */,
				7C28B7D2266092C400CECBA6 /* Recovered References */,
				880F350DF6CD215D4676ABC8 /* Pods */,
			);
			sourceTree = "<group>";
		};
		4A116957239113B600C0BC4E /* Products */ = {
			isa = PBXGroup;
			children = (
				4A116956239113B600C0BC4E /* App.app */,
				4A85313623AB85FC00B40B5D /* FTMobileSDKUnitTests.xctest */,
				4A22526C23B5AC7600B0ED41 /* FTMobileSDKUITests.xctest */,
				172DD33328F7FC27007AE5E9 /* WidgetDemoExtension.appex */,
				1764E3FF29AC9B0400E70DBB /* SwiftApp.app */,
			);
			name = Products;
			sourceTree = "<group>";
		};
		4A116958239113B600C0BC4E /* App */ = {
			isa = PBXGroup;
			children = (
				7C02F60C268C498200A0FE90 /* App.entitlements */,
				4A116959239113B600C0BC4E /* AppDelegate.h */,
				4A11695A239113B600C0BC4E /* AppDelegate.m */,
				4A11695C239113B600C0BC4E /* SceneDelegate.h */,
				4A11695D239113B600C0BC4E /* SceneDelegate.m */,
				4A1169822391145B00C0BC4E /* DemoViewController.h */,
				4A1169832391145B00C0BC4E /* DemoViewController.mm */,
				7C640089275A1E8300B2708B /* ManualRumAndTraceDataAdd.h */,
				7C64008A275A1E8300B2708B /* ManualRumAndTraceDataAdd.m */,
				7C6E8EBF25DE4D4E00D12C12 /* CrashVC.h */,
				7C6E8EC025DE4D4E00D12C12 /* CrashVC.m */,
				7C6E925325E35E9800D12C12 /* Crasher.h */,
				7C6E925225E35E9700D12C12 /* Crasher.mm */,
				7C6E8F1225DF684600D12C12 /* TableViewCellItem.h */,
				7C6E8F1325DF684600D12C12 /* TableViewCellItem.m */,
				4A159F3623D3F3BD00804D70 /* RootTabbarVC.h */,
				4A159F3723D3F3BD00804D70 /* RootTabbarVC.m */,
				4A85314423AC6B2700B40B5D /* UITestVC.h */,
				4A85314523AC6B2700B40B5D /* UITestVC.m */,
				7C28B870266098B800CECBA6 /* TestJsbridgeData.h */,
				7C28B871266098B800CECBA6 /* TestJsbridgeData.m */,
				4A3931532531C26300BC2134 /* TestANRVC.h */,
				4A3931542531C26300BC2134 /* TestANRVC.m */,
				4A49E9322536E5E9009C44AD /* TestWKWebViewVC.h */,
				4A49E9332536E5E9009C44AD /* TestWKWebViewVC.m */,
				7CA16CC026B8DF1D0079840D /* TestWKParentVC.h */,
				7CA16CC126B8DF1D0079840D /* TestWKParentVC.m */,
				172DD35028F7FEDF007AE5E9 /* NetworkTraceVC.h */,
				172DD34D28F7FEDF007AE5E9 /* NetworkTraceVC.m */,
				172DD35328F7FF0D007AE5E9 /* HttpEngine.h */,
				1788B11729BAFE94007FDFF1 /* HttpEngine.m */,
				7CA16CD226B8ECD10079840D /* TestWkWebViewHandler.h */,
				7CA16CD326B8ECD10079840D /* TestWkWebViewHandler.m */,
				7CA16CE126B9110E0079840D /* TestWKProxy.h */,
				7CA16CE226B9110F0079840D /* TestWKProxy.m */,
				7C2DD68F25F9BFF600BFF757 /* SampleApp-Bridging-Header.h */,
				7C8CE50A25F8DD2A0043B213 /* PrintHookTest.swift */,
				7C28B877266098E700CECBA6 /* sample.html */,
				4A116962239113B600C0BC4E /* Main.storyboard */,
				4A116965239113B900C0BC4E /* Assets.xcassets */,
				4A116967239113B900C0BC4E /* LaunchScreen.storyboard */,
				4A11696A239113B900C0BC4E /* Info.plist */,
				4A11696B239113B900C0BC4E /* main.m */,
				174486DA2A0CF9F30049DA89 /* CHANGELOG */,
			);
			path = App;
			sourceTree = "<group>";
		};
		4A22526D23B5AC7600B0ED41 /* FTMobileSDKUITests */ = {
			isa = PBXGroup;
			children = (
				4A22526E23B5AC7600B0ED41 /* FTMobileSDKUITests.m */,
				4A22527023B5AC7600B0ED41 /* Info.plist */,
			);
			path = FTMobileSDKUITests;
			sourceTree = "<group>";
		};
		4A2C825F24EFC9AB006D4FC6 /* HookTest */ = {
			isa = PBXGroup;
			children = (
				174058BC28D813A20092E096 /* FTLongTaskTest.m */,
				174058BA28D813190092E096 /* FTLoggerTest.m */,
				4A8531A223B3322500B40B5D /* FTAutoTrackTest.m */,
			);
			path = HookTest;
			sourceTree = "<group>";
		};
		4A2C826224EFD13D006D4FC6 /* OpenAPITest */ = {
			isa = PBXGroup;
			children = (
				4A85313823AB85FC00B40B5D /* FTMobileAgentTests.m */,
				7C3C289527683983009DB8E2 /* FTRUMTest.m */,
				17DA844C288808B2001A0B30 /* FTRUMMonitorTest.m */,
			);
			path = OpenAPITest;
			sourceTree = "<group>";
		};
		4A5BCD9A239A77340056C12E /* Frameworks */ = {
			isa = PBXGroup;
			children = (
				178649282A1CA79100521187 /* FTMobileSDK.framework */,
				1763BD6729DFEAF6009EE026 /* FTMobileSDK.framework */,
				1799DF8129CAE4430043D7B5 /* FTMobileAgent macOS.framework */,
				17510DD729C99F2E00C8F1E4 /* FTMobileExtension.framework */,
				17510DD429C99F0900C8F1E4 /* FTMobileExtension.framework */,
				179FCFFD29C999A100DBB66F /* FTMobileAgent.framework */,
				179FCFF929C9982200DBB66F /* FTMobileAgent.framework */,
				179FCFF729C989B900DBB66F /* FTMobileSDK.framework */,
				179FCFF529C9887600DBB66F /* FTMobileSDK.framework */,
				17E1927929C9883A0067B23D /* FTMobileSDK.framework */,
				1788B21029C86FA5007FDFF1 /* FTMobileSDK.framework */,
				1788B20E29C86D32007FDFF1 /* FTMobileExtension.framework */,
				1788B20A29C86D24007FDFF1 /* FTMobileSDK.framework */,
				4AECBCD924497DBF0023DEF7 /* CoreBluetooth.framework */,
				4A3C7D4C23E6C995006DC9C7 /* Foundation.framework */,
				7A0BBFB561FCDDD212ED9F72 /* Pods_FTMobileSDKUnitTests.framework */,
				4A78B9C82563C43E0021E0BC /* NotificationCenter.framework */,
				EA27A847C08A0CBC01BFB58B /* Pods_App.framework */,
				172DD33428F7FC27007AE5E9 /* WidgetKit.framework */,
				172DD33628F7FC27007AE5E9 /* SwiftUI.framework */,
				CC1B0A2F389AA3B88F436B9F /* Pods_SwiftApp.framework */,
			);
			name = Frameworks;
			sourceTree = "<group>";
		};
		4A85313723AB85FC00B40B5D /* FTMobileSDKUnitTests */ = {
			isa = PBXGroup;
			children = (
				177892B829A60CD20007B47F /* PerformanceTest */,
				17E0792C291E60830014A420 /* ExtensionSDK */,
				17593ADE29068DC200A15CD9 /* Resource */,
				174058BE28D814D70092E096 /* WKWebView */,
				17C7631B28266631009582B6 /* LineProtocol */,
				4A2C826224EFD13D006D4FC6 /* OpenAPITest */,
				17B1715828153F9D004002C9 /* Network */,
				7C3C290D2768A714009DB8E2 /* Helper */,
				172C356D280D8885002D139E /* UtilsTest */,
				4A2C825F24EFC9AB006D4FC6 /* HookTest */,
				4A85313A23AB85FC00B40B5D /* Info.plist */,
			);
			path = FTMobileSDKUnitTests;
			sourceTree = "<group>";
		};
		7C28B7D2266092C400CECBA6 /* Recovered References */ = {
			isa = PBXGroup;
			children = (
			);
			name = "Recovered References";
			sourceTree = "<group>";
		};
		7C3C290D2768A714009DB8E2 /* Helper */ = {
			isa = PBXGroup;
			children = (
				4A1D78A124F52ACC006125D0 /* FTTrackerEventDBTool+Test.h */,
				7C57E8BC26D3A40F002DA85B /* FTTrackDataManager+Test.h */,
				7C57E8BD26D3A40F002DA85B /* FTTrackDataManager+Test.m */,
				17D339EC2807AB0C0083C2B3 /* FTModelHelper.h */,
				17D339ED2807AB0C0083C2B3 /* FTModelHelper.m */,
			);
			path = Helper;
			sourceTree = "<group>";
		};
		880F350DF6CD215D4676ABC8 /* Pods */ = {
			isa = PBXGroup;
			children = (
				83AC16E369EA3208951D0A25 /* Pods-App.debug.xcconfig */,
				0D444CEFA4C283901BD2CC1E /* Pods-App.pre.xcconfig */,
				5594034D607A53198E87D470 /* Pods-App.release.xcconfig */,
				75183B7772B5B81DFCAE161F /* Pods-FTMobileSDKUnitTests.debug.xcconfig */,
				624ACC96BC35031EEC518A8F /* Pods-FTMobileSDKUnitTests.pre.xcconfig */,
				EE4C59F8080E745DFE6C2E40 /* Pods-FTMobileSDKUnitTests.release.xcconfig */,
			);
			name = Pods;
			path = ../Pods;
			sourceTree = "<group>";
		};
/* End PBXGroup section */

/* Begin PBXHeadersBuildPhase section */
		1788B21229C86FB0007FDFF1 /* Headers */ = {
			isa = PBXHeadersBuildPhase;
			buildActionMask = 2147483647;
			files = (
			);
			runOnlyForDeploymentPostprocessing = 0;
		};
/* End PBXHeadersBuildPhase section */

/* Begin PBXNativeTarget section */
		172DD33228F7FC27007AE5E9 /* WidgetDemoExtension */ = {
			isa = PBXNativeTarget;
			buildConfigurationList = 172DD34628F7FC28007AE5E9 /* Build configuration list for PBXNativeTarget "WidgetDemoExtension" */;
			buildPhases = (
				172DD32F28F7FC27007AE5E9 /* Sources */,
				172DD33028F7FC27007AE5E9 /* Frameworks */,
				172DD33128F7FC27007AE5E9 /* Resources */,
			);
			buildRules = (
			);
			dependencies = (
			);
			name = WidgetDemoExtension;
			productName = WidgetDemoExtension;
			productReference = 172DD33328F7FC27007AE5E9 /* WidgetDemoExtension.appex */;
			productType = "com.apple.product-type.app-extension";
		};
		1764E3FE29AC9B0400E70DBB /* SwiftApp */ = {
			isa = PBXNativeTarget;
			buildConfigurationList = 1764E41529AC9B0600E70DBB /* Build configuration list for PBXNativeTarget "SwiftApp" */;
			buildPhases = (
				1788B21229C86FB0007FDFF1 /* Headers */,
				1764E3FB29AC9B0400E70DBB /* Sources */,
				1764E3FC29AC9B0400E70DBB /* Frameworks */,
				1764E3FD29AC9B0400E70DBB /* Resources */,
				1786492B2A1CA79100521187 /* Embed Frameworks */,
			);
			buildRules = (
			);
			dependencies = (
			);
			name = SwiftApp;
			productName = SwiftApp;
			productReference = 1764E3FF29AC9B0400E70DBB /* SwiftApp.app */;
			productType = "com.apple.product-type.application";
		};
		4A116955239113B600C0BC4E /* App */ = {
			isa = PBXNativeTarget;
			buildConfigurationList = 4A11696F239113B900C0BC4E /* Build configuration list for PBXNativeTarget "App" */;
			buildPhases = (
				317EC2DCD8D39FE7DC557114 /* [CP] Check Pods Manifest.lock */,
				4A116952239113B600C0BC4E /* Sources */,
				4A116953239113B600C0BC4E /* Frameworks */,
				4A116954239113B600C0BC4E /* Resources */,
				4AB783AF23C2D660001FC994 /* CopyFiles */,
				4A78B9D82563C43E0021E0BC /* Embed App Extensions */,
				1763BD6A29DFEAF6009EE026 /* Embed Frameworks */,
			);
			buildRules = (
			);
			dependencies = (
				172DD33F28F7FC28007AE5E9 /* PBXTargetDependency */,
			);
			name = App;
			productName = "ft-sdk-ios";
			productReference = 4A116956239113B600C0BC4E /* App.app */;
			productType = "com.apple.product-type.application";
		};
		4A22526B23B5AC7600B0ED41 /* FTMobileSDKUITests */ = {
			isa = PBXNativeTarget;
			buildConfigurationList = 4A22527323B5AC7600B0ED41 /* Build configuration list for PBXNativeTarget "FTMobileSDKUITests" */;
			buildPhases = (
				4A22526823B5AC7600B0ED41 /* Sources */,
				4A22526923B5AC7600B0ED41 /* Frameworks */,
				4A22526A23B5AC7600B0ED41 /* Resources */,
			);
			buildRules = (
			);
			dependencies = (
				4A22527223B5AC7600B0ED41 /* PBXTargetDependency */,
			);
			name = FTMobileSDKUITests;
			productName = "ft-sdk-iosTestUITests";
			productReference = 4A22526C23B5AC7600B0ED41 /* FTMobileSDKUITests.xctest */;
			productType = "com.apple.product-type.bundle.ui-testing";
		};
		4A85313523AB85FC00B40B5D /* FTMobileSDKUnitTests */ = {
			isa = PBXNativeTarget;
			buildConfigurationList = 4A85314323AB85FC00B40B5D /* Build configuration list for PBXNativeTarget "FTMobileSDKUnitTests" */;
			buildPhases = (
				CE6774076FADD73ADBE41655 /* [CP] Check Pods Manifest.lock */,
				4A85313223AB85FC00B40B5D /* Sources */,
				4A85313323AB85FC00B40B5D /* Frameworks */,
				4A85313423AB85FC00B40B5D /* Resources */,
				320DD14D718F07296F5EBEE3 /* [CP] Embed Pods Frameworks */,
			);
			buildRules = (
			);
			dependencies = (
				4A85313C23AB85FC00B40B5D /* PBXTargetDependency */,
			);
			name = FTMobileSDKUnitTests;
			productName = "ft-sdk-iosTestUnitTests";
			productReference = 4A85313623AB85FC00B40B5D /* FTMobileSDKUnitTests.xctest */;
			productType = "com.apple.product-type.bundle.unit-test";
		};
/* End PBXNativeTarget section */

/* Begin PBXProject section */
		4A11694E239113B600C0BC4E /* Project object */ = {
			isa = PBXProject;
			attributes = {
				LastSwiftUpdateCheck = 1420;
				LastUpgradeCheck = 1110;
				ORGANIZATIONNAME = GuanceCloud;
				TargetAttributes = {
					172DD33228F7FC27007AE5E9 = {
						CreatedOnToolsVersion = 14.0;
					};
					1764E3FE29AC9B0400E70DBB = {
						CreatedOnToolsVersion = 14.2;
					};
					4A116955239113B600C0BC4E = {
						CreatedOnToolsVersion = 11.1;
						LastSwiftMigration = 1140;
					};
					4A22526B23B5AC7600B0ED41 = {
						CreatedOnToolsVersion = 11.1;
						TestTargetID = 4A116955239113B600C0BC4E;
					};
					4A85313523AB85FC00B40B5D = {
						CreatedOnToolsVersion = 11.1;
						LastSwiftMigration = 1230;
						TestTargetID = 4A116955239113B600C0BC4E;
					};
				};
			};
			buildConfigurationList = 4A116951239113B600C0BC4E /* Build configuration list for PBXProject "Examples" */;
			compatibilityVersion = "Xcode 9.3";
			developmentRegion = en;
			hasScannedForEncodings = 0;
			knownRegions = (
				en,
				Base,
			);
			mainGroup = 4A11694D239113B600C0BC4E;
			productRefGroup = 4A116957239113B600C0BC4E /* Products */;
			projectDirPath = "";
			projectRoot = "";
			targets = (
				4A116955239113B600C0BC4E /* App */,
				4A85313523AB85FC00B40B5D /* FTMobileSDKUnitTests */,
				4A22526B23B5AC7600B0ED41 /* FTMobileSDKUITests */,
				172DD33228F7FC27007AE5E9 /* WidgetDemoExtension */,
				1764E3FE29AC9B0400E70DBB /* SwiftApp */,
			);
		};
/* End PBXProject section */

/* Begin PBXResourcesBuildPhase section */
		172DD33128F7FC27007AE5E9 /* Resources */ = {
			isa = PBXResourcesBuildPhase;
			buildActionMask = 2147483647;
			files = (
				172DD33C28F7FC28007AE5E9 /* Assets.xcassets in Resources */,
			);
			runOnlyForDeploymentPostprocessing = 0;
		};
		1764E3FD29AC9B0400E70DBB /* Resources */ = {
			isa = PBXResourcesBuildPhase;
			buildActionMask = 2147483647;
			files = (
				1764E40E29AC9B0600E70DBB /* LaunchScreen.storyboard in Resources */,
				1764E40B29AC9B0600E70DBB /* Assets.xcassets in Resources */,
				1764E40929AC9B0500E70DBB /* Main.storyboard in Resources */,
			);
			runOnlyForDeploymentPostprocessing = 0;
		};
		4A116954239113B600C0BC4E /* Resources */ = {
			isa = PBXResourcesBuildPhase;
			buildActionMask = 2147483647;
			files = (
				4A116969239113B900C0BC4E /* LaunchScreen.storyboard in Resources */,
				4A116966239113B900C0BC4E /* Assets.xcassets in Resources */,
				7C28B878266098E700CECBA6 /* sample.html in Resources */,
				4A116964239113B600C0BC4E /* Main.storyboard in Resources */,
				174486DB2A0CF9F30049DA89 /* CHANGELOG in Resources */,
			);
			runOnlyForDeploymentPostprocessing = 0;
		};
		4A22526A23B5AC7600B0ED41 /* Resources */ = {
			isa = PBXResourcesBuildPhase;
			buildActionMask = 2147483647;
			files = (
			);
			runOnlyForDeploymentPostprocessing = 0;
		};
		4A85313423AB85FC00B40B5D /* Resources */ = {
			isa = PBXResourcesBuildPhase;
			buildActionMask = 2147483647;
			files = (
			);
			runOnlyForDeploymentPostprocessing = 0;
		};
/* End PBXResourcesBuildPhase section */

/* Begin PBXShellScriptBuildPhase section */
		317EC2DCD8D39FE7DC557114 /* [CP] Check Pods Manifest.lock */ = {
			isa = PBXShellScriptBuildPhase;
			buildActionMask = 2147483647;
			files = (
			);
			inputFileListPaths = (
			);
			inputPaths = (
				"${PODS_PODFILE_DIR_PATH}/Podfile.lock",
				"${PODS_ROOT}/Manifest.lock",
			);
			name = "[CP] Check Pods Manifest.lock";
			outputFileListPaths = (
			);
			outputPaths = (
				"$(DERIVED_FILE_DIR)/Pods-App-checkManifestLockResult.txt",
			);
			runOnlyForDeploymentPostprocessing = 0;
			shellPath = /bin/sh;
			shellScript = "diff \"${PODS_PODFILE_DIR_PATH}/Podfile.lock\" \"${PODS_ROOT}/Manifest.lock\" > /dev/null\nif [ $? != 0 ] ; then\n    # print error to STDERR\n    echo \"error: The sandbox is not in sync with the Podfile.lock. Run 'pod install' or update your CocoaPods installation.\" >&2\n    exit 1\nfi\n# This output is used by Xcode 'outputs' to avoid re-running this script phase.\necho \"SUCCESS\" > \"${SCRIPT_OUTPUT_FILE_0}\"\n";
			showEnvVarsInLog = 0;
		};
		320DD14D718F07296F5EBEE3 /* [CP] Embed Pods Frameworks */ = {
			isa = PBXShellScriptBuildPhase;
			buildActionMask = 2147483647;
			files = (
			);
			inputFileListPaths = (
				"${PODS_ROOT}/Target Support Files/Pods-FTMobileSDKUnitTests/Pods-FTMobileSDKUnitTests-frameworks-${CONFIGURATION}-input-files.xcfilelist",
			);
			name = "[CP] Embed Pods Frameworks";
			outputFileListPaths = (
				"${PODS_ROOT}/Target Support Files/Pods-FTMobileSDKUnitTests/Pods-FTMobileSDKUnitTests-frameworks-${CONFIGURATION}-output-files.xcfilelist",
			);
			runOnlyForDeploymentPostprocessing = 0;
			shellPath = /bin/sh;
			shellScript = "\"${PODS_ROOT}/Target Support Files/Pods-FTMobileSDKUnitTests/Pods-FTMobileSDKUnitTests-frameworks.sh\"\n";
			showEnvVarsInLog = 0;
		};
		CE6774076FADD73ADBE41655 /* [CP] Check Pods Manifest.lock */ = {
			isa = PBXShellScriptBuildPhase;
			buildActionMask = 2147483647;
			files = (
			);
			inputFileListPaths = (
			);
			inputPaths = (
				"${PODS_PODFILE_DIR_PATH}/Podfile.lock",
				"${PODS_ROOT}/Manifest.lock",
			);
			name = "[CP] Check Pods Manifest.lock";
			outputFileListPaths = (
			);
			outputPaths = (
				"$(DERIVED_FILE_DIR)/Pods-FTMobileSDKUnitTests-checkManifestLockResult.txt",
			);
			runOnlyForDeploymentPostprocessing = 0;
			shellPath = /bin/sh;
			shellScript = "diff \"${PODS_PODFILE_DIR_PATH}/Podfile.lock\" \"${PODS_ROOT}/Manifest.lock\" > /dev/null\nif [ $? != 0 ] ; then\n    # print error to STDERR\n    echo \"error: The sandbox is not in sync with the Podfile.lock. Run 'pod install' or update your CocoaPods installation.\" >&2\n    exit 1\nfi\n# This output is used by Xcode 'outputs' to avoid re-running this script phase.\necho \"SUCCESS\" > \"${SCRIPT_OUTPUT_FILE_0}\"\n";
			showEnvVarsInLog = 0;
		};
/* End PBXShellScriptBuildPhase section */

/* Begin PBXSourcesBuildPhase section */
		172DD32F28F7FC27007AE5E9 /* Sources */ = {
			isa = PBXSourcesBuildPhase;
			buildActionMask = 2147483647;
			files = (
				172DD34928F7FC56007AE5E9 /* WidgetNetwork.swift in Sources */,
				172DD33A28F7FC27007AE5E9 /* WidgetDemo.swift in Sources */,
			);
			runOnlyForDeploymentPostprocessing = 0;
		};
		1764E3FB29AC9B0400E70DBB /* Sources */ = {
			isa = PBXSourcesBuildPhase;
			buildActionMask = 2147483647;
			files = (
				1764E40629AC9B0500E70DBB /* ViewController.swift in Sources */,
				1764E40229AC9B0500E70DBB /* AppDelegate.swift in Sources */,
				1764E40429AC9B0500E70DBB /* SceneDelegate.swift in Sources */,
				1764E41D29ACB70200E70DBB /* RUMViewController.swift in Sources */,
				1764E41B29ACB68C00E70DBB /* TraceViewController.swift in Sources */,
				1764E41929ACB5BB00E70DBB /* LogViewController.swift in Sources */,
			);
			runOnlyForDeploymentPostprocessing = 0;
		};
		4A116952239113B600C0BC4E /* Sources */ = {
			isa = PBXSourcesBuildPhase;
			buildActionMask = 2147483647;
			files = (
				7CA16CC226B8DF1D0079840D /* TestWKParentVC.m in Sources */,
				1788B11829BAFE94007FDFF1 /* HttpEngine.m in Sources */,
				7CA16CE326B9110F0079840D /* TestWKProxy.m in Sources */,
				4A3931552531C26300BC2134 /* TestANRVC.m in Sources */,
				4A11695B239113B600C0BC4E /* AppDelegate.m in Sources */,
				172DD35128F7FEDF007AE5E9 /* NetworkTraceVC.m in Sources */,
				4A1169842391145B00C0BC4E /* DemoViewController.mm in Sources */,
				7C6E925425E35E9800D12C12 /* Crasher.mm in Sources */,
				4A159F3823D3F3BD00804D70 /* RootTabbarVC.m in Sources */,
				4A85314623AC6B2700B40B5D /* UITestVC.m in Sources */,
				4A49E93E253979C5009C44AD /* TestWKWebViewVC.m in Sources */,
				4A11696C239113B900C0BC4E /* main.m in Sources */,
				7C28B872266098B800CECBA6 /* TestJsbridgeData.m in Sources */,
				7C8CE50B25F8DD2A0043B213 /* PrintHookTest.swift in Sources */,
				7C64008B275A1E8300B2708B /* ManualRumAndTraceDataAdd.m in Sources */,
				7CA16CD426B8ECD10079840D /* TestWkWebViewHandler.m in Sources */,
				4A11695E239113B600C0BC4E /* SceneDelegate.m in Sources */,
				7C6E8F1425DF684600D12C12 /* TableViewCellItem.m in Sources */,
				7C6E8EC125DE4D4E00D12C12 /* CrashVC.m in Sources */,
			);
			runOnlyForDeploymentPostprocessing = 0;
		};
		4A22526823B5AC7600B0ED41 /* Sources */ = {
			isa = PBXSourcesBuildPhase;
			buildActionMask = 2147483647;
			files = (
				4A22526F23B5AC7600B0ED41 /* FTMobileSDKUITests.m in Sources */,
			);
			runOnlyForDeploymentPostprocessing = 0;
		};
		4A85313223AB85FC00B40B5D /* Sources */ = {
			isa = PBXSourcesBuildPhase;
			buildActionMask = 2147483647;
			files = (
				17E0792E291E60830014A420 /* FTExtensionSDKTest.m in Sources */,
				177892BA29A60F2E0007B47F /* PerformanceBaseTest.m in Sources */,
				17593AE22906917700A15CD9 /* FTResourceDelegateTest.m in Sources */,
				174058C828D826540092E096 /* FTAppLaunchDurationTest.m in Sources */,
				4A85318C23B23A4000B40B5D /* FTNetworkTests.m in Sources */,
				4A1D78A224F52ACC006125D0 /* FTDatabaseTest.m in Sources */,
				4A037EFA24F791CB007B2104 /* FTTraceTest.m in Sources */,
				17B17151281042B7004002C9 /* FTThreadDispatchTest.m in Sources */,
				7C3C289627683983009DB8E2 /* FTRUMTest.m in Sources */,
				172C3595280FAC16002D139E /* FTSwizzlerTest.m in Sources */,
				17DA844D288808B2001A0B30 /* FTRUMMonitorTest.m in Sources */,
				4A299B942514953300400931 /* FTPropertyTest.m in Sources */,
				4A270E9524FF97FE0079F455 /* FTUtilsTest.m in Sources */,
				177892C129A60FE90007B47F /* PerformanceTracingTest.m in Sources */,
				17C7631F28267154009582B6 /* FTLineProtocol.m in Sources */,
				7C57E8BE26D3A40F002DA85B /* FTTrackDataManager+Test.m in Sources */,
				17D339EE2807AB0C0083C2B3 /* FTModelHelper.m in Sources */,
				174058BD28D813A20092E096 /* FTLongTaskTest.m in Sources */,
				17B1715A28154A6E004002C9 /* FTRequestTest.m in Sources */,
				4A8531A323B3322500B40B5D /* FTAutoTrackTest.m in Sources */,
				174058BB28D813190092E096 /* FTLoggerTest.m in Sources */,
				17B1715528115AE0004002C9 /* FTAppLifeCycleTest.m in Sources */,
				172C3571280E7D5F002D139E /* FTSwizzleTest.m in Sources */,
				1788B11629BAF43B007FDFF1 /* HttpEngineTestUtil.m in Sources */,
				177892BF29A60FD00007B47F /* PerformanceLoggingTest.m in Sources */,
				4A1D78A424F63FBF006125D0 /* FTMobileAgentTests.m in Sources */,
				177892BD29A60FA10007B47F /* PerformanceRumTest.m in Sources */,
				174058C028D815810092E096 /* FTJavaScriptBridgeTest.m in Sources */,
			);
			runOnlyForDeploymentPostprocessing = 0;
		};
/* End PBXSourcesBuildPhase section */

/* Begin PBXTargetDependency section */
		172DD33F28F7FC28007AE5E9 /* PBXTargetDependency */ = {
			isa = PBXTargetDependency;
			target = 172DD33228F7FC27007AE5E9 /* WidgetDemoExtension */;
			targetProxy = 172DD33E28F7FC28007AE5E9 /* PBXContainerItemProxy */;
		};
		4A22527223B5AC7600B0ED41 /* PBXTargetDependency */ = {
			isa = PBXTargetDependency;
			target = 4A116955239113B600C0BC4E /* App */;
			targetProxy = 4A22527123B5AC7600B0ED41 /* PBXContainerItemProxy */;
		};
		4A85313C23AB85FC00B40B5D /* PBXTargetDependency */ = {
			isa = PBXTargetDependency;
			target = 4A116955239113B600C0BC4E /* App */;
			targetProxy = 4A85313B23AB85FC00B40B5D /* PBXContainerItemProxy */;
		};
/* End PBXTargetDependency section */

/* Begin PBXVariantGroup section */
		1764E40729AC9B0500E70DBB /* Main.storyboard */ = {
			isa = PBXVariantGroup;
			children = (
				1764E40829AC9B0500E70DBB /* Base */,
			);
			name = Main.storyboard;
			sourceTree = "<group>";
		};
		1764E40C29AC9B0600E70DBB /* LaunchScreen.storyboard */ = {
			isa = PBXVariantGroup;
			children = (
				1764E40D29AC9B0600E70DBB /* Base */,
			);
			name = LaunchScreen.storyboard;
			sourceTree = "<group>";
		};
		4A116962239113B600C0BC4E /* Main.storyboard */ = {
			isa = PBXVariantGroup;
			children = (
				4A116963239113B600C0BC4E /* Base */,
			);
			name = Main.storyboard;
			sourceTree = "<group>";
		};
		4A116967239113B900C0BC4E /* LaunchScreen.storyboard */ = {
			isa = PBXVariantGroup;
			children = (
				4A116968239113B900C0BC4E /* Base */,
			);
			name = LaunchScreen.storyboard;
			sourceTree = "<group>";
		};
/* End PBXVariantGroup section */

/* Begin XCBuildConfiguration section */
		172DD34128F7FC28007AE5E9 /* Debug */ = {
			isa = XCBuildConfiguration;
			buildSettings = {
				ASSETCATALOG_COMPILER_GLOBAL_ACCENT_COLOR_NAME = AccentColor;
				ASSETCATALOG_COMPILER_WIDGET_BACKGROUND_COLOR_NAME = WidgetBackground;
				CLANG_CXX_LANGUAGE_STANDARD = "gnu++20";
				CLANG_WARN_QUOTED_INCLUDE_IN_FRAMEWORK_HEADER = YES;
				CODE_SIGN_ENTITLEMENTS = WidgetDemo/WidgetDemoExtension.entitlements;
				CODE_SIGN_STYLE = Automatic;
				CURRENT_PROJECT_VERSION = 1;
				DEVELOPMENT_TEAM = RRLM22BB37;
				GCC_PREPROCESSOR_DEFINITIONS = (
					"DEBUG=1",
					"$(inherited)",
				);
				GENERATE_INFOPLIST_FILE = YES;
				INFOPLIST_FILE = WidgetDemo/Info.plist;
				INFOPLIST_KEY_CFBundleDisplayName = WidgetDemo;
				INFOPLIST_KEY_NSHumanReadableCopyright = "Copyright © 2022 DataFlux-cn. All rights reserved.";
				IPHONEOS_DEPLOYMENT_TARGET = 16.0;
				LD_RUNPATH_SEARCH_PATHS = (
					"$(inherited)",
					"@executable_path/Frameworks",
					"@executable_path/../../Frameworks",
				);
				MARKETING_VERSION = 1.0.0;
				OTHER_LDFLAGS = "-ObjC";
				PRODUCT_BUNDLE_IDENTIFIER = "HLL.demo.ft-sdk-iosTest.WidgetDemo";
				PRODUCT_NAME = "$(TARGET_NAME)";
				SKIP_INSTALL = YES;
				SWIFT_ACTIVE_COMPILATION_CONDITIONS = DEBUG;
				SWIFT_EMIT_LOC_STRINGS = YES;
				SWIFT_OPTIMIZATION_LEVEL = "-Onone";
				SWIFT_VERSION = 5.0;
				TARGETED_DEVICE_FAMILY = "1,2";
			};
			name = Debug;
		};
		172DD34228F7FC28007AE5E9 /* Pre */ = {
			isa = XCBuildConfiguration;
			buildSettings = {
				ASSETCATALOG_COMPILER_GLOBAL_ACCENT_COLOR_NAME = AccentColor;
				ASSETCATALOG_COMPILER_WIDGET_BACKGROUND_COLOR_NAME = WidgetBackground;
				CLANG_CXX_LANGUAGE_STANDARD = "gnu++20";
				CLANG_WARN_QUOTED_INCLUDE_IN_FRAMEWORK_HEADER = YES;
				CODE_SIGN_ENTITLEMENTS = WidgetDemo/WidgetDemoExtension.entitlements;
				CODE_SIGN_STYLE = Automatic;
				CURRENT_PROJECT_VERSION = 1;
				DEVELOPMENT_TEAM = RRLM22BB37;
				GENERATE_INFOPLIST_FILE = YES;
				INFOPLIST_FILE = WidgetDemo/Info.plist;
				INFOPLIST_KEY_CFBundleDisplayName = WidgetDemo;
				INFOPLIST_KEY_NSHumanReadableCopyright = "Copyright © 2022 DataFlux-cn. All rights reserved.";
				IPHONEOS_DEPLOYMENT_TARGET = 16.0;
				LD_RUNPATH_SEARCH_PATHS = (
					"$(inherited)",
					"@executable_path/Frameworks",
					"@executable_path/../../Frameworks",
				);
				MARKETING_VERSION = 1.0.0;
				OTHER_LDFLAGS = "-ObjC";
				PRODUCT_BUNDLE_IDENTIFIER = "HLL.demo.ft-sdk-iosTest.WidgetDemo";
				PRODUCT_NAME = "$(TARGET_NAME)";
				SKIP_INSTALL = YES;
				SWIFT_COMPILATION_MODE = wholemodule;
				SWIFT_EMIT_LOC_STRINGS = YES;
				SWIFT_OPTIMIZATION_LEVEL = "-O";
				SWIFT_VERSION = 5.0;
				TARGETED_DEVICE_FAMILY = "1,2";
			};
			name = Pre;
		};
		172DD34328F7FC28007AE5E9 /* Release */ = {
			isa = XCBuildConfiguration;
			buildSettings = {
				ASSETCATALOG_COMPILER_GLOBAL_ACCENT_COLOR_NAME = AccentColor;
				ASSETCATALOG_COMPILER_WIDGET_BACKGROUND_COLOR_NAME = WidgetBackground;
				CLANG_CXX_LANGUAGE_STANDARD = "gnu++20";
				CLANG_WARN_QUOTED_INCLUDE_IN_FRAMEWORK_HEADER = YES;
				CODE_SIGN_ENTITLEMENTS = WidgetDemo/WidgetDemoExtension.entitlements;
				CODE_SIGN_STYLE = Automatic;
				CURRENT_PROJECT_VERSION = 1;
				DEVELOPMENT_TEAM = RRLM22BB37;
				GENERATE_INFOPLIST_FILE = YES;
				INFOPLIST_FILE = WidgetDemo/Info.plist;
				INFOPLIST_KEY_CFBundleDisplayName = WidgetDemo;
				INFOPLIST_KEY_NSHumanReadableCopyright = "Copyright © 2022 DataFlux-cn. All rights reserved.";
				IPHONEOS_DEPLOYMENT_TARGET = 16.0;
				LD_RUNPATH_SEARCH_PATHS = (
					"$(inherited)",
					"@executable_path/Frameworks",
					"@executable_path/../../Frameworks",
				);
				MARKETING_VERSION = 1.0.0;
				OTHER_LDFLAGS = "-ObjC";
				PRODUCT_BUNDLE_IDENTIFIER = "HLL.demo.ft-sdk-iosTest.WidgetDemo";
				PRODUCT_NAME = "$(TARGET_NAME)";
				SKIP_INSTALL = YES;
				SWIFT_COMPILATION_MODE = wholemodule;
				SWIFT_EMIT_LOC_STRINGS = YES;
				SWIFT_OPTIMIZATION_LEVEL = "-O";
				SWIFT_VERSION = 5.0;
				TARGETED_DEVICE_FAMILY = "1,2";
			};
			name = Release;
		};
		1764E41029AC9B0600E70DBB /* Debug */ = {
			isa = XCBuildConfiguration;
			buildSettings = {
				ASSETCATALOG_COMPILER_APPICON_NAME = AppIcon;
				ASSETCATALOG_COMPILER_GLOBAL_ACCENT_COLOR_NAME = AccentColor;
				CLANG_CXX_LANGUAGE_STANDARD = "gnu++20";
				CLANG_WARN_QUOTED_INCLUDE_IN_FRAMEWORK_HEADER = YES;
				CODE_SIGN_STYLE = Automatic;
				CURRENT_PROJECT_VERSION = 1;
				DEVELOPMENT_TEAM = BW62V33GLH;
				GCC_PREPROCESSOR_DEFINITIONS = (
					"DEBUG=1",
					"$(inherited)",
				);
				GENERATE_INFOPLIST_FILE = YES;
				INFOPLIST_FILE = SwiftApp/Info.plist;
				INFOPLIST_KEY_UIApplicationSupportsIndirectInputEvents = YES;
				INFOPLIST_KEY_UILaunchStoryboardName = LaunchScreen;
				INFOPLIST_KEY_UIMainStoryboardFile = Main;
				INFOPLIST_KEY_UISupportedInterfaceOrientations_iPad = "UIInterfaceOrientationPortrait UIInterfaceOrientationPortraitUpsideDown UIInterfaceOrientationLandscapeLeft UIInterfaceOrientationLandscapeRight";
				INFOPLIST_KEY_UISupportedInterfaceOrientations_iPhone = "UIInterfaceOrientationPortrait UIInterfaceOrientationLandscapeLeft UIInterfaceOrientationLandscapeRight";
				IPHONEOS_DEPLOYMENT_TARGET = 16.2;
				LD_RUNPATH_SEARCH_PATHS = (
					"$(inherited)",
					"@executable_path/Frameworks",
				);
				MARKETING_VERSION = 1.0;
				OTHER_LDFLAGS = "-all_load";
				PRODUCT_BUNDLE_IDENTIFIER = com.hll.SwiftApp;
				PRODUCT_NAME = "$(TARGET_NAME)";
				SWIFT_ACTIVE_COMPILATION_CONDITIONS = DEBUG;
				SWIFT_EMIT_LOC_STRINGS = YES;
				SWIFT_OPTIMIZATION_LEVEL = "-Onone";
				SWIFT_VERSION = 4.0;
				TARGETED_DEVICE_FAMILY = "1,2";
			};
			name = Debug;
		};
		1764E41129AC9B0600E70DBB /* Pre */ = {
			isa = XCBuildConfiguration;
			buildSettings = {
				ASSETCATALOG_COMPILER_APPICON_NAME = AppIcon;
				ASSETCATALOG_COMPILER_GLOBAL_ACCENT_COLOR_NAME = AccentColor;
				CLANG_CXX_LANGUAGE_STANDARD = "gnu++20";
				CLANG_WARN_QUOTED_INCLUDE_IN_FRAMEWORK_HEADER = YES;
				CODE_SIGN_STYLE = Automatic;
				CURRENT_PROJECT_VERSION = 1;
				DEVELOPMENT_TEAM = BW62V33GLH;
				GENERATE_INFOPLIST_FILE = YES;
				INFOPLIST_FILE = SwiftApp/Info.plist;
				INFOPLIST_KEY_UIApplicationSupportsIndirectInputEvents = YES;
				INFOPLIST_KEY_UILaunchStoryboardName = LaunchScreen;
				INFOPLIST_KEY_UIMainStoryboardFile = Main;
				INFOPLIST_KEY_UISupportedInterfaceOrientations_iPad = "UIInterfaceOrientationPortrait UIInterfaceOrientationPortraitUpsideDown UIInterfaceOrientationLandscapeLeft UIInterfaceOrientationLandscapeRight";
				INFOPLIST_KEY_UISupportedInterfaceOrientations_iPhone = "UIInterfaceOrientationPortrait UIInterfaceOrientationLandscapeLeft UIInterfaceOrientationLandscapeRight";
				IPHONEOS_DEPLOYMENT_TARGET = 16.2;
				LD_RUNPATH_SEARCH_PATHS = (
					"$(inherited)",
					"@executable_path/Frameworks",
				);
				MARKETING_VERSION = 1.0;
				OTHER_LDFLAGS = "-all_load";
				PRODUCT_BUNDLE_IDENTIFIER = com.hll.SwiftApp;
				PRODUCT_NAME = "$(TARGET_NAME)";
				SWIFT_COMPILATION_MODE = wholemodule;
				SWIFT_EMIT_LOC_STRINGS = YES;
				SWIFT_OPTIMIZATION_LEVEL = "-O";
				SWIFT_VERSION = 4.0;
				TARGETED_DEVICE_FAMILY = "1,2";
			};
			name = Pre;
		};
		1764E41229AC9B0600E70DBB /* Release */ = {
			isa = XCBuildConfiguration;
			buildSettings = {
				ASSETCATALOG_COMPILER_APPICON_NAME = AppIcon;
				ASSETCATALOG_COMPILER_GLOBAL_ACCENT_COLOR_NAME = AccentColor;
				CLANG_CXX_LANGUAGE_STANDARD = "gnu++20";
				CLANG_WARN_QUOTED_INCLUDE_IN_FRAMEWORK_HEADER = YES;
				CODE_SIGN_STYLE = Automatic;
				CURRENT_PROJECT_VERSION = 1;
				DEVELOPMENT_TEAM = BW62V33GLH;
				GENERATE_INFOPLIST_FILE = YES;
				INFOPLIST_FILE = SwiftApp/Info.plist;
				INFOPLIST_KEY_UIApplicationSupportsIndirectInputEvents = YES;
				INFOPLIST_KEY_UILaunchStoryboardName = LaunchScreen;
				INFOPLIST_KEY_UIMainStoryboardFile = Main;
				INFOPLIST_KEY_UISupportedInterfaceOrientations_iPad = "UIInterfaceOrientationPortrait UIInterfaceOrientationPortraitUpsideDown UIInterfaceOrientationLandscapeLeft UIInterfaceOrientationLandscapeRight";
				INFOPLIST_KEY_UISupportedInterfaceOrientations_iPhone = "UIInterfaceOrientationPortrait UIInterfaceOrientationLandscapeLeft UIInterfaceOrientationLandscapeRight";
				IPHONEOS_DEPLOYMENT_TARGET = 16.2;
				LD_RUNPATH_SEARCH_PATHS = (
					"$(inherited)",
					"@executable_path/Frameworks",
				);
				MARKETING_VERSION = 1.0;
				OTHER_LDFLAGS = "-all_load";
				PRODUCT_BUNDLE_IDENTIFIER = com.hll.SwiftApp;
				PRODUCT_NAME = "$(TARGET_NAME)";
				SWIFT_COMPILATION_MODE = wholemodule;
				SWIFT_EMIT_LOC_STRINGS = YES;
				SWIFT_OPTIMIZATION_LEVEL = "-O";
				SWIFT_VERSION = 4.0;
				TARGETED_DEVICE_FAMILY = "1,2";
			};
			name = Release;
		};
		17A4A55A289D15D000CE40E5 /* Pre */ = {
			isa = XCBuildConfiguration;
			buildSettings = {
				ALWAYS_SEARCH_USER_PATHS = NO;
				CLANG_ANALYZER_NONNULL = YES;
				CLANG_ANALYZER_NUMBER_OBJECT_CONVERSION = YES_AGGRESSIVE;
				CLANG_CXX_LANGUAGE_STANDARD = "gnu++14";
				CLANG_CXX_LIBRARY = "libc++";
				CLANG_ENABLE_MODULES = YES;
				CLANG_ENABLE_OBJC_ARC = YES;
				CLANG_ENABLE_OBJC_WEAK = YES;
				CLANG_WARN_BLOCK_CAPTURE_AUTORELEASING = YES;
				CLANG_WARN_BOOL_CONVERSION = YES;
				CLANG_WARN_COMMA = YES;
				CLANG_WARN_CONSTANT_CONVERSION = YES;
				CLANG_WARN_DEPRECATED_OBJC_IMPLEMENTATIONS = YES;
				CLANG_WARN_DIRECT_OBJC_ISA_USAGE = YES_ERROR;
				CLANG_WARN_DOCUMENTATION_COMMENTS = YES;
				CLANG_WARN_EMPTY_BODY = YES;
				CLANG_WARN_ENUM_CONVERSION = YES;
				CLANG_WARN_INFINITE_RECURSION = YES;
				CLANG_WARN_INT_CONVERSION = YES;
				CLANG_WARN_NON_LITERAL_NULL_CONVERSION = YES;
				CLANG_WARN_OBJC_IMPLICIT_RETAIN_SELF = YES;
				CLANG_WARN_OBJC_LITERAL_CONVERSION = YES;
				CLANG_WARN_OBJC_ROOT_CLASS = YES_ERROR;
				CLANG_WARN_RANGE_LOOP_ANALYSIS = YES;
				CLANG_WARN_STRICT_PROTOTYPES = YES;
				CLANG_WARN_SUSPICIOUS_MOVE = YES;
				CLANG_WARN_UNGUARDED_AVAILABILITY = YES_AGGRESSIVE;
				CLANG_WARN_UNREACHABLE_CODE = YES;
				CLANG_WARN__DUPLICATE_METHOD_MATCH = YES;
				COPY_PHASE_STRIP = NO;
				DEBUG_INFORMATION_FORMAT = dwarf;
				ENABLE_STRICT_OBJC_MSGSEND = YES;
				ENABLE_TESTABILITY = YES;
				GCC_C_LANGUAGE_STANDARD = gnu11;
				GCC_DYNAMIC_NO_PIC = NO;
				GCC_NO_COMMON_BLOCKS = YES;
				GCC_OPTIMIZATION_LEVEL = 0;
				GCC_PREPROCESSOR_DEFINITIONS = "";
				GCC_WARN_64_TO_32_BIT_CONVERSION = YES;
				GCC_WARN_ABOUT_RETURN_TYPE = YES_ERROR;
				GCC_WARN_UNDECLARED_SELECTOR = YES;
				GCC_WARN_UNINITIALIZED_AUTOS = YES_AGGRESSIVE;
				GCC_WARN_UNUSED_FUNCTION = YES;
				GCC_WARN_UNUSED_VARIABLE = YES;
				IPHONEOS_DEPLOYMENT_TARGET = 10.0;
				MTL_ENABLE_DEBUG_INFO = INCLUDE_SOURCE;
				MTL_FAST_MATH = YES;
				ONLY_ACTIVE_ARCH = YES;
				OTHER_LDFLAGS = "";
				SDKROOT = iphoneos;
			};
			name = Pre;
		};
		17A4A55B289D15D000CE40E5 /* Pre */ = {
			isa = XCBuildConfiguration;
			baseConfigurationReference = 0D444CEFA4C283901BD2CC1E /* Pods-App.pre.xcconfig */;
			buildSettings = {
				ALWAYS_EMBED_SWIFT_STANDARD_LIBRARIES = YES;
				ASSETCATALOG_COMPILER_APPICON_NAME = AppIcon;
				CLANG_ENABLE_MODULES = YES;
				CODE_SIGN_ENTITLEMENTS = App/App.entitlements;
				CODE_SIGN_STYLE = Automatic;
				CURRENT_PROJECT_VERSION = 1;
				DEFINES_MODULE = YES;
				DEVELOPMENT_TEAM = RRLM22BB37;
				GCC_PREPROCESSOR_DEFINITIONS = (
					"$(inherited)",
					"PREPROD=1",
				);
				GENERATE_INFOPLIST_FILE = YES;
				INFOPLIST_FILE = "$(SRCROOT)/App/Info.plist";
				LD_RUNPATH_SEARCH_PATHS = "$(inherited)";
				LIBRARY_SEARCH_PATHS = "$(inherited)";
				MARKETING_VERSION = 1.0.0;
				OTHER_LDFLAGS = (
					"-ObjC",
					"$(inherited)",
				);
				PRODUCT_BUNDLE_IDENTIFIER = "HLL.demo.ft-sdk-iosTest";
				PRODUCT_NAME = App;
				SWIFT_OBJC_BRIDGING_HEADER = "App/SampleApp-Bridging-Header.h";
				SWIFT_OBJC_INTERFACE_HEADER_NAME = "$(SWIFT_MODULE_NAME)-Swift.h";
				SWIFT_OPTIMIZATION_LEVEL = "-Onone";
				SWIFT_VERSION = 5.0;
				TARGETED_DEVICE_FAMILY = "1,2";
				USER_HEADER_SEARCH_PATHS = "";
			};
			name = Pre;
		};
		17A4A55C289D15D000CE40E5 /* Pre */ = {
			isa = XCBuildConfiguration;
			baseConfigurationReference = 624ACC96BC35031EEC518A8F /* Pods-FTMobileSDKUnitTests.pre.xcconfig */;
			buildSettings = {
				ALWAYS_EMBED_SWIFT_STANDARD_LIBRARIES = YES;
				BUNDLE_LOADER = "$(TEST_HOST)";
				CLANG_ENABLE_MODULES = YES;
				CODE_SIGN_STYLE = Automatic;
				DEVELOPMENT_TEAM = BW62V33GLH;
				GCC_PREPROCESSOR_DEFINITIONS = (
					"$(inherited)",
					"COCOAPODS=1",
					"FTSDKUNITTEST=1",
				);
				HEADER_SEARCH_PATHS = (
					"$(inherited)",
					"\"$(SRCROOT)/../FTMobileSDK\"/**",
				);
				INFOPLIST_FILE = FTMobileSDKUnitTests/Info.plist;
				LD_RUNPATH_SEARCH_PATHS = (
					"$(inherited)",
					"@executable_path/Frameworks",
					"@loader_path/Frameworks",
				);
				LIBRARY_SEARCH_PATHS = "";
				PRODUCT_BUNDLE_IDENTIFIER = "HLL.ft-sdk-iosTestUnitTests";
				PRODUCT_NAME = "$(TARGET_NAME)";
				SWIFT_OBJC_BRIDGING_HEADER = "FTMobileSDKUnitTests/AgentTest/FTMobileSDKUnitTests-Bridging-Header.h";
				SWIFT_OPTIMIZATION_LEVEL = "-Onone";
				SWIFT_VERSION = 5.0;
				TARGETED_DEVICE_FAMILY = "1,2";
				TEST_HOST = "$(BUILT_PRODUCTS_DIR)/App.app/App";
				USER_HEADER_SEARCH_PATHS = "$(inherited)  ";
			};
			name = Pre;
		};
		17A4A55D289D15D000CE40E5 /* Pre */ = {
			isa = XCBuildConfiguration;
			buildSettings = {
				ALWAYS_EMBED_SWIFT_STANDARD_LIBRARIES = YES;
				CODE_SIGN_STYLE = Automatic;
				DEVELOPMENT_TEAM = FDRMD28QMM;
				FRAMEWORK_SEARCH_PATHS = "$(inherited)";
				HEADER_SEARCH_PATHS = "";
				INFOPLIST_FILE = FTMobileSDKUITests/Info.plist;
				LD_RUNPATH_SEARCH_PATHS = (
					"$(inherited)",
					"@executable_path/Frameworks",
					"@loader_path/Frameworks",
				);
				PRODUCT_BUNDLE_IDENTIFIER = "HLL.ft-sdk-iosTestUITests";
				PRODUCT_NAME = "$(TARGET_NAME)";
				PROVISIONING_PROFILE = "";
				TARGETED_DEVICE_FAMILY = "1,2";
				TEST_TARGET_NAME = App;
			};
			name = Pre;
		};
		4A11696D239113B900C0BC4E /* Debug */ = {
			isa = XCBuildConfiguration;
			buildSettings = {
				ALWAYS_SEARCH_USER_PATHS = NO;
				CLANG_ANALYZER_NONNULL = YES;
				CLANG_ANALYZER_NUMBER_OBJECT_CONVERSION = YES_AGGRESSIVE;
				CLANG_CXX_LANGUAGE_STANDARD = "gnu++14";
				CLANG_CXX_LIBRARY = "libc++";
				CLANG_ENABLE_MODULES = YES;
				CLANG_ENABLE_OBJC_ARC = YES;
				CLANG_ENABLE_OBJC_WEAK = YES;
				CLANG_WARN_BLOCK_CAPTURE_AUTORELEASING = YES;
				CLANG_WARN_BOOL_CONVERSION = YES;
				CLANG_WARN_COMMA = YES;
				CLANG_WARN_CONSTANT_CONVERSION = YES;
				CLANG_WARN_DEPRECATED_OBJC_IMPLEMENTATIONS = YES;
				CLANG_WARN_DIRECT_OBJC_ISA_USAGE = YES_ERROR;
				CLANG_WARN_DOCUMENTATION_COMMENTS = YES;
				CLANG_WARN_EMPTY_BODY = YES;
				CLANG_WARN_ENUM_CONVERSION = YES;
				CLANG_WARN_INFINITE_RECURSION = YES;
				CLANG_WARN_INT_CONVERSION = YES;
				CLANG_WARN_NON_LITERAL_NULL_CONVERSION = YES;
				CLANG_WARN_OBJC_IMPLICIT_RETAIN_SELF = YES;
				CLANG_WARN_OBJC_LITERAL_CONVERSION = YES;
				CLANG_WARN_OBJC_ROOT_CLASS = YES_ERROR;
				CLANG_WARN_RANGE_LOOP_ANALYSIS = YES;
				CLANG_WARN_STRICT_PROTOTYPES = YES;
				CLANG_WARN_SUSPICIOUS_MOVE = YES;
				CLANG_WARN_UNGUARDED_AVAILABILITY = YES_AGGRESSIVE;
				CLANG_WARN_UNREACHABLE_CODE = YES;
				CLANG_WARN__DUPLICATE_METHOD_MATCH = YES;
				COPY_PHASE_STRIP = NO;
				DEBUG_INFORMATION_FORMAT = dwarf;
				ENABLE_STRICT_OBJC_MSGSEND = YES;
				ENABLE_TESTABILITY = YES;
				GCC_C_LANGUAGE_STANDARD = gnu11;
				GCC_DYNAMIC_NO_PIC = NO;
				GCC_NO_COMMON_BLOCKS = YES;
				GCC_OPTIMIZATION_LEVEL = 0;
				GCC_PREPROCESSOR_DEFINITIONS = "";
				GCC_WARN_64_TO_32_BIT_CONVERSION = YES;
				GCC_WARN_ABOUT_RETURN_TYPE = YES_ERROR;
				GCC_WARN_UNDECLARED_SELECTOR = YES;
				GCC_WARN_UNINITIALIZED_AUTOS = YES_AGGRESSIVE;
				GCC_WARN_UNUSED_FUNCTION = YES;
				GCC_WARN_UNUSED_VARIABLE = YES;
				IPHONEOS_DEPLOYMENT_TARGET = 10.0;
				MTL_ENABLE_DEBUG_INFO = INCLUDE_SOURCE;
				MTL_FAST_MATH = YES;
				ONLY_ACTIVE_ARCH = YES;
				OTHER_LDFLAGS = "";
				SDKROOT = iphoneos;
			};
			name = Debug;
		};
		4A11696E239113B900C0BC4E /* Release */ = {
			isa = XCBuildConfiguration;
			buildSettings = {
				ALWAYS_SEARCH_USER_PATHS = NO;
				CLANG_ANALYZER_NONNULL = YES;
				CLANG_ANALYZER_NUMBER_OBJECT_CONVERSION = YES_AGGRESSIVE;
				CLANG_CXX_LANGUAGE_STANDARD = "gnu++14";
				CLANG_CXX_LIBRARY = "libc++";
				CLANG_ENABLE_MODULES = YES;
				CLANG_ENABLE_OBJC_ARC = YES;
				CLANG_ENABLE_OBJC_WEAK = YES;
				CLANG_WARN_BLOCK_CAPTURE_AUTORELEASING = YES;
				CLANG_WARN_BOOL_CONVERSION = YES;
				CLANG_WARN_COMMA = YES;
				CLANG_WARN_CONSTANT_CONVERSION = YES;
				CLANG_WARN_DEPRECATED_OBJC_IMPLEMENTATIONS = YES;
				CLANG_WARN_DIRECT_OBJC_ISA_USAGE = YES_ERROR;
				CLANG_WARN_DOCUMENTATION_COMMENTS = YES;
				CLANG_WARN_EMPTY_BODY = YES;
				CLANG_WARN_ENUM_CONVERSION = YES;
				CLANG_WARN_INFINITE_RECURSION = YES;
				CLANG_WARN_INT_CONVERSION = YES;
				CLANG_WARN_NON_LITERAL_NULL_CONVERSION = YES;
				CLANG_WARN_OBJC_IMPLICIT_RETAIN_SELF = YES;
				CLANG_WARN_OBJC_LITERAL_CONVERSION = YES;
				CLANG_WARN_OBJC_ROOT_CLASS = YES_ERROR;
				CLANG_WARN_RANGE_LOOP_ANALYSIS = YES;
				CLANG_WARN_STRICT_PROTOTYPES = YES;
				CLANG_WARN_SUSPICIOUS_MOVE = YES;
				CLANG_WARN_UNGUARDED_AVAILABILITY = YES_AGGRESSIVE;
				CLANG_WARN_UNREACHABLE_CODE = YES;
				CLANG_WARN__DUPLICATE_METHOD_MATCH = YES;
				COPY_PHASE_STRIP = NO;
				DEBUG_INFORMATION_FORMAT = "dwarf-with-dsym";
				ENABLE_NS_ASSERTIONS = NO;
				ENABLE_STRICT_OBJC_MSGSEND = YES;
				GCC_C_LANGUAGE_STANDARD = gnu11;
				GCC_NO_COMMON_BLOCKS = YES;
				GCC_PREPROCESSOR_DEFINITIONS = "";
				GCC_WARN_64_TO_32_BIT_CONVERSION = YES;
				GCC_WARN_ABOUT_RETURN_TYPE = YES_ERROR;
				GCC_WARN_UNDECLARED_SELECTOR = YES;
				GCC_WARN_UNINITIALIZED_AUTOS = YES_AGGRESSIVE;
				GCC_WARN_UNUSED_FUNCTION = YES;
				GCC_WARN_UNUSED_VARIABLE = YES;
				IPHONEOS_DEPLOYMENT_TARGET = 10.0;
				MTL_ENABLE_DEBUG_INFO = NO;
				MTL_FAST_MATH = YES;
				OTHER_LDFLAGS = "";
				SDKROOT = iphoneos;
				VALIDATE_PRODUCT = YES;
			};
			name = Release;
		};
		4A116970239113B900C0BC4E /* Debug */ = {
			isa = XCBuildConfiguration;
			baseConfigurationReference = 83AC16E369EA3208951D0A25 /* Pods-App.debug.xcconfig */;
			buildSettings = {
				ALWAYS_EMBED_SWIFT_STANDARD_LIBRARIES = YES;
				ASSETCATALOG_COMPILER_APPICON_NAME = AppIcon;
				CLANG_ENABLE_MODULES = YES;
				CODE_SIGN_ENTITLEMENTS = App/App.entitlements;
				CODE_SIGN_STYLE = Automatic;
				CURRENT_PROJECT_VERSION = 1;
				DEFINES_MODULE = YES;
				DEVELOPMENT_TEAM = RRLM22BB37;
				GCC_PREPROCESSOR_DEFINITIONS = (
					"DEBUG=1",
					"$(inherited)",
				);
				GENERATE_INFOPLIST_FILE = YES;
				INFOPLIST_FILE = "$(SRCROOT)/App/Info.plist";
				LD_RUNPATH_SEARCH_PATHS = "$(inherited)";
				LIBRARY_SEARCH_PATHS = "$(inherited)";
				MARKETING_VERSION = 1.0.0;
				OTHER_LDFLAGS = (
					"-ObjC",
					"$(inherited)",
				);
				PRODUCT_BUNDLE_IDENTIFIER = "HLL.demo.ft-sdk-iosTest";
				PRODUCT_NAME = App;
				SWIFT_OBJC_BRIDGING_HEADER = "App/SampleApp-Bridging-Header.h";
				SWIFT_OBJC_INTERFACE_HEADER_NAME = "$(SWIFT_MODULE_NAME)-Swift.h";
				SWIFT_OPTIMIZATION_LEVEL = "-Onone";
				SWIFT_VERSION = 5.0;
				TARGETED_DEVICE_FAMILY = "1,2";
				USER_HEADER_SEARCH_PATHS = "";
			};
			name = Debug;
		};
		4A116971239113B900C0BC4E /* Release */ = {
			isa = XCBuildConfiguration;
			baseConfigurationReference = 5594034D607A53198E87D470 /* Pods-App.release.xcconfig */;
			buildSettings = {
				ALWAYS_EMBED_SWIFT_STANDARD_LIBRARIES = YES;
				ASSETCATALOG_COMPILER_APPICON_NAME = AppIcon;
				CLANG_ENABLE_MODULES = YES;
				CODE_SIGN_ENTITLEMENTS = App/App.entitlements;
				CODE_SIGN_STYLE = Automatic;
				CURRENT_PROJECT_VERSION = 1;
				DEFINES_MODULE = YES;
				DEVELOPMENT_TEAM = RRLM22BB37;
				GCC_PREPROCESSOR_DEFINITIONS = "$(inherited)";
				GENERATE_INFOPLIST_FILE = YES;
				INFOPLIST_FILE = "$(SRCROOT)/App/Info.plist";
				LD_RUNPATH_SEARCH_PATHS = "$(inherited)";
				LIBRARY_SEARCH_PATHS = "$(inherited)";
				MARKETING_VERSION = 1.0.0;
				OTHER_LDFLAGS = (
					"-ObjC",
					"$(inherited)",
				);
				PRODUCT_BUNDLE_IDENTIFIER = "HLL.demo.ft-sdk-iosTest";
				PRODUCT_NAME = App;
				SWIFT_OBJC_BRIDGING_HEADER = "App/SampleApp-Bridging-Header.h";
				SWIFT_OBJC_INTERFACE_HEADER_NAME = "$(SWIFT_MODULE_NAME)-Swift.h";
				SWIFT_VERSION = 5.0;
				TARGETED_DEVICE_FAMILY = "1,2";
				USER_HEADER_SEARCH_PATHS = "";
			};
			name = Release;
		};
		4A22527423B5AC7600B0ED41 /* Debug */ = {
			isa = XCBuildConfiguration;
			buildSettings = {
				ALWAYS_EMBED_SWIFT_STANDARD_LIBRARIES = YES;
				CODE_SIGN_STYLE = Automatic;
				DEVELOPMENT_TEAM = FDRMD28QMM;
				FRAMEWORK_SEARCH_PATHS = "$(inherited)";
				HEADER_SEARCH_PATHS = "";
				INFOPLIST_FILE = FTMobileSDKUITests/Info.plist;
				LD_RUNPATH_SEARCH_PATHS = (
					"$(inherited)",
					"@executable_path/Frameworks",
					"@loader_path/Frameworks",
				);
				PRODUCT_BUNDLE_IDENTIFIER = "HLL.ft-sdk-iosTestUITests";
				PRODUCT_NAME = "$(TARGET_NAME)";
				PROVISIONING_PROFILE = "";
				TARGETED_DEVICE_FAMILY = "1,2";
				TEST_TARGET_NAME = App;
			};
			name = Debug;
		};
		4A22527523B5AC7600B0ED41 /* Release */ = {
			isa = XCBuildConfiguration;
			buildSettings = {
				ALWAYS_EMBED_SWIFT_STANDARD_LIBRARIES = YES;
				CODE_SIGN_STYLE = Automatic;
				DEVELOPMENT_TEAM = FDRMD28QMM;
				FRAMEWORK_SEARCH_PATHS = "$(inherited)";
				HEADER_SEARCH_PATHS = "";
				INFOPLIST_FILE = FTMobileSDKUITests/Info.plist;
				LD_RUNPATH_SEARCH_PATHS = (
					"$(inherited)",
					"@executable_path/Frameworks",
					"@loader_path/Frameworks",
				);
				PRODUCT_BUNDLE_IDENTIFIER = "HLL.ft-sdk-iosTestUITests";
				PRODUCT_NAME = "$(TARGET_NAME)";
				PROVISIONING_PROFILE = "";
				TARGETED_DEVICE_FAMILY = "1,2";
				TEST_TARGET_NAME = App;
			};
			name = Release;
		};
		4A85313D23AB85FC00B40B5D /* Debug */ = {
			isa = XCBuildConfiguration;
			baseConfigurationReference = 75183B7772B5B81DFCAE161F /* Pods-FTMobileSDKUnitTests.debug.xcconfig */;
			buildSettings = {
				ALWAYS_EMBED_SWIFT_STANDARD_LIBRARIES = YES;
				BUNDLE_LOADER = "$(TEST_HOST)";
				CLANG_ENABLE_MODULES = YES;
				CODE_SIGN_STYLE = Automatic;
				DEVELOPMENT_TEAM = BW62V33GLH;
				GCC_PREPROCESSOR_DEFINITIONS = (
					"$(inherited)",
					"COCOAPODS=1",
					"FTSDKUNITTEST=1",
				);
				HEADER_SEARCH_PATHS = (
					"\"$(SRCROOT)/..\"/**",
					"$(inherited)",
				);
				INFOPLIST_FILE = FTMobileSDKUnitTests/Info.plist;
				LD_RUNPATH_SEARCH_PATHS = (
					"$(inherited)",
					"@executable_path/Frameworks",
					"@loader_path/Frameworks",
				);
				LIBRARY_SEARCH_PATHS = "";
				PRODUCT_BUNDLE_IDENTIFIER = "HLL.ft-sdk-iosTestUnitTests";
				PRODUCT_NAME = "$(TARGET_NAME)";
				SWIFT_OBJC_BRIDGING_HEADER = "FTMobileSDKUnitTests/AgentTest/FTMobileSDKUnitTests-Bridging-Header.h";
				SWIFT_OPTIMIZATION_LEVEL = "-Onone";
				SWIFT_VERSION = 5.0;
				TARGETED_DEVICE_FAMILY = "1,2";
				TEST_HOST = "$(BUILT_PRODUCTS_DIR)/App.app/App";
				USER_HEADER_SEARCH_PATHS = "$(inherited)  ";
			};
			name = Debug;
		};
		4A85313E23AB85FC00B40B5D /* Release */ = {
			isa = XCBuildConfiguration;
			baseConfigurationReference = EE4C59F8080E745DFE6C2E40 /* Pods-FTMobileSDKUnitTests.release.xcconfig */;
			buildSettings = {
				ALWAYS_EMBED_SWIFT_STANDARD_LIBRARIES = YES;
				BUNDLE_LOADER = "$(TEST_HOST)";
				CLANG_ENABLE_MODULES = YES;
				CODE_SIGN_STYLE = Automatic;
				DEVELOPMENT_TEAM = BW62V33GLH;
				HEADER_SEARCH_PATHS = (
					"$(inherited)",
					"\"$(SRCROOT)/../FTMobileSDK\"/**",
				);
				INFOPLIST_FILE = FTMobileSDKUnitTests/Info.plist;
				LD_RUNPATH_SEARCH_PATHS = (
					"$(inherited)",
					"@executable_path/Frameworks",
					"@loader_path/Frameworks",
				);
				LIBRARY_SEARCH_PATHS = "";
				PRODUCT_BUNDLE_IDENTIFIER = "HLL.ft-sdk-iosTestUnitTests";
				PRODUCT_NAME = "$(TARGET_NAME)";
				SWIFT_OBJC_BRIDGING_HEADER = "FTMobileSDKUnitTests/AgentTest/FTMobileSDKUnitTests-Bridging-Header.h";
				SWIFT_VERSION = 5.0;
				TARGETED_DEVICE_FAMILY = "1,2";
				TEST_HOST = "$(BUILT_PRODUCTS_DIR)/App.app/App";
				USER_HEADER_SEARCH_PATHS = "$(inherited)  ";
			};
			name = Release;
		};
/* End XCBuildConfiguration section */

/* Begin XCConfigurationList section */
		172DD34628F7FC28007AE5E9 /* Build configuration list for PBXNativeTarget "WidgetDemoExtension" */ = {
			isa = XCConfigurationList;
			buildConfigurations = (
				172DD34128F7FC28007AE5E9 /* Debug */,
				172DD34228F7FC28007AE5E9 /* Pre */,
				172DD34328F7FC28007AE5E9 /* Release */,
			);
			defaultConfigurationIsVisible = 0;
			defaultConfigurationName = Release;
		};
		1764E41529AC9B0600E70DBB /* Build configuration list for PBXNativeTarget "SwiftApp" */ = {
			isa = XCConfigurationList;
			buildConfigurations = (
				1764E41029AC9B0600E70DBB /* Debug */,
				1764E41129AC9B0600E70DBB /* Pre */,
				1764E41229AC9B0600E70DBB /* Release */,
			);
			defaultConfigurationIsVisible = 0;
			defaultConfigurationName = Release;
		};
		4A116951239113B600C0BC4E /* Build configuration list for PBXProject "Examples" */ = {
			isa = XCConfigurationList;
			buildConfigurations = (
				4A11696D239113B900C0BC4E /* Debug */,
				17A4A55A289D15D000CE40E5 /* Pre */,
				4A11696E239113B900C0BC4E /* Release */,
			);
			defaultConfigurationIsVisible = 0;
			defaultConfigurationName = Release;
		};
		4A11696F239113B900C0BC4E /* Build configuration list for PBXNativeTarget "App" */ = {
			isa = XCConfigurationList;
			buildConfigurations = (
				4A116970239113B900C0BC4E /* Debug */,
				17A4A55B289D15D000CE40E5 /* Pre */,
				4A116971239113B900C0BC4E /* Release */,
			);
			defaultConfigurationIsVisible = 0;
			defaultConfigurationName = Release;
		};
		4A22527323B5AC7600B0ED41 /* Build configuration list for PBXNativeTarget "FTMobileSDKUITests" */ = {
			isa = XCConfigurationList;
			buildConfigurations = (
				4A22527423B5AC7600B0ED41 /* Debug */,
				17A4A55D289D15D000CE40E5 /* Pre */,
				4A22527523B5AC7600B0ED41 /* Release */,
			);
			defaultConfigurationIsVisible = 0;
			defaultConfigurationName = Release;
		};
		4A85314323AB85FC00B40B5D /* Build configuration list for PBXNativeTarget "FTMobileSDKUnitTests" */ = {
			isa = XCConfigurationList;
			buildConfigurations = (
				4A85313D23AB85FC00B40B5D /* Debug */,
				17A4A55C289D15D000CE40E5 /* Pre */,
				4A85313E23AB85FC00B40B5D /* Release */,
			);
			defaultConfigurationIsVisible = 0;
			defaultConfigurationName = Release;
		};
/* End XCConfigurationList section */
	};
	rootObject = 4A11694E239113B600C0BC4E /* Project object */;
}
