PODS:
  - FTMobileSDK (1.3.1-alpha.6):
    - FTMobileSDK/Core (= 1.3.1-alpha.6)
  - FTMobileSDK/Common (1.3.1-alpha.6)
  - FTMobileSDK/Core (1.3.1-alpha.6):
    - FTMobileSDK/Common
    - FTMobileSDK/FTMobileAgent
  - FTMobileSDK/FTMobileAgent (1.3.1-alpha.6):
    - FTMobileSDK/Common

DEPENDENCIES:
  - FTMobileSDK (~> 1.3.1-alpha.6)

SPEC REPOS:
  trunk:
    - FTMobileSDK

SPEC CHECKSUMS:
  FTMobileSDK: 06a8cbd7cd4b7b9617893f71143be272bd2c9d49

PODFILE CHECKSUM: 5af9dc93557bdd85cac0babcd91abd6c0631358d

COCOAPODS: 1.10.1
