// !$*UTF8*$!
{
	archiveVersion = 1;
	classes = {
	};
	objectVersion = 50;
	objects = {

/* Begin PBXBuildFile section */
		4A01160C24C966C200AECC1C /* NSDate+FTAdd.h in Headers */ = {isa = PBXBuildFile; fileRef = 4A01160A24C966C200AECC1C /* NSDate+FTAdd.h */; };
		4A01160D24C966C200AECC1C /* NSDate+FTAdd.m in Sources */ = {isa = PBXBuildFile; fileRef = 4A01160B24C966C200AECC1C /* NSDate+FTAdd.m */; };
		4A1DF2DD2445939100BEC337 /* FTMonitorManager.h in Headers */ = {isa = PBXBuildFile; fileRef = 4A1DF2DB2445939100BEC337 /* FTMonitorManager.h */; };
		4A1DF2DE2445939100BEC337 /* FTMonitorManager.m in Sources */ = {isa = PBXBuildFile; fileRef = 4A1DF2DC2445939100BEC337 /* FTMonitorManager.m */; };
		4A1FFA2724AB072D00049D9E /* NSString+FTAdd.h in Headers */ = {isa = PBXBuildFile; fileRef = 4A1FFA2524AB072D00049D9E /* NSString+FTAdd.h */; };
		4A1FFA2824AB072D00049D9E /* NSString+FTAdd.m in Sources */ = {isa = PBXBuildFile; fileRef = 4A1FFA2624AB072D00049D9E /* NSString+FTAdd.m */; };
		4A297BDA246BBF340028645B /* FTConstants.h in Headers */ = {isa = PBXBuildFile; fileRef = 4A297BD8246BBF340028645B /* FTConstants.h */; };
		4A297BDB246BBF340028645B /* FTConstants.m in Sources */ = {isa = PBXBuildFile; fileRef = 4A297BD9246BBF340028645B /* FTConstants.m */; };
		4A297BEA246CF6A00028645B /* FTMobileAgent+Private.h in Headers */ = {isa = PBXBuildFile; fileRef = 4A297BE8246CE0FB0028645B /* FTMobileAgent+Private.h */; };
		4A299F912521F7F800400931 /* FTANRDetector.h in Headers */ = {isa = PBXBuildFile; fileRef = 4A299F8F2521F7F800400931 /* FTANRDetector.h */; };
		4A299F922521F7F800400931 /* FTANRDetector.m in Sources */ = {isa = PBXBuildFile; fileRef = 4A299F902521F7F800400931 /* FTANRDetector.m */; };
		4A2C827024F3D2E2006D4FC6 /* NSURLResponse+FTMonitor.m in Sources */ = {isa = PBXBuildFile; fileRef = 4A37A94E24862A8000E0381B /* NSURLResponse+FTMonitor.m */; };
		4A2D57EF2458141300478547 /* FTMonitorUtils.h in Headers */ = {isa = PBXBuildFile; fileRef = 4A2D57ED2458141300478547 /* FTMonitorUtils.h */; };
		4A2D57F02458141300478547 /* FTMonitorUtils.m in Sources */ = {isa = PBXBuildFile; fileRef = 4A2D57EE2458141300478547 /* FTMonitorUtils.m */; };
		4A2EFD8C253ECDC100F93B1E /* FTJsonWriter.h in Headers */ = {isa = PBXBuildFile; fileRef = 4A2EFD8A253ECDC100F93B1E /* FTJsonWriter.h */; };
		4A2EFD8D253ECDC100F93B1E /* FTJsonWriter.m in Sources */ = {isa = PBXBuildFile; fileRef = 4A2EFD8B253ECDC100F93B1E /* FTJsonWriter.m */; };
		4A31E75423CDA69C0077531B /* FTNetworkInfo.h in Headers */ = {isa = PBXBuildFile; fileRef = 4A31E75223CDA69C0077531B /* FTNetworkInfo.h */; };
		4A31E75523CDA69C0077531B /* FTNetworkInfo.m in Sources */ = {isa = PBXBuildFile; fileRef = 4A31E75323CDA69C0077531B /* FTNetworkInfo.m */; };
		4A37A9402484CAEA00E0381B /* FTUncaughtExceptionHandler.m in Sources */ = {isa = PBXBuildFile; fileRef = 4A37A93E2484CAE900E0381B /* FTUncaughtExceptionHandler.m */; };
		4A37A9412484CAEA00E0381B /* FTUncaughtExceptionHandler.h in Headers */ = {isa = PBXBuildFile; fileRef = 4A37A93F2484CAE900E0381B /* FTUncaughtExceptionHandler.h */; };
		4A37A94B2486006100E0381B /* NSURLRequest+FTMonitor.h in Headers */ = {isa = PBXBuildFile; fileRef = 4A37A9492486006100E0381B /* NSURLRequest+FTMonitor.h */; };
		4A37A94C2486006100E0381B /* NSURLRequest+FTMonitor.m in Sources */ = {isa = PBXBuildFile; fileRef = 4A37A94A2486006100E0381B /* NSURLRequest+FTMonitor.m */; };
		4A37A94F24862A8000E0381B /* NSURLResponse+FTMonitor.h in Headers */ = {isa = PBXBuildFile; fileRef = 4A37A94D24862A8000E0381B /* NSURLResponse+FTMonitor.h */; };
		4A39314D25300D2100BC2134 /* FTCallStack.m in Sources */ = {isa = PBXBuildFile; fileRef = 4A39314B25300D2100BC2134 /* FTCallStack.m */; };
		4A39314E25300D2100BC2134 /* FTCallStack.h in Headers */ = {isa = PBXBuildFile; fileRef = 4A39314C25300D2100BC2134 /* FTCallStack.h */; };
		4A3C7D5723E7CA17006DC9C7 /* FTGPUUsage.h in Headers */ = {isa = PBXBuildFile; fileRef = 4A3C7D5523E7CA17006DC9C7 /* FTGPUUsage.h */; };
		4A3C7D5823E7CA17006DC9C7 /* FTGPUUsage.m in Sources */ = {isa = PBXBuildFile; fileRef = 4A3C7D5623E7CA17006DC9C7 /* FTGPUUsage.m */; };
		4A3E7DC7245AAD540004A499 /* BlacklistedVCClassNames.h in Headers */ = {isa = PBXBuildFile; fileRef = 4A3E7DC5245AAD530004A499 /* BlacklistedVCClassNames.h */; };
		4A3E7DC8245AAD540004A499 /* BlacklistedVCClassNames.m in Sources */ = {isa = PBXBuildFile; fileRef = 4A3E7DC6245AAD540004A499 /* BlacklistedVCClassNames.m */; };
		4A4B0C21253EAED900D903AB /* FTJSONUtil.h in Headers */ = {isa = PBXBuildFile; fileRef = 4A4B0C1F253EAED900D903AB /* FTJSONUtil.h */; };
		4A4B0C22253EAED900D903AB /* FTJSONUtil.m in Sources */ = {isa = PBXBuildFile; fileRef = 4A4B0C20253EAED900D903AB /* FTJSONUtil.m */; };
		4A4D925E2511B8B1004B9FA0 /* FTWKWebViewHandler.h in Headers */ = {isa = PBXBuildFile; fileRef = 4A4D925C2511B8B1004B9FA0 /* FTWKWebViewHandler.h */; };
		4A4D925F2511B8B1004B9FA0 /* FTWKWebViewHandler.m in Sources */ = {isa = PBXBuildFile; fileRef = 4A4D925D2511B8B1004B9FA0 /* FTWKWebViewHandler.m */; };
		4A4D92622511E86B004B9FA0 /* WKWebView+FTTrace.h in Headers */ = {isa = PBXBuildFile; fileRef = 4A4D92602511E86A004B9FA0 /* WKWebView+FTTrace.h */; };
		4A4D92632511E86B004B9FA0 /* WKWebView+FTTrace.m in Sources */ = {isa = PBXBuildFile; fileRef = 4A4D92612511E86B004B9FA0 /* WKWebView+FTTrace.m */; };
		4A4F0DCA247E723D000A2A76 /* ZYAspects.m in Sources */ = {isa = PBXBuildFile; fileRef = 4A852FD323A240B300B40B5D /* ZYAspects.m */; };
		4A6F891F2419E97700E05C36 /* FTTrackBean.h in Headers */ = {isa = PBXBuildFile; fileRef = 4A6F891D2419E97700E05C36 /* FTTrackBean.h */; settings = {ATTRIBUTES = (Public, ); }; };
		4A6F89202419E97700E05C36 /* FTTrackBean.m in Sources */ = {isa = PBXBuildFile; fileRef = 4A6F891E2419E97700E05C36 /* FTTrackBean.m */; };
		4A7F62E324976622000893C1 /* FTfishhook.c in Sources */ = {isa = PBXBuildFile; fileRef = 4A7F62E124976622000893C1 /* FTfishhook.c */; };
		4A7F62E424976622000893C1 /* FTfishhook.h in Headers */ = {isa = PBXBuildFile; fileRef = 4A7F62E224976622000893C1 /* FTfishhook.h */; };
		4A7F62EB24976804000893C1 /* FTLogHook.h in Headers */ = {isa = PBXBuildFile; fileRef = 4A7F62E924976804000893C1 /* FTLogHook.h */; };
		4A7F62EC24976804000893C1 /* FTLogHook.m in Sources */ = {isa = PBXBuildFile; fileRef = 4A7F62EA24976804000893C1 /* FTLogHook.m */; };
		4A852FDC23A240B400B40B5D /* UIView+FT_CurrentController.m in Sources */ = {isa = PBXBuildFile; fileRef = 4A852FD423A240B300B40B5D /* UIView+FT_CurrentController.m */; };
		4A852FDD23A240B400B40B5D /* UIViewController+FT_RootVC.m in Sources */ = {isa = PBXBuildFile; fileRef = 4A852FD523A240B300B40B5D /* UIViewController+FT_RootVC.m */; };
		4A852FDE23A240B400B40B5D /* UIView+FT_CurrentController.h in Headers */ = {isa = PBXBuildFile; fileRef = 4A852FD623A240B300B40B5D /* UIView+FT_CurrentController.h */; };
		4A852FDF23A240B400B40B5D /* FTAutoTrack.m in Sources */ = {isa = PBXBuildFile; fileRef = 4A852FD723A240B300B40B5D /* FTAutoTrack.m */; };
		4A852FE023A240B400B40B5D /* FTAutoTrack.h in Headers */ = {isa = PBXBuildFile; fileRef = 4A852FD823A240B300B40B5D /* FTAutoTrack.h */; settings = {ATTRIBUTES = (Public, ); }; };
		4A852FE123A240B400B40B5D /* UIViewController+FT_RootVC.h in Headers */ = {isa = PBXBuildFile; fileRef = 4A852FD923A240B400B40B5D /* UIViewController+FT_RootVC.h */; };
		4A884288239E5768001B44C3 /* FTBaseInfoHander.h in Headers */ = {isa = PBXBuildFile; fileRef = 4A884266239E5768001B44C3 /* FTBaseInfoHander.h */; };
		4A88428C239E5768001B44C3 /* FTMobileAgent.m in Sources */ = {isa = PBXBuildFile; fileRef = 4A88426A239E5768001B44C3 /* FTMobileAgent.m */; };
		4A88428D239E5768001B44C3 /* FTMobileConfig.h in Headers */ = {isa = PBXBuildFile; fileRef = 4A88426B239E5768001B44C3 /* FTMobileConfig.h */; settings = {ATTRIBUTES = (Public, ); }; };
		4A88428E239E5768001B44C3 /* FTUploadTool.m in Sources */ = {isa = PBXBuildFile; fileRef = 4A88426C239E5768001B44C3 /* FTUploadTool.m */; };
		4A88428F239E5768001B44C3 /* FTRecordModel.h in Headers */ = {isa = PBXBuildFile; fileRef = 4A88426D239E5768001B44C3 /* FTRecordModel.h */; };
		4A884291239E5768001B44C3 /* FTBaseInfoHander.m in Sources */ = {isa = PBXBuildFile; fileRef = 4A88426F239E5768001B44C3 /* FTBaseInfoHander.m */; };
		4A884294239E5768001B44C3 /* FTMobileAgent.h in Headers */ = {isa = PBXBuildFile; fileRef = 4A884272239E5768001B44C3 /* FTMobileAgent.h */; settings = {ATTRIBUTES = (Public, ); }; };
		4A884297239E5768001B44C3 /* FTRecordModel.m in Sources */ = {isa = PBXBuildFile; fileRef = 4A884275239E5768001B44C3 /* FTRecordModel.m */; };
		4A884298239E5768001B44C3 /* FTMobileConfig.m in Sources */ = {isa = PBXBuildFile; fileRef = 4A884276239E5768001B44C3 /* FTMobileConfig.m */; };
		4A884299239E5768001B44C3 /* FTUploadTool.h in Headers */ = {isa = PBXBuildFile; fileRef = 4A884277239E5768001B44C3 /* FTUploadTool.h */; };
		4A88429B239E5768001B44C3 /* FTTrackerEventDBTool.h in Headers */ = {isa = PBXBuildFile; fileRef = 4A88427A239E5768001B44C3 /* FTTrackerEventDBTool.h */; };
		4A88429C239E5768001B44C3 /* FTTrackerEventDBTool.m in Sources */ = {isa = PBXBuildFile; fileRef = 4A88427B239E5768001B44C3 /* FTTrackerEventDBTool.m */; };
		4A88429D239E5768001B44C3 /* ZY_FMResultSet.m in Sources */ = {isa = PBXBuildFile; fileRef = 4A88427D239E5768001B44C3 /* ZY_FMResultSet.m */; };
		4A88429E239E5768001B44C3 /* ZY_FMDatabaseQueue.m in Sources */ = {isa = PBXBuildFile; fileRef = 4A88427E239E5768001B44C3 /* ZY_FMDatabaseQueue.m */; };
		4A88429F239E5768001B44C3 /* ZY_FMDatabase.m in Sources */ = {isa = PBXBuildFile; fileRef = 4A88427F239E5768001B44C3 /* ZY_FMDatabase.m */; };
		4A8842A0239E5768001B44C3 /* ZY_FMDatabasePool.h in Headers */ = {isa = PBXBuildFile; fileRef = 4A884280239E5768001B44C3 /* ZY_FMDatabasePool.h */; };
		4A8842A1239E5768001B44C3 /* ZY_FMDatabaseAdditions.h in Headers */ = {isa = PBXBuildFile; fileRef = 4A884281239E5768001B44C3 /* ZY_FMDatabaseAdditions.h */; };
		4A8842A2239E5768001B44C3 /* ZY_FMDatabaseQueue.h in Headers */ = {isa = PBXBuildFile; fileRef = 4A884282239E5768001B44C3 /* ZY_FMDatabaseQueue.h */; };
		4A8842A3239E5768001B44C3 /* ZY_FMResultSet.h in Headers */ = {isa = PBXBuildFile; fileRef = 4A884283239E5768001B44C3 /* ZY_FMResultSet.h */; };
		4A8842A4239E5768001B44C3 /* ZY_FMDatabasePool.m in Sources */ = {isa = PBXBuildFile; fileRef = 4A884284239E5768001B44C3 /* ZY_FMDatabasePool.m */; };
		4A8842A5239E5768001B44C3 /* ZY_FMDatabase.h in Headers */ = {isa = PBXBuildFile; fileRef = 4A884285239E5768001B44C3 /* ZY_FMDatabase.h */; };
		4A8842A6239E5768001B44C3 /* ZY_FMDB.h in Headers */ = {isa = PBXBuildFile; fileRef = 4A884286239E5768001B44C3 /* ZY_FMDB.h */; };
		4A8842A7239E5768001B44C3 /* ZY_FMDatabaseAdditions.m in Sources */ = {isa = PBXBuildFile; fileRef = 4A884287239E5768001B44C3 /* ZY_FMDatabaseAdditions.m */; };
		4AB783C923C5B802001FC994 /* FTLocationManager.h in Headers */ = {isa = PBXBuildFile; fileRef = 4AB783C723C5B802001FC994 /* FTLocationManager.h */; };
		4AB783CA23C5B802001FC994 /* FTLocationManager.m in Sources */ = {isa = PBXBuildFile; fileRef = 4AB783C823C5B802001FC994 /* FTLocationManager.m */; };
		4AB7841123C73277001FC994 /* FTNetMonitorFlow.m in Sources */ = {isa = PBXBuildFile; fileRef = 4AB7840F23C73277001FC994 /* FTNetMonitorFlow.m */; };
		4AB7841223C73277001FC994 /* FTNetMonitorFlow.h in Headers */ = {isa = PBXBuildFile; fileRef = 4AB7841023C73277001FC994 /* FTNetMonitorFlow.h */; };
		4AE81C5B242DC60F004D8496 /* FTMobileAgentVersion.h in Headers */ = {isa = PBXBuildFile; fileRef = 4AACF9072429B7AC0079BD2F /* FTMobileAgentVersion.h */; };
		4AE81C5D242DC66E004D8496 /* FTAutoTrackVersion.h in Headers */ = {isa = PBXBuildFile; fileRef = 4AACF9082429B9120079BD2F /* FTAutoTrackVersion.h */; };
		4AECBCED244EE8450023DEF7 /* FTURLProtocol.h in Headers */ = {isa = PBXBuildFile; fileRef = 4AECBCEB244EE8450023DEF7 /* FTURLProtocol.h */; };
		4AECBCEE244EE8450023DEF7 /* FTURLProtocol.m in Sources */ = {isa = PBXBuildFile; fileRef = 4AECBCEC244EE8450023DEF7 /* FTURLProtocol.m */; };
		4AECBCF1244EEB100023DEF7 /* FTSessionConfiguration.h in Headers */ = {isa = PBXBuildFile; fileRef = 4AECBCEF244EEB100023DEF7 /* FTSessionConfiguration.h */; };
		4AECBCF2244EEB100023DEF7 /* FTSessionConfiguration.m in Sources */ = {isa = PBXBuildFile; fileRef = 4AECBCF0244EEB100023DEF7 /* FTSessionConfiguration.m */; };
		4AED6B262473AFEC00E04AE2 /* FTLog.h in Headers */ = {isa = PBXBuildFile; fileRef = 4AED6B242473AFEC00E04AE2 /* FTLog.h */; };
		4AED6B272473AFEC00E04AE2 /* FTLog.m in Sources */ = {isa = PBXBuildFile; fileRef = 4AED6B252473AFEC00E04AE2 /* FTLog.m */; };
/* End PBXBuildFile section */

/* Begin PBXFileReference section */
		4A01160A24C966C200AECC1C /* NSDate+FTAdd.h */ = {isa = PBXFileReference; lastKnownFileType = sourcecode.c.h; path = "NSDate+FTAdd.h"; sourceTree = "<group>"; };
		4A01160B24C966C200AECC1C /* NSDate+FTAdd.m */ = {isa = PBXFileReference; lastKnownFileType = sourcecode.c.objc; path = "NSDate+FTAdd.m"; sourceTree = "<group>"; };
		4A1DF2DB2445939100BEC337 /* FTMonitorManager.h */ = {isa = PBXFileReference; lastKnownFileType = sourcecode.c.h; path = FTMonitorManager.h; sourceTree = "<group>"; };
		4A1DF2DC2445939100BEC337 /* FTMonitorManager.m */ = {isa = PBXFileReference; lastKnownFileType = sourcecode.c.objc; path = FTMonitorManager.m; sourceTree = "<group>"; };
		4A1FFA2524AB072D00049D9E /* NSString+FTAdd.h */ = {isa = PBXFileReference; lastKnownFileType = sourcecode.c.h; path = "NSString+FTAdd.h"; sourceTree = "<group>"; };
		4A1FFA2624AB072D00049D9E /* NSString+FTAdd.m */ = {isa = PBXFileReference; lastKnownFileType = sourcecode.c.objc; path = "NSString+FTAdd.m"; sourceTree = "<group>"; };
		4A297BD8246BBF340028645B /* FTConstants.h */ = {isa = PBXFileReference; lastKnownFileType = sourcecode.c.h; path = FTConstants.h; sourceTree = "<group>"; };
		4A297BD9246BBF340028645B /* FTConstants.m */ = {isa = PBXFileReference; lastKnownFileType = sourcecode.c.objc; path = FTConstants.m; sourceTree = "<group>"; };
		4A297BE8246CE0FB0028645B /* FTMobileAgent+Private.h */ = {isa = PBXFileReference; fileEncoding = 4; lastKnownFileType = sourcecode.c.h; path = "FTMobileAgent+Private.h"; sourceTree = "<group>"; };
		4A299F8F2521F7F800400931 /* FTANRDetector.h */ = {isa = PBXFileReference; lastKnownFileType = sourcecode.c.h; path = FTANRDetector.h; sourceTree = "<group>"; };
		4A299F902521F7F800400931 /* FTANRDetector.m */ = {isa = PBXFileReference; lastKnownFileType = sourcecode.c.objc; path = FTANRDetector.m; sourceTree = "<group>"; };
		4A2D57ED2458141300478547 /* FTMonitorUtils.h */ = {isa = PBXFileReference; lastKnownFileType = sourcecode.c.h; path = FTMonitorUtils.h; sourceTree = "<group>"; };
		4A2D57EE2458141300478547 /* FTMonitorUtils.m */ = {isa = PBXFileReference; lastKnownFileType = sourcecode.c.objc; path = FTMonitorUtils.m; sourceTree = "<group>"; };
		4A2EFD8A253ECDC100F93B1E /* FTJsonWriter.h */ = {isa = PBXFileReference; lastKnownFileType = sourcecode.c.h; path = FTJsonWriter.h; sourceTree = "<group>"; };
		4A2EFD8B253ECDC100F93B1E /* FTJsonWriter.m */ = {isa = PBXFileReference; lastKnownFileType = sourcecode.c.objc; path = FTJsonWriter.m; sourceTree = "<group>"; };
		4A31E75223CDA69C0077531B /* FTNetworkInfo.h */ = {isa = PBXFileReference; fileEncoding = 4; lastKnownFileType = sourcecode.c.h; path = FTNetworkInfo.h; sourceTree = "<group>"; };
		4A31E75323CDA69C0077531B /* FTNetworkInfo.m */ = {isa = PBXFileReference; fileEncoding = 4; lastKnownFileType = sourcecode.c.objc; path = FTNetworkInfo.m; sourceTree = "<group>"; };
		4A37A93E2484CAE900E0381B /* FTUncaughtExceptionHandler.m */ = {isa = PBXFileReference; fileEncoding = 4; lastKnownFileType = sourcecode.c.objc; path = FTUncaughtExceptionHandler.m; sourceTree = "<group>"; };
		4A37A93F2484CAE900E0381B /* FTUncaughtExceptionHandler.h */ = {isa = PBXFileReference; fileEncoding = 4; lastKnownFileType = sourcecode.c.h; path = FTUncaughtExceptionHandler.h; sourceTree = "<group>"; };
		4A37A9492486006100E0381B /* NSURLRequest+FTMonitor.h */ = {isa = PBXFileReference; lastKnownFileType = sourcecode.c.h; path = "NSURLRequest+FTMonitor.h"; sourceTree = "<group>"; };
		4A37A94A2486006100E0381B /* NSURLRequest+FTMonitor.m */ = {isa = PBXFileReference; lastKnownFileType = sourcecode.c.objc; path = "NSURLRequest+FTMonitor.m"; sourceTree = "<group>"; };
		4A37A94D24862A8000E0381B /* NSURLResponse+FTMonitor.h */ = {isa = PBXFileReference; lastKnownFileType = sourcecode.c.h; path = "NSURLResponse+FTMonitor.h"; sourceTree = "<group>"; };
		4A37A94E24862A8000E0381B /* NSURLResponse+FTMonitor.m */ = {isa = PBXFileReference; lastKnownFileType = sourcecode.c.objc; path = "NSURLResponse+FTMonitor.m"; sourceTree = "<group>"; };
		4A39314B25300D2100BC2134 /* FTCallStack.m */ = {isa = PBXFileReference; fileEncoding = 4; lastKnownFileType = sourcecode.c.objc; path = FTCallStack.m; sourceTree = "<group>"; };
		4A39314C25300D2100BC2134 /* FTCallStack.h */ = {isa = PBXFileReference; fileEncoding = 4; lastKnownFileType = sourcecode.c.h; path = FTCallStack.h; sourceTree = "<group>"; };
		4A3C7D5523E7CA17006DC9C7 /* FTGPUUsage.h */ = {isa = PBXFileReference; fileEncoding = 4; lastKnownFileType = sourcecode.c.h; path = FTGPUUsage.h; sourceTree = "<group>"; };
		4A3C7D5623E7CA17006DC9C7 /* FTGPUUsage.m */ = {isa = PBXFileReference; fileEncoding = 4; lastKnownFileType = sourcecode.c.objc; path = FTGPUUsage.m; sourceTree = "<group>"; };
		4A3E7DC5245AAD530004A499 /* BlacklistedVCClassNames.h */ = {isa = PBXFileReference; lastKnownFileType = sourcecode.c.h; path = BlacklistedVCClassNames.h; sourceTree = "<group>"; };
		4A3E7DC6245AAD540004A499 /* BlacklistedVCClassNames.m */ = {isa = PBXFileReference; lastKnownFileType = sourcecode.c.objc; path = BlacklistedVCClassNames.m; sourceTree = "<group>"; };
		4A4B0C1F253EAED900D903AB /* FTJSONUtil.h */ = {isa = PBXFileReference; lastKnownFileType = sourcecode.c.h; path = FTJSONUtil.h; sourceTree = "<group>"; };
		4A4B0C20253EAED900D903AB /* FTJSONUtil.m */ = {isa = PBXFileReference; lastKnownFileType = sourcecode.c.objc; path = FTJSONUtil.m; sourceTree = "<group>"; };
		4A4D925C2511B8B1004B9FA0 /* FTWKWebViewHandler.h */ = {isa = PBXFileReference; lastKnownFileType = sourcecode.c.h; path = FTWKWebViewHandler.h; sourceTree = "<group>"; };
		4A4D925D2511B8B1004B9FA0 /* FTWKWebViewHandler.m */ = {isa = PBXFileReference; lastKnownFileType = sourcecode.c.objc; path = FTWKWebViewHandler.m; sourceTree = "<group>"; };
		4A4D92602511E86A004B9FA0 /* WKWebView+FTTrace.h */ = {isa = PBXFileReference; fileEncoding = 4; lastKnownFileType = sourcecode.c.h; path = "WKWebView+FTTrace.h"; sourceTree = "<group>"; };
		4A4D92612511E86B004B9FA0 /* WKWebView+FTTrace.m */ = {isa = PBXFileReference; fileEncoding = 4; lastKnownFileType = sourcecode.c.objc; path = "WKWebView+FTTrace.m"; sourceTree = "<group>"; };
		4A6F891D2419E97700E05C36 /* FTTrackBean.h */ = {isa = PBXFileReference; fileEncoding = 4; lastKnownFileType = sourcecode.c.h; path = FTTrackBean.h; sourceTree = "<group>"; };
		4A6F891E2419E97700E05C36 /* FTTrackBean.m */ = {isa = PBXFileReference; fileEncoding = 4; lastKnownFileType = sourcecode.c.objc; path = FTTrackBean.m; sourceTree = "<group>"; };
		4A7F62E124976622000893C1 /* FTfishhook.c */ = {isa = PBXFileReference; fileEncoding = 4; lastKnownFileType = sourcecode.c.c; path = FTfishhook.c; sourceTree = "<group>"; };
		4A7F62E224976622000893C1 /* FTfishhook.h */ = {isa = PBXFileReference; fileEncoding = 4; lastKnownFileType = sourcecode.c.h; path = FTfishhook.h; sourceTree = "<group>"; };
		4A7F62E924976804000893C1 /* FTLogHook.h */ = {isa = PBXFileReference; lastKnownFileType = sourcecode.c.h; path = FTLogHook.h; sourceTree = "<group>"; };
		4A7F62EA24976804000893C1 /* FTLogHook.m */ = {isa = PBXFileReference; lastKnownFileType = sourcecode.c.objc; path = FTLogHook.m; sourceTree = "<group>"; };
		4A852FCB23A2408600B40B5D /* FTAutoTrack.framework */ = {isa = PBXFileReference; explicitFileType = wrapper.framework; includeInIndex = 0; path = FTAutoTrack.framework; sourceTree = BUILT_PRODUCTS_DIR; };
		4A852FD323A240B300B40B5D /* ZYAspects.m */ = {isa = PBXFileReference; fileEncoding = 4; lastKnownFileType = sourcecode.c.objc; path = ZYAspects.m; sourceTree = "<group>"; };
		4A852FD423A240B300B40B5D /* UIView+FT_CurrentController.m */ = {isa = PBXFileReference; fileEncoding = 4; lastKnownFileType = sourcecode.c.objc; path = "UIView+FT_CurrentController.m"; sourceTree = "<group>"; };
		4A852FD523A240B300B40B5D /* UIViewController+FT_RootVC.m */ = {isa = PBXFileReference; fileEncoding = 4; lastKnownFileType = sourcecode.c.objc; path = "UIViewController+FT_RootVC.m"; sourceTree = "<group>"; };
		4A852FD623A240B300B40B5D /* UIView+FT_CurrentController.h */ = {isa = PBXFileReference; fileEncoding = 4; lastKnownFileType = sourcecode.c.h; path = "UIView+FT_CurrentController.h"; sourceTree = "<group>"; };
		4A852FD723A240B300B40B5D /* FTAutoTrack.m */ = {isa = PBXFileReference; fileEncoding = 4; lastKnownFileType = sourcecode.c.objc; path = FTAutoTrack.m; sourceTree = "<group>"; };
		4A852FD823A240B300B40B5D /* FTAutoTrack.h */ = {isa = PBXFileReference; fileEncoding = 4; lastKnownFileType = sourcecode.c.h; path = FTAutoTrack.h; sourceTree = "<group>"; };
		4A852FD923A240B400B40B5D /* UIViewController+FT_RootVC.h */ = {isa = PBXFileReference; fileEncoding = 4; lastKnownFileType = sourcecode.c.h; path = "UIViewController+FT_RootVC.h"; sourceTree = "<group>"; };
		4A852FDA23A240B400B40B5D /* ZYAspects.h */ = {isa = PBXFileReference; fileEncoding = 4; lastKnownFileType = sourcecode.c.h; path = ZYAspects.h; sourceTree = "<group>"; };
		4A88425A239E5754001B44C3 /* FTMobileAgent.framework */ = {isa = PBXFileReference; explicitFileType = wrapper.framework; includeInIndex = 0; path = FTMobileAgent.framework; sourceTree = BUILT_PRODUCTS_DIR; };
		4A884266239E5768001B44C3 /* FTBaseInfoHander.h */ = {isa = PBXFileReference; fileEncoding = 4; lastKnownFileType = sourcecode.c.h; path = FTBaseInfoHander.h; sourceTree = "<group>"; };
		4A88426A239E5768001B44C3 /* FTMobileAgent.m */ = {isa = PBXFileReference; fileEncoding = 4; lastKnownFileType = sourcecode.c.objc; path = FTMobileAgent.m; sourceTree = "<group>"; };
		4A88426B239E5768001B44C3 /* FTMobileConfig.h */ = {isa = PBXFileReference; fileEncoding = 4; lastKnownFileType = sourcecode.c.h; path = FTMobileConfig.h; sourceTree = "<group>"; };
		4A88426C239E5768001B44C3 /* FTUploadTool.m */ = {isa = PBXFileReference; fileEncoding = 4; lastKnownFileType = sourcecode.c.objc; path = FTUploadTool.m; sourceTree = "<group>"; };
		4A88426D239E5768001B44C3 /* FTRecordModel.h */ = {isa = PBXFileReference; fileEncoding = 4; lastKnownFileType = sourcecode.c.h; path = FTRecordModel.h; sourceTree = "<group>"; };
		4A88426F239E5768001B44C3 /* FTBaseInfoHander.m */ = {isa = PBXFileReference; fileEncoding = 4; lastKnownFileType = sourcecode.c.objc; path = FTBaseInfoHander.m; sourceTree = "<group>"; };
		4A884272239E5768001B44C3 /* FTMobileAgent.h */ = {isa = PBXFileReference; fileEncoding = 4; lastKnownFileType = sourcecode.c.h; path = FTMobileAgent.h; sourceTree = "<group>"; };
		4A884275239E5768001B44C3 /* FTRecordModel.m */ = {isa = PBXFileReference; fileEncoding = 4; lastKnownFileType = sourcecode.c.objc; path = FTRecordModel.m; sourceTree = "<group>"; };
		4A884276239E5768001B44C3 /* FTMobileConfig.m */ = {isa = PBXFileReference; fileEncoding = 4; lastKnownFileType = sourcecode.c.objc; path = FTMobileConfig.m; sourceTree = "<group>"; };
		4A884277239E5768001B44C3 /* FTUploadTool.h */ = {isa = PBXFileReference; fileEncoding = 4; lastKnownFileType = sourcecode.c.h; path = FTUploadTool.h; sourceTree = "<group>"; };
		4A88427A239E5768001B44C3 /* FTTrackerEventDBTool.h */ = {isa = PBXFileReference; fileEncoding = 4; lastKnownFileType = sourcecode.c.h; path = FTTrackerEventDBTool.h; sourceTree = "<group>"; };
		4A88427B239E5768001B44C3 /* FTTrackerEventDBTool.m */ = {isa = PBXFileReference; fileEncoding = 4; lastKnownFileType = sourcecode.c.objc; path = FTTrackerEventDBTool.m; sourceTree = "<group>"; };
		4A88427D239E5768001B44C3 /* ZY_FMResultSet.m */ = {isa = PBXFileReference; fileEncoding = 4; lastKnownFileType = sourcecode.c.objc; path = ZY_FMResultSet.m; sourceTree = "<group>"; };
		4A88427E239E5768001B44C3 /* ZY_FMDatabaseQueue.m */ = {isa = PBXFileReference; fileEncoding = 4; lastKnownFileType = sourcecode.c.objc; path = ZY_FMDatabaseQueue.m; sourceTree = "<group>"; };
		4A88427F239E5768001B44C3 /* ZY_FMDatabase.m */ = {isa = PBXFileReference; fileEncoding = 4; lastKnownFileType = sourcecode.c.objc; path = ZY_FMDatabase.m; sourceTree = "<group>"; };
		4A884280239E5768001B44C3 /* ZY_FMDatabasePool.h */ = {isa = PBXFileReference; fileEncoding = 4; lastKnownFileType = sourcecode.c.h; path = ZY_FMDatabasePool.h; sourceTree = "<group>"; };
		4A884281239E5768001B44C3 /* ZY_FMDatabaseAdditions.h */ = {isa = PBXFileReference; fileEncoding = 4; lastKnownFileType = sourcecode.c.h; path = ZY_FMDatabaseAdditions.h; sourceTree = "<group>"; };
		4A884282239E5768001B44C3 /* ZY_FMDatabaseQueue.h */ = {isa = PBXFileReference; fileEncoding = 4; lastKnownFileType = sourcecode.c.h; path = ZY_FMDatabaseQueue.h; sourceTree = "<group>"; };
		4A884283239E5768001B44C3 /* ZY_FMResultSet.h */ = {isa = PBXFileReference; fileEncoding = 4; lastKnownFileType = sourcecode.c.h; path = ZY_FMResultSet.h; sourceTree = "<group>"; };
		4A884284239E5768001B44C3 /* ZY_FMDatabasePool.m */ = {isa = PBXFileReference; fileEncoding = 4; lastKnownFileType = sourcecode.c.objc; path = ZY_FMDatabasePool.m; sourceTree = "<group>"; };
		4A884285239E5768001B44C3 /* ZY_FMDatabase.h */ = {isa = PBXFileReference; fileEncoding = 4; lastKnownFileType = sourcecode.c.h; path = ZY_FMDatabase.h; sourceTree = "<group>"; };
		4A884286239E5768001B44C3 /* ZY_FMDB.h */ = {isa = PBXFileReference; fileEncoding = 4; lastKnownFileType = sourcecode.c.h; path = ZY_FMDB.h; sourceTree = "<group>"; };
		4A884287239E5768001B44C3 /* ZY_FMDatabaseAdditions.m */ = {isa = PBXFileReference; fileEncoding = 4; lastKnownFileType = sourcecode.c.objc; path = ZY_FMDatabaseAdditions.m; sourceTree = "<group>"; };
		4AACF9072429B7AC0079BD2F /* FTMobileAgentVersion.h */ = {isa = PBXFileReference; lastKnownFileType = sourcecode.c.h; path = FTMobileAgentVersion.h; sourceTree = "<group>"; };
		4AACF9082429B9120079BD2F /* FTAutoTrackVersion.h */ = {isa = PBXFileReference; lastKnownFileType = sourcecode.c.h; path = FTAutoTrackVersion.h; sourceTree = "<group>"; };
		4AB783C723C5B802001FC994 /* FTLocationManager.h */ = {isa = PBXFileReference; lastKnownFileType = sourcecode.c.h; path = FTLocationManager.h; sourceTree = "<group>"; };
		4AB783C823C5B802001FC994 /* FTLocationManager.m */ = {isa = PBXFileReference; lastKnownFileType = sourcecode.c.objc; path = FTLocationManager.m; sourceTree = "<group>"; };
		4AB7840F23C73277001FC994 /* FTNetMonitorFlow.m */ = {isa = PBXFileReference; fileEncoding = 4; lastKnownFileType = sourcecode.c.objc; path = FTNetMonitorFlow.m; sourceTree = "<group>"; };
		4AB7841023C73277001FC994 /* FTNetMonitorFlow.h */ = {isa = PBXFileReference; fileEncoding = 4; lastKnownFileType = sourcecode.c.h; path = FTNetMonitorFlow.h; sourceTree = "<group>"; };
		4AECBCEB244EE8450023DEF7 /* FTURLProtocol.h */ = {isa = PBXFileReference; lastKnownFileType = sourcecode.c.h; path = FTURLProtocol.h; sourceTree = "<group>"; };
		4AECBCEC244EE8450023DEF7 /* FTURLProtocol.m */ = {isa = PBXFileReference; lastKnownFileType = sourcecode.c.objc; path = FTURLProtocol.m; sourceTree = "<group>"; };
		4AECBCEF244EEB100023DEF7 /* FTSessionConfiguration.h */ = {isa = PBXFileReference; lastKnownFileType = sourcecode.c.h; path = FTSessionConfiguration.h; sourceTree = "<group>"; };
		4AECBCF0244EEB100023DEF7 /* FTSessionConfiguration.m */ = {isa = PBXFileReference; lastKnownFileType = sourcecode.c.objc; path = FTSessionConfiguration.m; sourceTree = "<group>"; };
		4AED6B242473AFEC00E04AE2 /* FTLog.h */ = {isa = PBXFileReference; lastKnownFileType = sourcecode.c.h; path = FTLog.h; sourceTree = "<group>"; };
		4AED6B252473AFEC00E04AE2 /* FTLog.m */ = {isa = PBXFileReference; lastKnownFileType = sourcecode.c.objc; path = FTLog.m; sourceTree = "<group>"; };
		CAA8F0762462D49A00F29BF8 /* IOKit.framework */ = {isa = PBXFileReference; lastKnownFileType = wrapper.framework; name = IOKit.framework; path = Platforms/MacOSX.platform/Developer/SDKs/MacOSX10.15.sdk/System/Library/Frameworks/IOKit.framework; sourceTree = DEVELOPER_DIR; };
		CACC4E2623A72A67006BA378 /* BuildFramwork.sh */ = {isa = PBXFileReference; lastKnownFileType = text.script.sh; path = BuildFramwork.sh; sourceTree = "<group>"; };
/* End PBXFileReference section */

/* Begin PBXFrameworksBuildPhase section */
		4A852FC823A2408600B40B5D /* Frameworks */ = {
			isa = PBXFrameworksBuildPhase;
			buildActionMask = 2147483647;
			files = (
			);
			runOnlyForDeploymentPostprocessing = 0;
		};
		4A884257239E5754001B44C3 /* Frameworks */ = {
			isa = PBXFrameworksBuildPhase;
			buildActionMask = 2147483647;
			files = (
			);
			runOnlyForDeploymentPostprocessing = 0;
		};
/* End PBXFrameworksBuildPhase section */

/* Begin PBXGroup section */
		4A852FB423A23B0600B40B5D /* Frameworks */ = {
			isa = PBXGroup;
			children = (
				CAA8F0762462D49A00F29BF8 /* IOKit.framework */,
			);
			name = Frameworks;
			sourceTree = "<group>";
		};
		4A852FCC23A2408600B40B5D /* FTAutoTrack */ = {
			isa = PBXGroup;
			children = (
				4A852FD823A240B300B40B5D /* FTAutoTrack.h */,
				4A852FD723A240B300B40B5D /* FTAutoTrack.m */,
				4A852FD623A240B300B40B5D /* UIView+FT_CurrentController.h */,
				4A852FD423A240B300B40B5D /* UIView+FT_CurrentController.m */,
				4A852FD923A240B400B40B5D /* UIViewController+FT_RootVC.h */,
				4A852FD523A240B300B40B5D /* UIViewController+FT_RootVC.m */,
				4A3E7DC5245AAD530004A499 /* BlacklistedVCClassNames.h */,
				4A3E7DC6245AAD540004A499 /* BlacklistedVCClassNames.m */,
				4AACF9082429B9120079BD2F /* FTAutoTrackVersion.h */,
			);
			path = FTAutoTrack;
			sourceTree = "<group>";
		};
		4A884250239E5754001B44C3 = {
			isa = PBXGroup;
			children = (
				CACC4E2623A72A67006BA378 /* BuildFramwork.sh */,
				4A88425C239E5754001B44C3 /* FTMobileAgent */,
				4A852FCC23A2408600B40B5D /* FTAutoTrack */,
				4A88425B239E5754001B44C3 /* Products */,
				4A852FB423A23B0600B40B5D /* Frameworks */,
			);
			sourceTree = "<group>";
		};
		4A88425B239E5754001B44C3 /* Products */ = {
			isa = PBXGroup;
			children = (
				4A88425A239E5754001B44C3 /* FTMobileAgent.framework */,
				4A852FCB23A2408600B40B5D /* FTAutoTrack.framework */,
			);
			name = Products;
			sourceTree = "<group>";
		};
		4A88425C239E5754001B44C3 /* FTMobileAgent */ = {
			isa = PBXGroup;
			children = (
				4A884272239E5768001B44C3 /* FTMobileAgent.h */,
				4A88426A239E5768001B44C3 /* FTMobileAgent.m */,
				4A297BE8246CE0FB0028645B /* FTMobileAgent+Private.h */,
				4A88426B239E5768001B44C3 /* FTMobileConfig.h */,
				4A884276239E5768001B44C3 /* FTMobileConfig.m */,
				4A1DF2DB2445939100BEC337 /* FTMonitorManager.h */,
				4A1DF2DC2445939100BEC337 /* FTMonitorManager.m */,
				4A2D57ED2458141300478547 /* FTMonitorUtils.h */,
				4A2D57EE2458141300478547 /* FTMonitorUtils.m */,
				4A297BD8246BBF340028645B /* FTConstants.h */,
				4A297BD9246BBF340028645B /* FTConstants.m */,
				4A884277239E5768001B44C3 /* FTUploadTool.h */,
				4A88426C239E5768001B44C3 /* FTUploadTool.m */,
				4A88426D239E5768001B44C3 /* FTRecordModel.h */,
				4A884275239E5768001B44C3 /* FTRecordModel.m */,
				4A6F891D2419E97700E05C36 /* FTTrackBean.h */,
				4A6F891E2419E97700E05C36 /* FTTrackBean.m */,
				4A884266239E5768001B44C3 /* FTBaseInfoHander.h */,
				4A88426F239E5768001B44C3 /* FTBaseInfoHander.m */,
				4A1FFA2524AB072D00049D9E /* NSString+FTAdd.h */,
				4A1FFA2624AB072D00049D9E /* NSString+FTAdd.m */,
				4A01160A24C966C200AECC1C /* NSDate+FTAdd.h */,
				4A01160B24C966C200AECC1C /* NSDate+FTAdd.m */,
				4AB783C723C5B802001FC994 /* FTLocationManager.h */,
				4AB783C823C5B802001FC994 /* FTLocationManager.m */,
				4A37A93F2484CAE900E0381B /* FTUncaughtExceptionHandler.h */,
				4A37A93E2484CAE900E0381B /* FTUncaughtExceptionHandler.m */,
				4A3C7D5523E7CA17006DC9C7 /* FTGPUUsage.h */,
				4A3C7D5623E7CA17006DC9C7 /* FTGPUUsage.m */,
				4AED6B242473AFEC00E04AE2 /* FTLog.h */,
				4AED6B252473AFEC00E04AE2 /* FTLog.m */,
				4A7F62E924976804000893C1 /* FTLogHook.h */,
				4A7F62EA24976804000893C1 /* FTLogHook.m */,
				4A7F62E124976622000893C1 /* FTfishhook.c */,
				4A7F62E224976622000893C1 /* FTfishhook.h */,
				4A852FDA23A240B400B40B5D /* ZYAspects.h */,
				4A852FD323A240B300B40B5D /* ZYAspects.m */,
				4A299F8F2521F7F800400931 /* FTANRDetector.h */,
				4A299F902521F7F800400931 /* FTANRDetector.m */,
				4A39314C25300D2100BC2134 /* FTCallStack.h */,
				4A39314B25300D2100BC2134 /* FTCallStack.m */,
				4A4D925C2511B8B1004B9FA0 /* FTWKWebViewHandler.h */,
				4A4D925D2511B8B1004B9FA0 /* FTWKWebViewHandler.m */,
				4A4D92602511E86A004B9FA0 /* WKWebView+FTTrace.h */,
				4A4D92612511E86B004B9FA0 /* WKWebView+FTTrace.m */,
				4A4B0C1F253EAED900D903AB /* FTJSONUtil.h */,
				4A4B0C20253EAED900D903AB /* FTJSONUtil.m */,
				4A2EFD8A253ECDC100F93B1E /* FTJsonWriter.h */,
				4A2EFD8B253ECDC100F93B1E /* FTJsonWriter.m */,
				4AECBCEA244EE7F70023DEF7 /* Network */,
				4A884279239E5768001B44C3 /* FTDataBase */,
				4AACF9072429B7AC0079BD2F /* FTMobileAgentVersion.h */,
			);
			path = FTMobileAgent;
			sourceTree = "<group>";
		};
		4A884279239E5768001B44C3 /* FTDataBase */ = {
			isa = PBXGroup;
			children = (
				4A88427A239E5768001B44C3 /* FTTrackerEventDBTool.h */,
				4A88427B239E5768001B44C3 /* FTTrackerEventDBTool.m */,
				4A88427C239E5768001B44C3 /* fmdb */,
			);
			path = FTDataBase;
			sourceTree = "<group>";
		};
		4A88427C239E5768001B44C3 /* fmdb */ = {
			isa = PBXGroup;
			children = (
				4A88427D239E5768001B44C3 /* ZY_FMResultSet.m */,
				4A88427E239E5768001B44C3 /* ZY_FMDatabaseQueue.m */,
				4A88427F239E5768001B44C3 /* ZY_FMDatabase.m */,
				4A884280239E5768001B44C3 /* ZY_FMDatabasePool.h */,
				4A884281239E5768001B44C3 /* ZY_FMDatabaseAdditions.h */,
				4A884282239E5768001B44C3 /* ZY_FMDatabaseQueue.h */,
				4A884283239E5768001B44C3 /* ZY_FMResultSet.h */,
				4A884284239E5768001B44C3 /* ZY_FMDatabasePool.m */,
				4A884285239E5768001B44C3 /* ZY_FMDatabase.h */,
				4A884286239E5768001B44C3 /* ZY_FMDB.h */,
				4A884287239E5768001B44C3 /* ZY_FMDatabaseAdditions.m */,
			);
			path = fmdb;
			sourceTree = "<group>";
		};
		4AECBCEA244EE7F70023DEF7 /* Network */ = {
			isa = PBXGroup;
			children = (
				4AB7841023C73277001FC994 /* FTNetMonitorFlow.h */,
				4AB7840F23C73277001FC994 /* FTNetMonitorFlow.m */,
				4A31E75223CDA69C0077531B /* FTNetworkInfo.h */,
				4A31E75323CDA69C0077531B /* FTNetworkInfo.m */,
				4AECBCEB244EE8450023DEF7 /* FTURLProtocol.h */,
				4AECBCEC244EE8450023DEF7 /* FTURLProtocol.m */,
				4AECBCEF244EEB100023DEF7 /* FTSessionConfiguration.h */,
				4AECBCF0244EEB100023DEF7 /* FTSessionConfiguration.m */,
				4A37A9492486006100E0381B /* NSURLRequest+FTMonitor.h */,
				4A37A94A2486006100E0381B /* NSURLRequest+FTMonitor.m */,
				4A37A94D24862A8000E0381B /* NSURLResponse+FTMonitor.h */,
				4A37A94E24862A8000E0381B /* NSURLResponse+FTMonitor.m */,
			);
			path = Network;
			sourceTree = "<group>";
		};
/* End PBXGroup section */

/* Begin PBXHeadersBuildPhase section */
		4A852FC623A2408600B40B5D /* Headers */ = {
			isa = PBXHeadersBuildPhase;
			buildActionMask = 2147483647;
			files = (
				4AE81C5D242DC66E004D8496 /* FTAutoTrackVersion.h in Headers */,
				4A852FE023A240B400B40B5D /* FTAutoTrack.h in Headers */,
				4A3E7DC7245AAD540004A499 /* BlacklistedVCClassNames.h in Headers */,
				4A852FE123A240B400B40B5D /* UIViewController+FT_RootVC.h in Headers */,
				4A852FDE23A240B400B40B5D /* UIView+FT_CurrentController.h in Headers */,
			);
			runOnlyForDeploymentPostprocessing = 0;
		};
		4A884255239E5754001B44C3 /* Headers */ = {
			isa = PBXHeadersBuildPhase;
			buildActionMask = 2147483647;
			files = (
				4A884294239E5768001B44C3 /* FTMobileAgent.h in Headers */,
				4A88428D239E5768001B44C3 /* FTMobileConfig.h in Headers */,
				4A6F891F2419E97700E05C36 /* FTTrackBean.h in Headers */,
				4A8842A0239E5768001B44C3 /* ZY_FMDatabasePool.h in Headers */,
				4A2D57EF2458141300478547 /* FTMonitorUtils.h in Headers */,
				4A4D92622511E86B004B9FA0 /* WKWebView+FTTrace.h in Headers */,
				4A88428F239E5768001B44C3 /* FTRecordModel.h in Headers */,
				4AECBCED244EE8450023DEF7 /* FTURLProtocol.h in Headers */,
				4A1DF2DD2445939100BEC337 /* FTMonitorManager.h in Headers */,
				4AB783C923C5B802001FC994 /* FTLocationManager.h in Headers */,
				4A31E75423CDA69C0077531B /* FTNetworkInfo.h in Headers */,
				4A297BDA246BBF340028645B /* FTConstants.h in Headers */,
				4A39314E25300D2100BC2134 /* FTCallStack.h in Headers */,
				4A7F62E424976622000893C1 /* FTfishhook.h in Headers */,
				4A37A94F24862A8000E0381B /* NSURLResponse+FTMonitor.h in Headers */,
				4AED6B262473AFEC00E04AE2 /* FTLog.h in Headers */,
				4A4D925E2511B8B1004B9FA0 /* FTWKWebViewHandler.h in Headers */,
				4A37A9412484CAEA00E0381B /* FTUncaughtExceptionHandler.h in Headers */,
				4A884288239E5768001B44C3 /* FTBaseInfoHander.h in Headers */,
				4AE81C5B242DC60F004D8496 /* FTMobileAgentVersion.h in Headers */,
				4A01160C24C966C200AECC1C /* NSDate+FTAdd.h in Headers */,
				4A297BEA246CF6A00028645B /* FTMobileAgent+Private.h in Headers */,
				4A8842A3239E5768001B44C3 /* ZY_FMResultSet.h in Headers */,
				4AB7841223C73277001FC994 /* FTNetMonitorFlow.h in Headers */,
				4AECBCF1244EEB100023DEF7 /* FTSessionConfiguration.h in Headers */,
				4A88429B239E5768001B44C3 /* FTTrackerEventDBTool.h in Headers */,
				4A37A94B2486006100E0381B /* NSURLRequest+FTMonitor.h in Headers */,
				4A4B0C21253EAED900D903AB /* FTJSONUtil.h in Headers */,
				4A8842A2239E5768001B44C3 /* ZY_FMDatabaseQueue.h in Headers */,
				4A299F912521F7F800400931 /* FTANRDetector.h in Headers */,
				4A8842A1239E5768001B44C3 /* ZY_FMDatabaseAdditions.h in Headers */,
				4A884299239E5768001B44C3 /* FTUploadTool.h in Headers */,
				4A8842A6239E5768001B44C3 /* ZY_FMDB.h in Headers */,
				4A8842A5239E5768001B44C3 /* ZY_FMDatabase.h in Headers */,
				4A1FFA2724AB072D00049D9E /* NSString+FTAdd.h in Headers */,
				4A2EFD8C253ECDC100F93B1E /* FTJsonWriter.h in Headers */,
				4A7F62EB24976804000893C1 /* FTLogHook.h in Headers */,
				4A3C7D5723E7CA17006DC9C7 /* FTGPUUsage.h in Headers */,
			);
			runOnlyForDeploymentPostprocessing = 0;
		};
/* End PBXHeadersBuildPhase section */

/* Begin PBXNativeTarget section */
		4A852FCA23A2408600B40B5D /* FTAutoTrack */ = {
			isa = PBXNativeTarget;
			buildConfigurationList = 4A852FD023A2408600B40B5D /* Build configuration list for PBXNativeTarget "FTAutoTrack" */;
			buildPhases = (
				4A852FC623A2408600B40B5D /* Headers */,
				4A852FC723A2408600B40B5D /* Sources */,
				4A852FC823A2408600B40B5D /* Frameworks */,
				4A852FC923A2408600B40B5D /* Resources */,
			);
			buildRules = (
			);
			dependencies = (
			);
			name = FTAutoTrack;
			productName = FTAutoTrack;
			productReference = 4A852FCB23A2408600B40B5D /* FTAutoTrack.framework */;
			productType = "com.apple.product-type.framework";
		};
		4A884259239E5754001B44C3 /* FTMobileAgent */ = {
			isa = PBXNativeTarget;
			buildConfigurationList = 4A884262239E5754001B44C3 /* Build configuration list for PBXNativeTarget "FTMobileAgent" */;
			buildPhases = (
				4A884255239E5754001B44C3 /* Headers */,
				4A884256239E5754001B44C3 /* Sources */,
				4A884257239E5754001B44C3 /* Frameworks */,
				4A884258239E5754001B44C3 /* Resources */,
			);
			buildRules = (
			);
			dependencies = (
			);
			name = FTMobileAgent;
			productName = "ft-sdk-ios";
			productReference = 4A88425A239E5754001B44C3 /* FTMobileAgent.framework */;
			productType = "com.apple.product-type.framework";
		};
/* End PBXNativeTarget section */

/* Begin PBXProject section */
		4A884251239E5754001B44C3 /* Project object */ = {
			isa = PBXProject;
			attributes = {
				LastUpgradeCheck = 1110;
				ORGANIZATIONNAME = hll;
				TargetAttributes = {
					4A852FCA23A2408600B40B5D = {
						CreatedOnToolsVersion = 11.1;
					};
					4A884259239E5754001B44C3 = {
						CreatedOnToolsVersion = 11.1;
					};
				};
			};
			buildConfigurationList = 4A884254239E5754001B44C3 /* Build configuration list for PBXProject "FTMobileSDK" */;
			compatibilityVersion = "Xcode 9.3";
			developmentRegion = en;
			hasScannedForEncodings = 0;
			knownRegions = (
				en,
				Base,
			);
			mainGroup = 4A884250239E5754001B44C3;
			productRefGroup = 4A88425B239E5754001B44C3 /* Products */;
			projectDirPath = "";
			projectRoot = "";
			targets = (
				4A884259239E5754001B44C3 /* FTMobileAgent */,
				4A852FCA23A2408600B40B5D /* FTAutoTrack */,
			);
		};
/* End PBXProject section */

/* Begin PBXResourcesBuildPhase section */
		4A852FC923A2408600B40B5D /* Resources */ = {
			isa = PBXResourcesBuildPhase;
			buildActionMask = 2147483647;
			files = (
			);
			runOnlyForDeploymentPostprocessing = 0;
		};
		4A884258239E5754001B44C3 /* Resources */ = {
			isa = PBXResourcesBuildPhase;
			buildActionMask = 2147483647;
			files = (
			);
			runOnlyForDeploymentPostprocessing = 0;
		};
/* End PBXResourcesBuildPhase section */

/* Begin PBXSourcesBuildPhase section */
		4A852FC723A2408600B40B5D /* Sources */ = {
			isa = PBXSourcesBuildPhase;
			buildActionMask = 2147483647;
			files = (
				4A852FDF23A240B400B40B5D /* FTAutoTrack.m in Sources */,
				4A852FDD23A240B400B40B5D /* UIViewController+FT_RootVC.m in Sources */,
				4A852FDC23A240B400B40B5D /* UIView+FT_CurrentController.m in Sources */,
				4A3E7DC8245AAD540004A499 /* BlacklistedVCClassNames.m in Sources */,
			);
			runOnlyForDeploymentPostprocessing = 0;
		};
		4A884256239E5754001B44C3 /* Sources */ = {
			isa = PBXSourcesBuildPhase;
			buildActionMask = 2147483647;
			files = (
				4A31E75523CDA69C0077531B /* FTNetworkInfo.m in Sources */,
				4A884297239E5768001B44C3 /* FTRecordModel.m in Sources */,
				4A299F922521F7F800400931 /* FTANRDetector.m in Sources */,
				4A4D925F2511B8B1004B9FA0 /* FTWKWebViewHandler.m in Sources */,
				4A8842A4239E5768001B44C3 /* ZY_FMDatabasePool.m in Sources */,
				4A39314D25300D2100BC2134 /* FTCallStack.m in Sources */,
				4A8842A7239E5768001B44C3 /* ZY_FMDatabaseAdditions.m in Sources */,
				4A01160D24C966C200AECC1C /* NSDate+FTAdd.m in Sources */,
				4A37A94C2486006100E0381B /* NSURLRequest+FTMonitor.m in Sources */,
				4A1DF2DE2445939100BEC337 /* FTMonitorManager.m in Sources */,
				4A37A9402484CAEA00E0381B /* FTUncaughtExceptionHandler.m in Sources */,
				4AECBCEE244EE8450023DEF7 /* FTURLProtocol.m in Sources */,
				4AB783CA23C5B802001FC994 /* FTLocationManager.m in Sources */,
				4A3C7D5823E7CA17006DC9C7 /* FTGPUUsage.m in Sources */,
				4A88429E239E5768001B44C3 /* ZY_FMDatabaseQueue.m in Sources */,
				4A884291239E5768001B44C3 /* FTBaseInfoHander.m in Sources */,
				4A884298239E5768001B44C3 /* FTMobileConfig.m in Sources */,
				4A7F62E324976622000893C1 /* FTfishhook.c in Sources */,
				4A2EFD8D253ECDC100F93B1E /* FTJsonWriter.m in Sources */,
				4A88428C239E5768001B44C3 /* FTMobileAgent.m in Sources */,
				4A88429F239E5768001B44C3 /* ZY_FMDatabase.m in Sources */,
				4A297BDB246BBF340028645B /* FTConstants.m in Sources */,
				4A2C827024F3D2E2006D4FC6 /* NSURLResponse+FTMonitor.m in Sources */,
				4A88429D239E5768001B44C3 /* ZY_FMResultSet.m in Sources */,
				4A4D92632511E86B004B9FA0 /* WKWebView+FTTrace.m in Sources */,
				4A88429C239E5768001B44C3 /* FTTrackerEventDBTool.m in Sources */,
				4A4F0DCA247E723D000A2A76 /* ZYAspects.m in Sources */,
				4A2D57F02458141300478547 /* FTMonitorUtils.m in Sources */,
				4A4B0C22253EAED900D903AB /* FTJSONUtil.m in Sources */,
				4AECBCF2244EEB100023DEF7 /* FTSessionConfiguration.m in Sources */,
				4A1FFA2824AB072D00049D9E /* NSString+FTAdd.m in Sources */,
				4A6F89202419E97700E05C36 /* FTTrackBean.m in Sources */,
				4A7F62EC24976804000893C1 /* FTLogHook.m in Sources */,
				4A88428E239E5768001B44C3 /* FTUploadTool.m in Sources */,
				4AB7841123C73277001FC994 /* FTNetMonitorFlow.m in Sources */,
				4AED6B272473AFEC00E04AE2 /* FTLog.m in Sources */,
			);
			runOnlyForDeploymentPostprocessing = 0;
		};
/* End PBXSourcesBuildPhase section */

/* Begin XCBuildConfiguration section */
		4A852FD123A2408600B40B5D /* Debug */ = {
			isa = XCBuildConfiguration;
			buildSettings = {
				CODE_SIGN_STYLE = Automatic;
				DEFINES_MODULE = YES;
				DYLIB_COMPATIBILITY_VERSION = 8.0;
				DYLIB_CURRENT_VERSION = 1.0.0;
				DYLIB_INSTALL_NAME_BASE = "@rpath";
				INFOPLIST_FILE = "";
				INSTALL_PATH = "$(LOCAL_LIBRARY_DIR)/Frameworks";
				IPHONEOS_DEPLOYMENT_TARGET = 10.0;
				LD_RUNPATH_SEARCH_PATHS = (
					"$(inherited)",
					"@executable_path/Frameworks",
					"@loader_path/Frameworks",
				);
				MACH_O_TYPE = staticlib;
				MARKETING_VERSION = 1.0.0;
				ONLY_ACTIVE_ARCH = NO;
				PRODUCT_BUNDLE_IDENTIFIER = com.cloudcare.ft.mobile.sdk.FTAutoTrack;
				PRODUCT_NAME = "$(TARGET_NAME:c99extidentifier)";
				SKIP_INSTALL = YES;
				SUPPORTS_MACCATALYST = YES;
				TARGETED_DEVICE_FAMILY = "1,2";
			};
			name = Debug;
		};
		4A852FD223A2408600B40B5D /* Release */ = {
			isa = XCBuildConfiguration;
			buildSettings = {
				CODE_SIGN_STYLE = Automatic;
				DEFINES_MODULE = YES;
				DYLIB_COMPATIBILITY_VERSION = 8.0;
				DYLIB_CURRENT_VERSION = 1.0.0;
				DYLIB_INSTALL_NAME_BASE = "@rpath";
				INFOPLIST_FILE = "";
				INSTALL_PATH = "$(LOCAL_LIBRARY_DIR)/Frameworks";
				IPHONEOS_DEPLOYMENT_TARGET = 10.0;
				LD_RUNPATH_SEARCH_PATHS = (
					"$(inherited)",
					"@executable_path/Frameworks",
					"@loader_path/Frameworks",
				);
				MACH_O_TYPE = staticlib;
				MARKETING_VERSION = 1.0.0;
				ONLY_ACTIVE_ARCH = NO;
				PRODUCT_BUNDLE_IDENTIFIER = com.cloudcare.ft.mobile.sdk.FTAutoTrack;
				PRODUCT_NAME = "$(TARGET_NAME:c99extidentifier)";
				SKIP_INSTALL = YES;
				SUPPORTS_MACCATALYST = YES;
				TARGETED_DEVICE_FAMILY = "1,2";
			};
			name = Release;
		};
		4A884260239E5754001B44C3 /* Debug */ = {
			isa = XCBuildConfiguration;
			buildSettings = {
				ALWAYS_SEARCH_USER_PATHS = NO;
				CLANG_ANALYZER_NONNULL = YES;
				CLANG_ANALYZER_NUMBER_OBJECT_CONVERSION = YES_AGGRESSIVE;
				CLANG_CXX_LANGUAGE_STANDARD = "gnu++14";
				CLANG_CXX_LIBRARY = "libc++";
				CLANG_ENABLE_MODULES = YES;
				CLANG_ENABLE_OBJC_ARC = YES;
				CLANG_ENABLE_OBJC_WEAK = YES;
				CLANG_WARN_BLOCK_CAPTURE_AUTORELEASING = YES;
				CLANG_WARN_BOOL_CONVERSION = YES;
				CLANG_WARN_COMMA = YES;
				CLANG_WARN_CONSTANT_CONVERSION = YES;
				CLANG_WARN_DEPRECATED_OBJC_IMPLEMENTATIONS = YES;
				CLANG_WARN_DIRECT_OBJC_ISA_USAGE = YES_ERROR;
				CLANG_WARN_DOCUMENTATION_COMMENTS = YES;
				CLANG_WARN_EMPTY_BODY = YES;
				CLANG_WARN_ENUM_CONVERSION = YES;
				CLANG_WARN_INFINITE_RECURSION = YES;
				CLANG_WARN_INT_CONVERSION = YES;
				CLANG_WARN_NON_LITERAL_NULL_CONVERSION = YES;
				CLANG_WARN_OBJC_IMPLICIT_RETAIN_SELF = YES;
				CLANG_WARN_OBJC_LITERAL_CONVERSION = YES;
				CLANG_WARN_OBJC_ROOT_CLASS = YES_ERROR;
				CLANG_WARN_RANGE_LOOP_ANALYSIS = YES;
				CLANG_WARN_STRICT_PROTOTYPES = YES;
				CLANG_WARN_SUSPICIOUS_MOVE = YES;
				CLANG_WARN_UNGUARDED_AVAILABILITY = YES_AGGRESSIVE;
				CLANG_WARN_UNREACHABLE_CODE = YES;
				CLANG_WARN__DUPLICATE_METHOD_MATCH = YES;
				COPY_PHASE_STRIP = NO;
				CURRENT_PROJECT_VERSION = 1;
				DEBUG_INFORMATION_FORMAT = dwarf;
				ENABLE_STRICT_OBJC_MSGSEND = YES;
				ENABLE_TESTABILITY = YES;
				GCC_C_LANGUAGE_STANDARD = gnu11;
				GCC_DYNAMIC_NO_PIC = NO;
				GCC_NO_COMMON_BLOCKS = YES;
				GCC_OPTIMIZATION_LEVEL = 0;
				GCC_PREPROCESSOR_DEFINITIONS = (
					"DEBUG=1",
					"$(inherited)",
				);
				GCC_WARN_64_TO_32_BIT_CONVERSION = YES;
				GCC_WARN_ABOUT_RETURN_TYPE = YES_ERROR;
				GCC_WARN_UNDECLARED_SELECTOR = YES;
				GCC_WARN_UNINITIALIZED_AUTOS = YES_AGGRESSIVE;
				GCC_WARN_UNUSED_FUNCTION = YES;
				GCC_WARN_UNUSED_VARIABLE = YES;
				IPHONEOS_DEPLOYMENT_TARGET = 8.0;
				MTL_ENABLE_DEBUG_INFO = INCLUDE_SOURCE;
				MTL_FAST_MATH = YES;
				ONLY_ACTIVE_ARCH = YES;
				SDKROOT = iphoneos;
				VERSIONING_SYSTEM = "apple-generic";
				VERSION_INFO_PREFIX = "";
			};
			name = Debug;
		};
		4A884261239E5754001B44C3 /* Release */ = {
			isa = XCBuildConfiguration;
			buildSettings = {
				ALWAYS_SEARCH_USER_PATHS = NO;
				CLANG_ANALYZER_NONNULL = YES;
				CLANG_ANALYZER_NUMBER_OBJECT_CONVERSION = YES_AGGRESSIVE;
				CLANG_CXX_LANGUAGE_STANDARD = "gnu++14";
				CLANG_CXX_LIBRARY = "libc++";
				CLANG_ENABLE_MODULES = YES;
				CLANG_ENABLE_OBJC_ARC = YES;
				CLANG_ENABLE_OBJC_WEAK = YES;
				CLANG_WARN_BLOCK_CAPTURE_AUTORELEASING = YES;
				CLANG_WARN_BOOL_CONVERSION = YES;
				CLANG_WARN_COMMA = YES;
				CLANG_WARN_CONSTANT_CONVERSION = YES;
				CLANG_WARN_DEPRECATED_OBJC_IMPLEMENTATIONS = YES;
				CLANG_WARN_DIRECT_OBJC_ISA_USAGE = YES_ERROR;
				CLANG_WARN_DOCUMENTATION_COMMENTS = YES;
				CLANG_WARN_EMPTY_BODY = YES;
				CLANG_WARN_ENUM_CONVERSION = YES;
				CLANG_WARN_INFINITE_RECURSION = YES;
				CLANG_WARN_INT_CONVERSION = YES;
				CLANG_WARN_NON_LITERAL_NULL_CONVERSION = YES;
				CLANG_WARN_OBJC_IMPLICIT_RETAIN_SELF = YES;
				CLANG_WARN_OBJC_LITERAL_CONVERSION = YES;
				CLANG_WARN_OBJC_ROOT_CLASS = YES_ERROR;
				CLANG_WARN_RANGE_LOOP_ANALYSIS = YES;
				CLANG_WARN_STRICT_PROTOTYPES = YES;
				CLANG_WARN_SUSPICIOUS_MOVE = YES;
				CLANG_WARN_UNGUARDED_AVAILABILITY = YES_AGGRESSIVE;
				CLANG_WARN_UNREACHABLE_CODE = YES;
				CLANG_WARN__DUPLICATE_METHOD_MATCH = YES;
				COPY_PHASE_STRIP = NO;
				CURRENT_PROJECT_VERSION = 1;
				DEBUG_INFORMATION_FORMAT = "dwarf-with-dsym";
				ENABLE_NS_ASSERTIONS = NO;
				ENABLE_STRICT_OBJC_MSGSEND = YES;
				GCC_C_LANGUAGE_STANDARD = gnu11;
				GCC_NO_COMMON_BLOCKS = YES;
				GCC_WARN_64_TO_32_BIT_CONVERSION = YES;
				GCC_WARN_ABOUT_RETURN_TYPE = YES_ERROR;
				GCC_WARN_UNDECLARED_SELECTOR = YES;
				GCC_WARN_UNINITIALIZED_AUTOS = YES_AGGRESSIVE;
				GCC_WARN_UNUSED_FUNCTION = YES;
				GCC_WARN_UNUSED_VARIABLE = YES;
				IPHONEOS_DEPLOYMENT_TARGET = 8.0;
				MTL_ENABLE_DEBUG_INFO = NO;
				MTL_FAST_MATH = YES;
				SDKROOT = iphoneos;
				VALIDATE_PRODUCT = YES;
				VERSIONING_SYSTEM = "apple-generic";
				VERSION_INFO_PREFIX = "";
			};
			name = Release;
		};
		4A884263239E5754001B44C3 /* Debug */ = {
			isa = XCBuildConfiguration;
			buildSettings = {
				CODE_SIGN_STYLE = Automatic;
				DEFINES_MODULE = YES;
				DYLIB_COMPATIBILITY_VERSION = 8.0;
				DYLIB_CURRENT_VERSION = 1.0.0;
				DYLIB_INSTALL_NAME_BASE = "@rpath";
				FRAMEWORK_SEARCH_PATHS = "\"$(SRCROOT)/../FTAutoTrack\"";
				HEADER_SEARCH_PATHS = "\"$(SRCROOT)/../FTAutoTrack\"";
				INFOPLIST_FILE = "";
				INSTALL_PATH = "$(LOCAL_LIBRARY_DIR)/Frameworks";
				IPHONEOS_DEPLOYMENT_TARGET = 10.0;
				LD_RUNPATH_SEARCH_PATHS = (
					"$(inherited)",
					"@executable_path/Frameworks",
					"@loader_path/Frameworks",
				);
				MACH_O_TYPE = staticlib;
				ONLY_ACTIVE_ARCH = NO;
				PRODUCT_BUNDLE_IDENTIFIER = com.cloudcare.ft.mobile.sdk.FTMobileAgent;
				PRODUCT_NAME = "$(TARGET_NAME:c99extidentifier)";
				SKIP_INSTALL = YES;
				SUPPORTS_MACCATALYST = YES;
				TARGETED_DEVICE_FAMILY = "1,2";
			};
			name = Debug;
		};
		4A884264239E5754001B44C3 /* Release */ = {
			isa = XCBuildConfiguration;
			buildSettings = {
				CODE_SIGN_STYLE = Automatic;
				DEFINES_MODULE = YES;
				DYLIB_COMPATIBILITY_VERSION = 8.0;
				DYLIB_CURRENT_VERSION = 1.0.0;
				DYLIB_INSTALL_NAME_BASE = "@rpath";
				FRAMEWORK_SEARCH_PATHS = "\"$(SRCROOT)/../FTAutoTrack\"";
				HEADER_SEARCH_PATHS = "\"$(SRCROOT)/../FTAutoTrack\"";
				INFOPLIST_FILE = "";
				INSTALL_PATH = "$(LOCAL_LIBRARY_DIR)/Frameworks";
				IPHONEOS_DEPLOYMENT_TARGET = 10.0;
				LD_RUNPATH_SEARCH_PATHS = (
					"$(inherited)",
					"@executable_path/Frameworks",
					"@loader_path/Frameworks",
				);
				MACH_O_TYPE = staticlib;
				ONLY_ACTIVE_ARCH = NO;
				PRODUCT_BUNDLE_IDENTIFIER = com.cloudcare.ft.mobile.sdk.FTMobileAgent;
				PRODUCT_NAME = "$(TARGET_NAME:c99extidentifier)";
				SKIP_INSTALL = YES;
				SUPPORTS_MACCATALYST = YES;
				TARGETED_DEVICE_FAMILY = "1,2";
			};
			name = Release;
		};
/* End XCBuildConfiguration section */

/* Begin XCConfigurationList section */
		4A852FD023A2408600B40B5D /* Build configuration list for PBXNativeTarget "FTAutoTrack" */ = {
			isa = XCConfigurationList;
			buildConfigurations = (
				4A852FD123A2408600B40B5D /* Debug */,
				4A852FD223A2408600B40B5D /* Release */,
			);
			defaultConfigurationIsVisible = 0;
			defaultConfigurationName = Release;
		};
		4A884254239E5754001B44C3 /* Build configuration list for PBXProject "FTMobileSDK" */ = {
			isa = XCConfigurationList;
			buildConfigurations = (
				4A884260239E5754001B44C3 /* Debug */,
				4A884261239E5754001B44C3 /* Release */,
			);
			defaultConfigurationIsVisible = 0;
			defaultConfigurationName = Release;
		};
		4A884262239E5754001B44C3 /* Build configuration list for PBXNativeTarget "FTMobileAgent" */ = {
			isa = XCConfigurationList;
			buildConfigurations = (
				4A884263239E5754001B44C3 /* Debug */,
				4A884264239E5754001B44C3 /* Release */,
			);
			defaultConfigurationIsVisible = 0;
			defaultConfigurationName = Release;
		};
/* End XCConfigurationList section */
	};
	rootObject = 4A884251239E5754001B44C3 /* Project object */;
}
